
Microsoft Visual Studio Solution File, Format Version 12.00
# Visual Studio 15
VisualStudioVersion = 15.0.28307.329
MinimumVisualStudioVersion = 10.0.40219.1
Project("{FAE04EC0-301F-11D3-BF4B-00C04F79EFBC}") = "NavigationPageBasic.Android", "NavigationPageBasic\NavigationPageBasic.Android\NavigationPageBasic.Android.csproj", "{BF8C1B5D-56A8-4577-9ABE-5F925820DF37}"
EndProject
Project("{FAE04EC0-301F-11D3-BF4B-00C04F79EFBC}") = "NavigationPageBasic.iOS", "NavigationPageBasic\NavigationPageBasic.iOS\NavigationPageBasic.iOS.csproj", "{EBE4BDD8-383C-42DF-BBAF-57C2A47DB56A}"
EndProject
Project("{FAE04EC0-301F-11D3-BF4B-00C04F79EFBC}") = "NavigationPageBasic", "NavigationPageBasic\NavigationPageBasic\NavigationPageBasic.csproj", "{09242043-10CF-448C-A6AF-C906E03D2B66}"
EndProject
Global
	GlobalSection(SolutionConfigurationPlatforms) = preSolution
		Ad-Hoc|Any CPU = Ad-Hoc|Any CPU
		Ad-Hoc|iPhone = Ad-Hoc|iPhone
		Ad-Hoc|iPhoneSimulator = Ad-Hoc|iPhoneSimulator
		AppStore|Any CPU = AppStore|Any CPU
		AppStore|iPhone = AppStore|iPhone
		AppStore|iPhoneSimulator = AppStore|iPhoneSimulator
		Debug|Any CPU = Debug|Any CPU
		Debug|iPhone = Debug|iPhone
		Debug|iPhoneSimulator = Debug|iPhoneSimulator
		Release|Any CPU = Release|Any CPU
		Release|iPhone = Release|iPhone
		Release|iPhoneSimulator = Release|iPhoneSimulator
	EndGlobalSection
	GlobalSection(ProjectConfigurationPlatforms) = postSolution
		{BF8C1B5D-56A8-4577-9ABE-5F925820DF37}.Ad-Hoc|Any CPU.ActiveCfg = Release|Any CPU
		{BF8C1B5D-56A8-4577-9ABE-5F925820DF37}.Ad-Hoc|Any CPU.Build.0 = Release|Any CPU
		{BF8C1B5D-56A8-4577-9ABE-5F925820DF37}.Ad-Hoc|Any CPU.Deploy.0 = Release|Any CPU
		{BF8C1B5D-56A8-4577-9ABE-5F925820DF37}.Ad-Hoc|iPhone.ActiveCfg = Release|Any CPU
		{BF8C1B5D-56A8-4577-9ABE-5F925820DF37}.Ad-Hoc|iPhone.Build.0 = Release|Any CPU
		{BF8C1B5D-56A8-4577-9ABE-5F925820DF37}.Ad-Hoc|iPhone.Deploy.0 = Release|Any CPU
		{BF8C1B5D-56A8-4577-9ABE-5F925820DF37}.Ad-Hoc|iPhoneSimulator.ActiveCfg = Release|Any CPU
		{BF8C1B5D-56A8-4577-9ABE-5F925820DF37}.Ad-Hoc|iPhoneSimulator.Build.0 = Release|Any CPU
		{BF8C1B5D-56A8-4577-9ABE-5F925820DF37}.Ad-Hoc|iPhoneSimulator.Deploy.0 = Release|Any CPU
		{BF8C1B5D-56A8-4577-9ABE-5F925820DF37}.AppStore|Any CPU.ActiveCfg = Release|Any CPU
		{BF8C1B5D-56A8-4577-9ABE-5F925820DF37}.AppStore|Any CPU.Build.0 = Release|Any CPU
		{BF8C1B5D-56A8-4577-9ABE-5F925820DF37}.AppStore|Any CPU.Deploy.0 = Release|Any CPU
		{BF8C1B5D-56A8-4577-9ABE-5F925820DF37}.AppStore|iPhone.ActiveCfg = Release|Any CPU
		{BF8C1B5D-56A8-4577-9ABE-5F925820DF37}.AppStore|iPhone.Build.0 = Release|Any CPU
		{BF8C1B5D-56A8-4577-9ABE-5F925820DF37}.AppStore|iPhone.Deploy.0 = Release|Any CPU
		{BF8C1B5D-56A8-4577-9ABE-5F925820DF37}.AppStore|iPhoneSimulator.ActiveCfg = Release|Any CPU
		{BF8C1B5D-56A8-4577-9ABE-5F925820DF37}.AppStore|iPhoneSimulator.Build.0 = Release|Any CPU
		{BF8C1B5D-56A8-4577-9ABE-5F925820DF37}.AppStore|iPhoneSimulator.Deploy.0 = Release|Any CPU
		{BF8C1B5D-56A8-4577-9ABE-5F925820DF37}.Debug|Any CPU.ActiveCfg = Debug|Any CPU
		{BF8C1B5D-56A8-4577-9ABE-5F925820DF37}.Debug|Any CPU.Build.0 = Debug|Any CPU
		{BF8C1B5D-56A8-4577-9ABE-5F925820DF37}.Debug|Any CPU.Deploy.0 = Debug|Any CPU
		{BF8C1B5D-56A8-4577-9ABE-5F925820DF37}.Debug|iPhone.ActiveCfg = Debug|Any CPU
		{BF8C1B5D-56A8-4577-9ABE-5F925820DF37}.Debug|iPhone.Build.0 = Debug|Any CPU
		{BF8C1B5D-56A8-4577-9ABE-5F925820DF37}.Debug|iPhone.Deploy.0 = Debug|Any CPU
		{BF8C1B5D-56A8-4577-9ABE-5F925820DF37}.Debug|iPhoneSimulator.ActiveCfg = Debug|Any CPU
		{BF8C1B5D-56A8-4577-9ABE-5F925820DF37}.Debug|iPhoneSimulator.Build.0 = Debug|Any CPU
		{BF8C1B5D-56A8-4577-9ABE-5F925820DF37}.Debug|iPhoneSimulator.Deploy.0 = Debug|Any CPU
		{BF8C1B5D-56A8-4577-9ABE-5F925820DF37}.Release|Any CPU.ActiveCfg = Release|Any CPU
		{BF8C1B5D-56A8-4577-9ABE-5F925820DF37}.Release|Any CPU.Build.0 = Release|Any CPU
		{BF8C1B5D-56A8-4577-9ABE-5F925820DF37}.Release|Any CPU.Deploy.0 = Release|Any CPU
		{BF8C1B5D-56A8-4577-9ABE-5F925820DF37}.Release|iPhone.ActiveCfg = Release|Any CPU
		{BF8C1B5D-56A8-4577-9ABE-5F925820DF37}.Release|iPhone.Build.0 = Release|Any CPU
		{BF8C1B5D-56A8-4577-9ABE-5F925820DF37}.Release|iPhone.Deploy.0 = Release|Any CPU
		{BF8C1B5D-56A8-4577-9ABE-5F925820DF37}.Release|iPhoneSimulator.ActiveCfg = Release|Any CPU
		{BF8C1B5D-56A8-4577-9ABE-5F925820DF37}.Release|iPhoneSimulator.Build.0 = Release|Any CPU
		{BF8C1B5D-56A8-4577-9ABE-5F925820DF37}.Release|iPhoneSimulator.Deploy.0 = Release|Any CPU
		{EBE4BDD8-383C-42DF-BBAF-57C2A47DB56A}.Ad-Hoc|Any CPU.ActiveCfg = Ad-Hoc|iPhone
		{EBE4BDD8-383C-42DF-BBAF-57C2A47DB56A}.Ad-Hoc|Any CPU.Build.0 = Ad-Hoc|iPhone
		{EBE4BDD8-383C-42DF-BBAF-57C2A47DB56A}.Ad-Hoc|Any CPU.Deploy.0 = Ad-Hoc|iPhone
		{EBE4BDD8-383C-42DF-BBAF-57C2A47DB56A}.Ad-Hoc|iPhone.ActiveCfg = Ad-Hoc|iPhone
		{EBE4BDD8-383C-42DF-BBAF-57C2A47DB56A}.Ad-Hoc|iPhone.Build.0 = Ad-Hoc|iPhone
		{EBE4BDD8-383C-42DF-BBAF-57C2A47DB56A}.Ad-Hoc|iPhone.Deploy.0 = Ad-Hoc|iPhone
		{EBE4BDD8-383C-42DF-BBAF-57C2A47DB56A}.Ad-Hoc|iPhoneSimulator.ActiveCfg = Ad-Hoc|iPhoneSimulator
		{EBE4BDD8-383C-42DF-BBAF-57C2A47DB56A}.Ad-Hoc|iPhoneSimulator.Build.0 = Ad-Hoc|iPhoneSimulator
		{EBE4BDD8-383C-42DF-BBAF-57C2A47DB56A}.Ad-Hoc|iPhoneSimulator.Deploy.0 = Ad-Hoc|iPhoneSimulator
		{EBE4BDD8-383C-42DF-BBAF-57C2A47DB56A}.AppStore|Any CPU.ActiveCfg = AppStore|iPhone
		{EBE4BDD8-383C-42DF-BBAF-57C2A47DB56A}.AppStore|Any CPU.Build.0 = AppStore|iPhone
		{EBE4BDD8-383C-42DF-BBAF-57C2A47DB56A}.AppStore|Any CPU.Deploy.0 = AppStore|iPhone
		{EBE4BDD8-383C-42DF-BBAF-57C2A47DB56A}.AppStore|iPhone.ActiveCfg = AppStore|iPhone
		{EBE4BDD8-383C-42DF-BBAF-57C2A47DB56A}.AppStore|iPhone.Build.0 = AppStore|iPhone
		{EBE4BDD8-383C-42DF-BBAF-57C2A47DB56A}.AppStore|iPhone.Deploy.0 = AppStore|iPhone
		{EBE4BDD8-383C-42DF-BBAF-57C2A47DB56A}.AppStore|iPhoneSimulator.ActiveCfg = AppStore|iPhoneSimulator
		{EBE4BDD8-383C-42DF-BBAF-57C2A47DB56A}.AppStore|iPhoneSimulator.Build.0 = AppStore|iPhoneSimulator
		{EBE4BDD8-383C-42DF-BBAF-57C2A47DB56A}.AppStore|iPhoneSimulator.Deploy.0 = AppStore|iPhoneSimulator
		{EBE4BDD8-383C-42DF-BBAF-57C2A47DB56A}.Debug|Any CPU.ActiveCfg = Debug|iPhoneSimulator
		{EBE4BDD8-383C-42DF-BBAF-57C2A47DB56A}.Debug|Any CPU.Build.0 = Debug|iPhoneSimulator
		{EBE4BDD8-383C-42DF-BBAF-57C2A47DB56A}.Debug|Any CPU.Deploy.0 = Debug|iPhoneSimulator
		{EBE4BDD8-383C-42DF-BBAF-57C2A47DB56A}.Debug|iPhone.ActiveCfg = Debug|iPhone
		{EBE4BDD8-383C-42DF-BBAF-57C2A47DB56A}.Debug|iPhone.Build.0 = Debug|iPhone
		{EBE4BDD8-383C-42DF-BBAF-57C2A47DB56A}.Debug|iPhone.Deploy.0 = Debug|iPhone
		{EBE4BDD8-383C-42DF-BBAF-57C2A47DB56A}.Debug|iPhoneSimulator.ActiveCfg = Debug|iPhoneSimulator
		{EBE4BDD8-383C-42DF-BBAF-57C2A47DB56A}.Debug|iPhoneSimulator.Build.0 = Debug|iPhoneSimulator
		{EBE4BDD8-383C-42DF-BBAF-57C2A47DB56A}.Debug|iPhoneSimulator.Deploy.0 = Debug|iPhoneSimulator
		{EBE4BDD8-383C-42DF-BBAF-57C2A47DB56A}.Release|Any CPU.ActiveCfg = Release|iPhone
		{EBE4BDD8-383C-42DF-BBAF-57C2A47DB56A}.Release|Any CPU.Build.0 = Release|iPhone
		{EBE4BDD8-383C-42DF-BBAF-57C2A47DB56A}.Release|Any CPU.Deploy.0 = Release|iPhone
		{EBE4BDD8-383C-42DF-BBAF-57C2A47DB56A}.Release|iPhone.ActiveCfg = Release|iPhone
		{EBE4BDD8-383C-42DF-BBAF-57C2A47DB56A}.Release|iPhone.Build.0 = Release|iPhone
		{EBE4BDD8-383C-42DF-BBAF-57C2A47DB56A}.Release|iPhone.Deploy.0 = Release|iPhone
		{EBE4BDD8-383C-42DF-BBAF-57C2A47DB56A}.Release|iPhoneSimulator.ActiveCfg = Release|iPhoneSimulator
		{EBE4BDD8-383C-42DF-BBAF-57C2A47DB56A}.Release|iPhoneSimulator.Build.0 = Release|iPhoneSimulator
		{EBE4BDD8-383C-42DF-BBAF-57C2A47DB56A}.Release|iPhoneSimulator.Deploy.0 = Release|iPhoneSimulator
		{09242043-10CF-448C-A6AF-C906E03D2B66}.Ad-Hoc|Any CPU.ActiveCfg = Debug|Any CPU
		{09242043-10CF-448C-A6AF-C906E03D2B66}.Ad-Hoc|Any CPU.Build.0 = Debug|Any CPU
		{09242043-10CF-448C-A6AF-C906E03D2B66}.Ad-Hoc|Any CPU.Deploy.0 = Debug|Any CPU
		{09242043-10CF-448C-A6AF-C906E03D2B66}.Ad-Hoc|iPhone.ActiveCfg = Debug|Any CPU
		{09242043-10CF-448C-A6AF-C906E03D2B66}.Ad-Hoc|iPhone.Build.0 = Debug|Any CPU
		{09242043-10CF-448C-A6AF-C906E03D2B66}.Ad-Hoc|iPhone.Deploy.0 = Debug|Any CPU
		{09242043-10CF-448C-A6AF-C906E03D2B66}.Ad-Hoc|iPhoneSimulator.ActiveCfg = Debug|Any CPU
		{09242043-10CF-448C-A6AF-C906E03D2B66}.Ad-Hoc|iPhoneSimulator.Build.0 = Debug|Any CPU
		{09242043-10CF-448C-A6AF-C906E03D2B66}.Ad-Hoc|iPhoneSimulator.Deploy.0 = Debug|Any CPU
		{09242043-10CF-448C-A6AF-C906E03D2B66}.AppStore|Any CPU.ActiveCfg = Debug|Any CPU
		{09242043-10CF-448C-A6AF-C906E03D2B66}.AppStore|Any CPU.Build.0 = Debug|Any CPU
		{09242043-10CF-448C-A6AF-C906E03D2B66}.AppStore|Any CPU.Deploy.0 = Debug|Any CPU
		{09242043-10CF-448C-A6AF-C906E03D2B66}.AppStore|iPhone.ActiveCfg = Debug|Any CPU
		{09242043-10CF-448C-A6AF-C906E03D2B66}.AppStore|iPhone.Build.0 = Debug|Any CPU
		{09242043-10CF-448C-A6AF-C906E03D2B66}.AppStore|iPhone.Deploy.0 = Debug|Any CPU
		{09242043-10CF-448C-A6AF-C906E03D2B66}.AppStore|iPhoneSimulator.ActiveCfg = Debug|Any CPU
		{09242043-10CF-448C-A6AF-C906E03D2B66}.AppStore|iPhoneSimulator.Build.0 = Debug|Any CPU
		{09242043-10CF-448C-A6AF-C906E03D2B66}.AppStore|iPhoneSimulator.Deploy.0 = Debug|Any CPU
		{09242043-10CF-448C-A6AF-C906E03D2B66}.Debug|Any CPU.ActiveCfg = Debug|Any CPU
		{09242043-10CF-448C-A6AF-C906E03D2B66}.Debug|Any CPU.Build.0 = Debug|Any CPU
		{09242043-10CF-448C-A6AF-C906E03D2B66}.Debug|Any CPU.Deploy.0 = Debug|Any CPU
		{09242043-10CF-448C-A6AF-C906E03D2B66}.Debug|iPhone.ActiveCfg = Debug|Any CPU
		{09242043-10CF-448C-A6AF-C906E03D2B66}.Debug|iPhone.Build.0 = Debug|Any CPU
		{09242043-10CF-448C-A6AF-C906E03D2B66}.Debug|iPhone.Deploy.0 = Debug|Any CPU
		{09242043-10CF-448C-A6AF-C906E03D2B66}.Debug|iPhoneSimulator.ActiveCfg = Debug|Any CPU
		{09242043-10CF-448C-A6AF-C906E03D2B66}.Debug|iPhoneSimulator.Build.0 = Debug|Any CPU
		{09242043-10CF-448C-A6AF-C906E03D2B66}.Debug|iPhoneSimulator.Deploy.0 = Debug|Any CPU
		{09242043-10CF-448C-A6AF-C906E03D2B66}.Release|Any CPU.ActiveCfg = Release|Any CPU
		{09242043-10CF-448C-A6AF-C906E03D2B66}.Release|Any CPU.Build.0 = Release|Any CPU
		{09242043-10CF-448C-A6AF-C906E03D2B66}.Release|Any CPU.Deploy.0 = Release|Any CPU
		{09242043-10CF-448C-A6AF-C906E03D2B66}.Release|iPhone.ActiveCfg = Release|Any CPU
		{09242043-10CF-448C-A6AF-C906E03D2B66}.Release|iPhone.Build.0 = Release|Any CPU
		{09242043-10CF-448C-A6AF-C906E03D2B66}.Release|iPhone.Deploy.0 = Release|Any CPU
		{09242043-10CF-448C-A6AF-C906E03D2B66}.Release|iPhoneSimulator.ActiveCfg = Release|Any CPU
		{09242043-10CF-448C-A6AF-C906E03D2B66}.Release|iPhoneSimulator.Build.0 = Release|Any CPU
		{09242043-10CF-448C-A6AF-C906E03D2B66}.Release|iPhoneSimulator.Deploy.0 = Release|Any CPU
	EndGlobalSection
	GlobalSection(SolutionProperties) = preSolution
		HideSolutionNode = FALSE
	EndGlobalSection
	GlobalSection(ExtensibilityGlobals) = postSolution
		SolutionGuid = {8C2813AD-C8E1-4F55-ABB3-F34C41459600}
	EndGlobalSection
EndGlobal
