
Microsoft Visual Studio Solution File, Format Version 12.00
# Visual Studio 15
VisualStudioVersion = 15.0.28307.421
MinimumVisualStudioVersion = 10.0.40219.1
Project("{FAE04EC0-301F-11D3-BF4B-00C04F79EFBC}") = "WebView.Android", "WebView\WebView.Android\WebView.Android.csproj", "{95796D21-A4B2-46A7-B865-AAE93501EAF6}"
EndProject
Project("{FAE04EC0-301F-11D3-BF4B-00C04F79EFBC}") = "WebView.iOS", "WebView\WebView.iOS\WebView.iOS.csproj", "{EDDD220D-4EF8-4F5A-80C1-FE0DD1FF0E5C}"
EndProject
Project("{FAE04EC0-301F-11D3-BF4B-00C04F79EFBC}") = "WebView.UWP", "WebView\WebView.UWP\WebView.UWP.csproj", "{BF13B880-295D-419E-9B51-3A2802F9E084}"
EndProject
Project("{FAE04EC0-301F-11D3-BF4B-00C04F79EFBC}") = "WebView", "WebView\WebView\WebView.csproj", "{4F70D518-7055-47C1-A545-1AE1B6FD4434}"
EndProject
Global
	GlobalSection(SolutionConfigurationPlatforms) = preSolution
		Ad-Hoc|Any CPU = Ad-Hoc|Any CPU
		Ad-Hoc|ARM = Ad-Hoc|ARM
		Ad-Hoc|iPhone = Ad-Hoc|iPhone
		Ad-Hoc|iPhoneSimulator = Ad-Hoc|iPhoneSimulator
		Ad-Hoc|x64 = Ad-Hoc|x64
		Ad-Hoc|x86 = Ad-Hoc|x86
		AppStore|Any CPU = AppStore|Any CPU
		AppStore|ARM = AppStore|ARM
		AppStore|iPhone = AppStore|iPhone
		AppStore|iPhoneSimulator = AppStore|iPhoneSimulator
		AppStore|x64 = AppStore|x64
		AppStore|x86 = AppStore|x86
		Debug|Any CPU = Debug|Any CPU
		Debug|ARM = Debug|ARM
		Debug|iPhone = Debug|iPhone
		Debug|iPhoneSimulator = Debug|iPhoneSimulator
		Debug|x64 = Debug|x64
		Debug|x86 = Debug|x86
		Release|Any CPU = Release|Any CPU
		Release|ARM = Release|ARM
		Release|iPhone = Release|iPhone
		Release|iPhoneSimulator = Release|iPhoneSimulator
		Release|x64 = Release|x64
		Release|x86 = Release|x86
	EndGlobalSection
	GlobalSection(ProjectConfigurationPlatforms) = postSolution
		{95796D21-A4B2-46A7-B865-AAE93501EAF6}.Ad-Hoc|Any CPU.ActiveCfg = Release|Any CPU
		{95796D21-A4B2-46A7-B865-AAE93501EAF6}.Ad-Hoc|Any CPU.Build.0 = Release|Any CPU
		{95796D21-A4B2-46A7-B865-AAE93501EAF6}.Ad-Hoc|Any CPU.Deploy.0 = Release|Any CPU
		{95796D21-A4B2-46A7-B865-AAE93501EAF6}.Ad-Hoc|ARM.ActiveCfg = Release|Any CPU
		{95796D21-A4B2-46A7-B865-AAE93501EAF6}.Ad-Hoc|ARM.Build.0 = Release|Any CPU
		{95796D21-A4B2-46A7-B865-AAE93501EAF6}.Ad-Hoc|ARM.Deploy.0 = Release|Any CPU
		{95796D21-A4B2-46A7-B865-AAE93501EAF6}.Ad-Hoc|iPhone.ActiveCfg = Release|Any CPU
		{95796D21-A4B2-46A7-B865-AAE93501EAF6}.Ad-Hoc|iPhone.Build.0 = Release|Any CPU
		{95796D21-A4B2-46A7-B865-AAE93501EAF6}.Ad-Hoc|iPhone.Deploy.0 = Release|Any CPU
		{95796D21-A4B2-46A7-B865-AAE93501EAF6}.Ad-Hoc|iPhoneSimulator.ActiveCfg = Release|Any CPU
		{95796D21-A4B2-46A7-B865-AAE93501EAF6}.Ad-Hoc|iPhoneSimulator.Build.0 = Release|Any CPU
		{95796D21-A4B2-46A7-B865-AAE93501EAF6}.Ad-Hoc|iPhoneSimulator.Deploy.0 = Release|Any CPU
		{95796D21-A4B2-46A7-B865-AAE93501EAF6}.Ad-Hoc|x64.ActiveCfg = Release|Any CPU
		{95796D21-A4B2-46A7-B865-AAE93501EAF6}.Ad-Hoc|x64.Build.0 = Release|Any CPU
		{95796D21-A4B2-46A7-B865-AAE93501EAF6}.Ad-Hoc|x64.Deploy.0 = Release|Any CPU
		{95796D21-A4B2-46A7-B865-AAE93501EAF6}.Ad-Hoc|x86.ActiveCfg = Release|Any CPU
		{95796D21-A4B2-46A7-B865-AAE93501EAF6}.Ad-Hoc|x86.Build.0 = Release|Any CPU
		{95796D21-A4B2-46A7-B865-AAE93501EAF6}.Ad-Hoc|x86.Deploy.0 = Release|Any CPU
		{95796D21-A4B2-46A7-B865-AAE93501EAF6}.AppStore|Any CPU.ActiveCfg = Release|Any CPU
		{95796D21-A4B2-46A7-B865-AAE93501EAF6}.AppStore|Any CPU.Build.0 = Release|Any CPU
		{95796D21-A4B2-46A7-B865-AAE93501EAF6}.AppStore|Any CPU.Deploy.0 = Release|Any CPU
		{95796D21-A4B2-46A7-B865-AAE93501EAF6}.AppStore|ARM.ActiveCfg = Release|Any CPU
		{95796D21-A4B2-46A7-B865-AAE93501EAF6}.AppStore|ARM.Build.0 = Release|Any CPU
		{95796D21-A4B2-46A7-B865-AAE93501EAF6}.AppStore|ARM.Deploy.0 = Release|Any CPU
		{95796D21-A4B2-46A7-B865-AAE93501EAF6}.AppStore|iPhone.ActiveCfg = Release|Any CPU
		{95796D21-A4B2-46A7-B865-AAE93501EAF6}.AppStore|iPhone.Build.0 = Release|Any CPU
		{95796D21-A4B2-46A7-B865-AAE93501EAF6}.AppStore|iPhone.Deploy.0 = Release|Any CPU
		{95796D21-A4B2-46A7-B865-AAE93501EAF6}.AppStore|iPhoneSimulator.ActiveCfg = Release|Any CPU
		{95796D21-A4B2-46A7-B865-AAE93501EAF6}.AppStore|iPhoneSimulator.Build.0 = Release|Any CPU
		{95796D21-A4B2-46A7-B865-AAE93501EAF6}.AppStore|iPhoneSimulator.Deploy.0 = Release|Any CPU
		{95796D21-A4B2-46A7-B865-AAE93501EAF6}.AppStore|x64.ActiveCfg = Release|Any CPU
		{95796D21-A4B2-46A7-B865-AAE93501EAF6}.AppStore|x64.Build.0 = Release|Any CPU
		{95796D21-A4B2-46A7-B865-AAE93501EAF6}.AppStore|x64.Deploy.0 = Release|Any CPU
		{95796D21-A4B2-46A7-B865-AAE93501EAF6}.AppStore|x86.ActiveCfg = Release|Any CPU
		{95796D21-A4B2-46A7-B865-AAE93501EAF6}.AppStore|x86.Build.0 = Release|Any CPU
		{95796D21-A4B2-46A7-B865-AAE93501EAF6}.AppStore|x86.Deploy.0 = Release|Any CPU
		{95796D21-A4B2-46A7-B865-AAE93501EAF6}.Debug|Any CPU.ActiveCfg = Debug|Any CPU
		{95796D21-A4B2-46A7-B865-AAE93501EAF6}.Debug|Any CPU.Build.0 = Debug|Any CPU
		{95796D21-A4B2-46A7-B865-AAE93501EAF6}.Debug|Any CPU.Deploy.0 = Debug|Any CPU
		{95796D21-A4B2-46A7-B865-AAE93501EAF6}.Debug|ARM.ActiveCfg = Debug|Any CPU
		{95796D21-A4B2-46A7-B865-AAE93501EAF6}.Debug|ARM.Build.0 = Debug|Any CPU
		{95796D21-A4B2-46A7-B865-AAE93501EAF6}.Debug|ARM.Deploy.0 = Debug|Any CPU
		{95796D21-A4B2-46A7-B865-AAE93501EAF6}.Debug|iPhone.ActiveCfg = Debug|Any CPU
		{95796D21-A4B2-46A7-B865-AAE93501EAF6}.Debug|iPhone.Build.0 = Debug|Any CPU
		{95796D21-A4B2-46A7-B865-AAE93501EAF6}.Debug|iPhone.Deploy.0 = Debug|Any CPU
		{95796D21-A4B2-46A7-B865-AAE93501EAF6}.Debug|iPhoneSimulator.ActiveCfg = Debug|Any CPU
		{95796D21-A4B2-46A7-B865-AAE93501EAF6}.Debug|iPhoneSimulator.Build.0 = Debug|Any CPU
		{95796D21-A4B2-46A7-B865-AAE93501EAF6}.Debug|iPhoneSimulator.Deploy.0 = Debug|Any CPU
		{95796D21-A4B2-46A7-B865-AAE93501EAF6}.Debug|x64.ActiveCfg = Debug|Any CPU
		{95796D21-A4B2-46A7-B865-AAE93501EAF6}.Debug|x64.Build.0 = Debug|Any CPU
		{95796D21-A4B2-46A7-B865-AAE93501EAF6}.Debug|x64.Deploy.0 = Debug|Any CPU
		{95796D21-A4B2-46A7-B865-AAE93501EAF6}.Debug|x86.ActiveCfg = Debug|Any CPU
		{95796D21-A4B2-46A7-B865-AAE93501EAF6}.Debug|x86.Build.0 = Debug|Any CPU
		{95796D21-A4B2-46A7-B865-AAE93501EAF6}.Debug|x86.Deploy.0 = Debug|Any CPU
		{95796D21-A4B2-46A7-B865-AAE93501EAF6}.Release|Any CPU.ActiveCfg = Release|Any CPU
		{95796D21-A4B2-46A7-B865-AAE93501EAF6}.Release|Any CPU.Build.0 = Release|Any CPU
		{95796D21-A4B2-46A7-B865-AAE93501EAF6}.Release|Any CPU.Deploy.0 = Release|Any CPU
		{95796D21-A4B2-46A7-B865-AAE93501EAF6}.Release|ARM.ActiveCfg = Release|Any CPU
		{95796D21-A4B2-46A7-B865-AAE93501EAF6}.Release|ARM.Build.0 = Release|Any CPU
		{95796D21-A4B2-46A7-B865-AAE93501EAF6}.Release|ARM.Deploy.0 = Release|Any CPU
		{95796D21-A4B2-46A7-B865-AAE93501EAF6}.Release|iPhone.ActiveCfg = Release|Any CPU
		{95796D21-A4B2-46A7-B865-AAE93501EAF6}.Release|iPhone.Build.0 = Release|Any CPU
		{95796D21-A4B2-46A7-B865-AAE93501EAF6}.Release|iPhone.Deploy.0 = Release|Any CPU
		{95796D21-A4B2-46A7-B865-AAE93501EAF6}.Release|iPhoneSimulator.ActiveCfg = Release|Any CPU
		{95796D21-A4B2-46A7-B865-AAE93501EAF6}.Release|iPhoneSimulator.Build.0 = Release|Any CPU
		{95796D21-A4B2-46A7-B865-AAE93501EAF6}.Release|iPhoneSimulator.Deploy.0 = Release|Any CPU
		{95796D21-A4B2-46A7-B865-AAE93501EAF6}.Release|x64.ActiveCfg = Release|Any CPU
		{95796D21-A4B2-46A7-B865-AAE93501EAF6}.Release|x64.Build.0 = Release|Any CPU
		{95796D21-A4B2-46A7-B865-AAE93501EAF6}.Release|x64.Deploy.0 = Release|Any CPU
		{95796D21-A4B2-46A7-B865-AAE93501EAF6}.Release|x86.ActiveCfg = Release|Any CPU
		{95796D21-A4B2-46A7-B865-AAE93501EAF6}.Release|x86.Build.0 = Release|Any CPU
		{95796D21-A4B2-46A7-B865-AAE93501EAF6}.Release|x86.Deploy.0 = Release|Any CPU
		{EDDD220D-4EF8-4F5A-80C1-FE0DD1FF0E5C}.Ad-Hoc|Any CPU.ActiveCfg = Ad-Hoc|iPhone
		{EDDD220D-4EF8-4F5A-80C1-FE0DD1FF0E5C}.Ad-Hoc|Any CPU.Build.0 = Ad-Hoc|iPhone
		{EDDD220D-4EF8-4F5A-80C1-FE0DD1FF0E5C}.Ad-Hoc|Any CPU.Deploy.0 = Ad-Hoc|iPhone
		{EDDD220D-4EF8-4F5A-80C1-FE0DD1FF0E5C}.Ad-Hoc|ARM.ActiveCfg = Ad-Hoc|iPhone
		{EDDD220D-4EF8-4F5A-80C1-FE0DD1FF0E5C}.Ad-Hoc|ARM.Build.0 = Ad-Hoc|iPhone
		{EDDD220D-4EF8-4F5A-80C1-FE0DD1FF0E5C}.Ad-Hoc|ARM.Deploy.0 = Ad-Hoc|iPhone
		{EDDD220D-4EF8-4F5A-80C1-FE0DD1FF0E5C}.Ad-Hoc|iPhone.ActiveCfg = Ad-Hoc|iPhone
		{EDDD220D-4EF8-4F5A-80C1-FE0DD1FF0E5C}.Ad-Hoc|iPhone.Build.0 = Ad-Hoc|iPhone
		{EDDD220D-4EF8-4F5A-80C1-FE0DD1FF0E5C}.Ad-Hoc|iPhone.Deploy.0 = Ad-Hoc|iPhone
		{EDDD220D-4EF8-4F5A-80C1-FE0DD1FF0E5C}.Ad-Hoc|iPhoneSimulator.ActiveCfg = Ad-Hoc|iPhoneSimulator
		{EDDD220D-4EF8-4F5A-80C1-FE0DD1FF0E5C}.Ad-Hoc|iPhoneSimulator.Build.0 = Ad-Hoc|iPhoneSimulator
		{EDDD220D-4EF8-4F5A-80C1-FE0DD1FF0E5C}.Ad-Hoc|iPhoneSimulator.Deploy.0 = Ad-Hoc|iPhoneSimulator
		{EDDD220D-4EF8-4F5A-80C1-FE0DD1FF0E5C}.Ad-Hoc|x64.ActiveCfg = Ad-Hoc|iPhone
		{EDDD220D-4EF8-4F5A-80C1-FE0DD1FF0E5C}.Ad-Hoc|x64.Build.0 = Ad-Hoc|iPhone
		{EDDD220D-4EF8-4F5A-80C1-FE0DD1FF0E5C}.Ad-Hoc|x64.Deploy.0 = Ad-Hoc|iPhone
		{EDDD220D-4EF8-4F5A-80C1-FE0DD1FF0E5C}.Ad-Hoc|x86.ActiveCfg = Ad-Hoc|iPhone
		{EDDD220D-4EF8-4F5A-80C1-FE0DD1FF0E5C}.Ad-Hoc|x86.Build.0 = Ad-Hoc|iPhone
		{EDDD220D-4EF8-4F5A-80C1-FE0DD1FF0E5C}.Ad-Hoc|x86.Deploy.0 = Ad-Hoc|iPhone
		{EDDD220D-4EF8-4F5A-80C1-FE0DD1FF0E5C}.AppStore|Any CPU.ActiveCfg = AppStore|iPhone
		{EDDD220D-4EF8-4F5A-80C1-FE0DD1FF0E5C}.AppStore|Any CPU.Build.0 = AppStore|iPhone
		{EDDD220D-4EF8-4F5A-80C1-FE0DD1FF0E5C}.AppStore|Any CPU.Deploy.0 = AppStore|iPhone
		{EDDD220D-4EF8-4F5A-80C1-FE0DD1FF0E5C}.AppStore|ARM.ActiveCfg = AppStore|iPhone
		{EDDD220D-4EF8-4F5A-80C1-FE0DD1FF0E5C}.AppStore|ARM.Build.0 = AppStore|iPhone
		{EDDD220D-4EF8-4F5A-80C1-FE0DD1FF0E5C}.AppStore|ARM.Deploy.0 = AppStore|iPhone
		{EDDD220D-4EF8-4F5A-80C1-FE0DD1FF0E5C}.AppStore|iPhone.ActiveCfg = AppStore|iPhone
		{EDDD220D-4EF8-4F5A-80C1-FE0DD1FF0E5C}.AppStore|iPhone.Build.0 = AppStore|iPhone
		{EDDD220D-4EF8-4F5A-80C1-FE0DD1FF0E5C}.AppStore|iPhone.Deploy.0 = AppStore|iPhone
		{EDDD220D-4EF8-4F5A-80C1-FE0DD1FF0E5C}.AppStore|iPhoneSimulator.ActiveCfg = AppStore|iPhoneSimulator
		{EDDD220D-4EF8-4F5A-80C1-FE0DD1FF0E5C}.AppStore|iPhoneSimulator.Build.0 = AppStore|iPhoneSimulator
		{EDDD220D-4EF8-4F5A-80C1-FE0DD1FF0E5C}.AppStore|iPhoneSimulator.Deploy.0 = AppStore|iPhoneSimulator
		{EDDD220D-4EF8-4F5A-80C1-FE0DD1FF0E5C}.AppStore|x64.ActiveCfg = AppStore|iPhone
		{EDDD220D-4EF8-4F5A-80C1-FE0DD1FF0E5C}.AppStore|x64.Build.0 = AppStore|iPhone
		{EDDD220D-4EF8-4F5A-80C1-FE0DD1FF0E5C}.AppStore|x64.Deploy.0 = AppStore|iPhone
		{EDDD220D-4EF8-4F5A-80C1-FE0DD1FF0E5C}.AppStore|x86.ActiveCfg = AppStore|iPhone
		{EDDD220D-4EF8-4F5A-80C1-FE0DD1FF0E5C}.AppStore|x86.Build.0 = AppStore|iPhone
		{EDDD220D-4EF8-4F5A-80C1-FE0DD1FF0E5C}.AppStore|x86.Deploy.0 = AppStore|iPhone
		{EDDD220D-4EF8-4F5A-80C1-FE0DD1FF0E5C}.Debug|Any CPU.ActiveCfg = Debug|iPhoneSimulator
		{EDDD220D-4EF8-4F5A-80C1-FE0DD1FF0E5C}.Debug|Any CPU.Build.0 = Debug|iPhoneSimulator
		{EDDD220D-4EF8-4F5A-80C1-FE0DD1FF0E5C}.Debug|Any CPU.Deploy.0 = Debug|iPhoneSimulator
		{EDDD220D-4EF8-4F5A-80C1-FE0DD1FF0E5C}.Debug|ARM.ActiveCfg = Debug|iPhone
		{EDDD220D-4EF8-4F5A-80C1-FE0DD1FF0E5C}.Debug|ARM.Build.0 = Debug|iPhone
		{EDDD220D-4EF8-4F5A-80C1-FE0DD1FF0E5C}.Debug|ARM.Deploy.0 = Debug|iPhone
		{EDDD220D-4EF8-4F5A-80C1-FE0DD1FF0E5C}.Debug|iPhone.ActiveCfg = Debug|iPhone
		{EDDD220D-4EF8-4F5A-80C1-FE0DD1FF0E5C}.Debug|iPhone.Build.0 = Debug|iPhone
		{EDDD220D-4EF8-4F5A-80C1-FE0DD1FF0E5C}.Debug|iPhone.Deploy.0 = Debug|iPhone
		{EDDD220D-4EF8-4F5A-80C1-FE0DD1FF0E5C}.Debug|iPhoneSimulator.ActiveCfg = Debug|iPhoneSimulator
		{EDDD220D-4EF8-4F5A-80C1-FE0DD1FF0E5C}.Debug|iPhoneSimulator.Build.0 = Debug|iPhoneSimulator
		{EDDD220D-4EF8-4F5A-80C1-FE0DD1FF0E5C}.Debug|iPhoneSimulator.Deploy.0 = Debug|iPhoneSimulator
		{EDDD220D-4EF8-4F5A-80C1-FE0DD1FF0E5C}.Debug|x64.ActiveCfg = Debug|iPhone
		{EDDD220D-4EF8-4F5A-80C1-FE0DD1FF0E5C}.Debug|x64.Build.0 = Debug|iPhone
		{EDDD220D-4EF8-4F5A-80C1-FE0DD1FF0E5C}.Debug|x64.Deploy.0 = Debug|iPhone
		{EDDD220D-4EF8-4F5A-80C1-FE0DD1FF0E5C}.Debug|x86.ActiveCfg = Debug|iPhone
		{EDDD220D-4EF8-4F5A-80C1-FE0DD1FF0E5C}.Debug|x86.Build.0 = Debug|iPhone
		{EDDD220D-4EF8-4F5A-80C1-FE0DD1FF0E5C}.Debug|x86.Deploy.0 = Debug|iPhone
		{EDDD220D-4EF8-4F5A-80C1-FE0DD1FF0E5C}.Release|Any CPU.ActiveCfg = Release|iPhone
		{EDDD220D-4EF8-4F5A-80C1-FE0DD1FF0E5C}.Release|Any CPU.Build.0 = Release|iPhone
		{EDDD220D-4EF8-4F5A-80C1-FE0DD1FF0E5C}.Release|Any CPU.Deploy.0 = Release|iPhone
		{EDDD220D-4EF8-4F5A-80C1-FE0DD1FF0E5C}.Release|ARM.ActiveCfg = Release|iPhone
		{EDDD220D-4EF8-4F5A-80C1-FE0DD1FF0E5C}.Release|ARM.Build.0 = Release|iPhone
		{EDDD220D-4EF8-4F5A-80C1-FE0DD1FF0E5C}.Release|ARM.Deploy.0 = Release|iPhone
		{EDDD220D-4EF8-4F5A-80C1-FE0DD1FF0E5C}.Release|iPhone.ActiveCfg = Release|iPhone
		{EDDD220D-4EF8-4F5A-80C1-FE0DD1FF0E5C}.Release|iPhone.Build.0 = Release|iPhone
		{EDDD220D-4EF8-4F5A-80C1-FE0DD1FF0E5C}.Release|iPhone.Deploy.0 = Release|iPhone
		{EDDD220D-4EF8-4F5A-80C1-FE0DD1FF0E5C}.Release|iPhoneSimulator.ActiveCfg = Release|iPhoneSimulator
		{EDDD220D-4EF8-4F5A-80C1-FE0DD1FF0E5C}.Release|iPhoneSimulator.Build.0 = Release|iPhoneSimulator
		{EDDD220D-4EF8-4F5A-80C1-FE0DD1FF0E5C}.Release|iPhoneSimulator.Deploy.0 = Release|iPhoneSimulator
		{EDDD220D-4EF8-4F5A-80C1-FE0DD1FF0E5C}.Release|x64.ActiveCfg = Release|iPhone
		{EDDD220D-4EF8-4F5A-80C1-FE0DD1FF0E5C}.Release|x64.Build.0 = Release|iPhone
		{EDDD220D-4EF8-4F5A-80C1-FE0DD1FF0E5C}.Release|x64.Deploy.0 = Release|iPhone
		{EDDD220D-4EF8-4F5A-80C1-FE0DD1FF0E5C}.Release|x86.ActiveCfg = Release|iPhone
		{EDDD220D-4EF8-4F5A-80C1-FE0DD1FF0E5C}.Release|x86.Build.0 = Release|iPhone
		{EDDD220D-4EF8-4F5A-80C1-FE0DD1FF0E5C}.Release|x86.Deploy.0 = Release|iPhone
		{BF13B880-295D-419E-9B51-3A2802F9E084}.Ad-Hoc|Any CPU.ActiveCfg = Release|x86
		{BF13B880-295D-419E-9B51-3A2802F9E084}.Ad-Hoc|Any CPU.Build.0 = Release|x86
		{BF13B880-295D-419E-9B51-3A2802F9E084}.Ad-Hoc|Any CPU.Deploy.0 = Release|x86
		{BF13B880-295D-419E-9B51-3A2802F9E084}.Ad-Hoc|ARM.ActiveCfg = Release|ARM
		{BF13B880-295D-419E-9B51-3A2802F9E084}.Ad-Hoc|ARM.Build.0 = Release|ARM
		{BF13B880-295D-419E-9B51-3A2802F9E084}.Ad-Hoc|ARM.Deploy.0 = Release|ARM
		{BF13B880-295D-419E-9B51-3A2802F9E084}.Ad-Hoc|iPhone.ActiveCfg = Release|x86
		{BF13B880-295D-419E-9B51-3A2802F9E084}.Ad-Hoc|iPhone.Build.0 = Release|x86
		{BF13B880-295D-419E-9B51-3A2802F9E084}.Ad-Hoc|iPhone.Deploy.0 = Release|x86
		{BF13B880-295D-419E-9B51-3A2802F9E084}.Ad-Hoc|iPhoneSimulator.ActiveCfg = Release|x86
		{BF13B880-295D-419E-9B51-3A2802F9E084}.Ad-Hoc|iPhoneSimulator.Build.0 = Release|x86
		{BF13B880-295D-419E-9B51-3A2802F9E084}.Ad-Hoc|iPhoneSimulator.Deploy.0 = Release|x86
		{BF13B880-295D-419E-9B51-3A2802F9E084}.Ad-Hoc|x64.ActiveCfg = Release|x64
		{BF13B880-295D-419E-9B51-3A2802F9E084}.Ad-Hoc|x64.Build.0 = Release|x64
		{BF13B880-295D-419E-9B51-3A2802F9E084}.Ad-Hoc|x64.Deploy.0 = Release|x64
		{BF13B880-295D-419E-9B51-3A2802F9E084}.Ad-Hoc|x86.ActiveCfg = Release|x86
		{BF13B880-295D-419E-9B51-3A2802F9E084}.Ad-Hoc|x86.Build.0 = Release|x86
		{BF13B880-295D-419E-9B51-3A2802F9E084}.Ad-Hoc|x86.Deploy.0 = Release|x86
		{BF13B880-295D-419E-9B51-3A2802F9E084}.AppStore|Any CPU.ActiveCfg = Release|x86
		{BF13B880-295D-419E-9B51-3A2802F9E084}.AppStore|Any CPU.Build.0 = Release|x86
		{BF13B880-295D-419E-9B51-3A2802F9E084}.AppStore|Any CPU.Deploy.0 = Release|x86
		{BF13B880-295D-419E-9B51-3A2802F9E084}.AppStore|ARM.ActiveCfg = Release|ARM
		{BF13B880-295D-419E-9B51-3A2802F9E084}.AppStore|ARM.Build.0 = Release|ARM
		{BF13B880-295D-419E-9B51-3A2802F9E084}.AppStore|ARM.Deploy.0 = Release|ARM
		{BF13B880-295D-419E-9B51-3A2802F9E084}.AppStore|iPhone.ActiveCfg = Release|x86
		{BF13B880-295D-419E-9B51-3A2802F9E084}.AppStore|iPhone.Build.0 = Release|x86
		{BF13B880-295D-419E-9B51-3A2802F9E084}.AppStore|iPhone.Deploy.0 = Release|x86
		{BF13B880-295D-419E-9B51-3A2802F9E084}.AppStore|iPhoneSimulator.ActiveCfg = Release|x86
		{BF13B880-295D-419E-9B51-3A2802F9E084}.AppStore|iPhoneSimulator.Build.0 = Release|x86
		{BF13B880-295D-419E-9B51-3A2802F9E084}.AppStore|iPhoneSimulator.Deploy.0 = Release|x86
		{BF13B880-295D-419E-9B51-3A2802F9E084}.AppStore|x64.ActiveCfg = Release|x64
		{BF13B880-295D-419E-9B51-3A2802F9E084}.AppStore|x64.Build.0 = Release|x64
		{BF13B880-295D-419E-9B51-3A2802F9E084}.AppStore|x64.Deploy.0 = Release|x64
		{BF13B880-295D-419E-9B51-3A2802F9E084}.AppStore|x86.ActiveCfg = Release|x86
		{BF13B880-295D-419E-9B51-3A2802F9E084}.AppStore|x86.Build.0 = Release|x86
		{BF13B880-295D-419E-9B51-3A2802F9E084}.AppStore|x86.Deploy.0 = Release|x86
		{BF13B880-295D-419E-9B51-3A2802F9E084}.Debug|Any CPU.ActiveCfg = Debug|x86
		{BF13B880-295D-419E-9B51-3A2802F9E084}.Debug|Any CPU.Build.0 = Debug|x86
		{BF13B880-295D-419E-9B51-3A2802F9E084}.Debug|Any CPU.Deploy.0 = Debug|x86
		{BF13B880-295D-419E-9B51-3A2802F9E084}.Debug|ARM.ActiveCfg = Debug|ARM
		{BF13B880-295D-419E-9B51-3A2802F9E084}.Debug|ARM.Build.0 = Debug|ARM
		{BF13B880-295D-419E-9B51-3A2802F9E084}.Debug|ARM.Deploy.0 = Debug|ARM
		{BF13B880-295D-419E-9B51-3A2802F9E084}.Debug|iPhone.ActiveCfg = Debug|x86
		{BF13B880-295D-419E-9B51-3A2802F9E084}.Debug|iPhone.Build.0 = Debug|x86
		{BF13B880-295D-419E-9B51-3A2802F9E084}.Debug|iPhone.Deploy.0 = Debug|x86
		{BF13B880-295D-419E-9B51-3A2802F9E084}.Debug|iPhoneSimulator.ActiveCfg = Debug|x86
		{BF13B880-295D-419E-9B51-3A2802F9E084}.Debug|iPhoneSimulator.Build.0 = Debug|x86
		{BF13B880-295D-419E-9B51-3A2802F9E084}.Debug|iPhoneSimulator.Deploy.0 = Debug|x86
		{BF13B880-295D-419E-9B51-3A2802F9E084}.Debug|x64.ActiveCfg = Debug|x64
		{BF13B880-295D-419E-9B51-3A2802F9E084}.Debug|x64.Build.0 = Debug|x64
		{BF13B880-295D-419E-9B51-3A2802F9E084}.Debug|x64.Deploy.0 = Debug|x64
		{BF13B880-295D-419E-9B51-3A2802F9E084}.Debug|x86.ActiveCfg = Debug|x86
		{BF13B880-295D-419E-9B51-3A2802F9E084}.Debug|x86.Build.0 = Debug|x86
		{BF13B880-295D-419E-9B51-3A2802F9E084}.Debug|x86.Deploy.0 = Debug|x86
		{BF13B880-295D-419E-9B51-3A2802F9E084}.Release|Any CPU.ActiveCfg = Release|x86
		{BF13B880-295D-419E-9B51-3A2802F9E084}.Release|Any CPU.Build.0 = Release|x86
		{BF13B880-295D-419E-9B51-3A2802F9E084}.Release|Any CPU.Deploy.0 = Release|x86
		{BF13B880-295D-419E-9B51-3A2802F9E084}.Release|ARM.ActiveCfg = Release|ARM
		{BF13B880-295D-419E-9B51-3A2802F9E084}.Release|ARM.Build.0 = Release|ARM
		{BF13B880-295D-419E-9B51-3A2802F9E084}.Release|ARM.Deploy.0 = Release|ARM
		{BF13B880-295D-419E-9B51-3A2802F9E084}.Release|iPhone.ActiveCfg = Release|x86
		{BF13B880-295D-419E-9B51-3A2802F9E084}.Release|iPhone.Build.0 = Release|x86
		{BF13B880-295D-419E-9B51-3A2802F9E084}.Release|iPhone.Deploy.0 = Release|x86
		{BF13B880-295D-419E-9B51-3A2802F9E084}.Release|iPhoneSimulator.ActiveCfg = Release|x86
		{BF13B880-295D-419E-9B51-3A2802F9E084}.Release|iPhoneSimulator.Build.0 = Release|x86
		{BF13B880-295D-419E-9B51-3A2802F9E084}.Release|iPhoneSimulator.Deploy.0 = Release|x86
		{BF13B880-295D-419E-9B51-3A2802F9E084}.Release|x64.ActiveCfg = Release|x64
		{BF13B880-295D-419E-9B51-3A2802F9E084}.Release|x64.Build.0 = Release|x64
		{BF13B880-295D-419E-9B51-3A2802F9E084}.Release|x64.Deploy.0 = Release|x64
		{BF13B880-295D-419E-9B51-3A2802F9E084}.Release|x86.ActiveCfg = Release|x86
		{BF13B880-295D-419E-9B51-3A2802F9E084}.Release|x86.Build.0 = Release|x86
		{BF13B880-295D-419E-9B51-3A2802F9E084}.Release|x86.Deploy.0 = Release|x86
		{4F70D518-7055-47C1-A545-1AE1B6FD4434}.Ad-Hoc|Any CPU.ActiveCfg = Debug|Any CPU
		{4F70D518-7055-47C1-A545-1AE1B6FD4434}.Ad-Hoc|Any CPU.Build.0 = Debug|Any CPU
		{4F70D518-7055-47C1-A545-1AE1B6FD4434}.Ad-Hoc|Any CPU.Deploy.0 = Debug|Any CPU
		{4F70D518-7055-47C1-A545-1AE1B6FD4434}.Ad-Hoc|ARM.ActiveCfg = Debug|Any CPU
		{4F70D518-7055-47C1-A545-1AE1B6FD4434}.Ad-Hoc|ARM.Build.0 = Debug|Any CPU
		{4F70D518-7055-47C1-A545-1AE1B6FD4434}.Ad-Hoc|ARM.Deploy.0 = Debug|Any CPU
		{4F70D518-7055-47C1-A545-1AE1B6FD4434}.Ad-Hoc|iPhone.ActiveCfg = Debug|Any CPU
		{4F70D518-7055-47C1-A545-1AE1B6FD4434}.Ad-Hoc|iPhone.Build.0 = Debug|Any CPU
		{4F70D518-7055-47C1-A545-1AE1B6FD4434}.Ad-Hoc|iPhone.Deploy.0 = Debug|Any CPU
		{4F70D518-7055-47C1-A545-1AE1B6FD4434}.Ad-Hoc|iPhoneSimulator.ActiveCfg = Debug|Any CPU
		{4F70D518-7055-47C1-A545-1AE1B6FD4434}.Ad-Hoc|iPhoneSimulator.Build.0 = Debug|Any CPU
		{4F70D518-7055-47C1-A545-1AE1B6FD4434}.Ad-Hoc|iPhoneSimulator.Deploy.0 = Debug|Any CPU
		{4F70D518-7055-47C1-A545-1AE1B6FD4434}.Ad-Hoc|x64.ActiveCfg = Debug|Any CPU
		{4F70D518-7055-47C1-A545-1AE1B6FD4434}.Ad-Hoc|x64.Build.0 = Debug|Any CPU
		{4F70D518-7055-47C1-A545-1AE1B6FD4434}.Ad-Hoc|x64.Deploy.0 = Debug|Any CPU
		{4F70D518-7055-47C1-A545-1AE1B6FD4434}.Ad-Hoc|x86.ActiveCfg = Debug|Any CPU
		{4F70D518-7055-47C1-A545-1AE1B6FD4434}.Ad-Hoc|x86.Build.0 = Debug|Any CPU
		{4F70D518-7055-47C1-A545-1AE1B6FD4434}.Ad-Hoc|x86.Deploy.0 = Debug|Any CPU
		{4F70D518-7055-47C1-A545-1AE1B6FD4434}.AppStore|Any CPU.ActiveCfg = Debug|Any CPU
		{4F70D518-7055-47C1-A545-1AE1B6FD4434}.AppStore|Any CPU.Build.0 = Debug|Any CPU
		{4F70D518-7055-47C1-A545-1AE1B6FD4434}.AppStore|Any CPU.Deploy.0 = Debug|Any CPU
		{4F70D518-7055-47C1-A545-1AE1B6FD4434}.AppStore|ARM.ActiveCfg = Debug|Any CPU
		{4F70D518-7055-47C1-A545-1AE1B6FD4434}.AppStore|ARM.Build.0 = Debug|Any CPU
		{4F70D518-7055-47C1-A545-1AE1B6FD4434}.AppStore|ARM.Deploy.0 = Debug|Any CPU
		{4F70D518-7055-47C1-A545-1AE1B6FD4434}.AppStore|iPhone.ActiveCfg = Debug|Any CPU
		{4F70D518-7055-47C1-A545-1AE1B6FD4434}.AppStore|iPhone.Build.0 = Debug|Any CPU
		{4F70D518-7055-47C1-A545-1AE1B6FD4434}.AppStore|iPhone.Deploy.0 = Debug|Any CPU
		{4F70D518-7055-47C1-A545-1AE1B6FD4434}.AppStore|iPhoneSimulator.ActiveCfg = Debug|Any CPU
		{4F70D518-7055-47C1-A545-1AE1B6FD4434}.AppStore|iPhoneSimulator.Build.0 = Debug|Any CPU
		{4F70D518-7055-47C1-A545-1AE1B6FD4434}.AppStore|iPhoneSimulator.Deploy.0 = Debug|Any CPU
		{4F70D518-7055-47C1-A545-1AE1B6FD4434}.AppStore|x64.ActiveCfg = Debug|Any CPU
		{4F70D518-7055-47C1-A545-1AE1B6FD4434}.AppStore|x64.Build.0 = Debug|Any CPU
		{4F70D518-7055-47C1-A545-1AE1B6FD4434}.AppStore|x64.Deploy.0 = Debug|Any CPU
		{4F70D518-7055-47C1-A545-1AE1B6FD4434}.AppStore|x86.ActiveCfg = Debug|Any CPU
		{4F70D518-7055-47C1-A545-1AE1B6FD4434}.AppStore|x86.Build.0 = Debug|Any CPU
		{4F70D518-7055-47C1-A545-1AE1B6FD4434}.AppStore|x86.Deploy.0 = Debug|Any CPU
		{4F70D518-7055-47C1-A545-1AE1B6FD4434}.Debug|Any CPU.ActiveCfg = Debug|Any CPU
		{4F70D518-7055-47C1-A545-1AE1B6FD4434}.Debug|Any CPU.Build.0 = Debug|Any CPU
		{4F70D518-7055-47C1-A545-1AE1B6FD4434}.Debug|Any CPU.Deploy.0 = Debug|Any CPU
		{4F70D518-7055-47C1-A545-1AE1B6FD4434}.Debug|ARM.ActiveCfg = Debug|Any CPU
		{4F70D518-7055-47C1-A545-1AE1B6FD4434}.Debug|ARM.Build.0 = Debug|Any CPU
		{4F70D518-7055-47C1-A545-1AE1B6FD4434}.Debug|ARM.Deploy.0 = Debug|Any CPU
		{4F70D518-7055-47C1-A545-1AE1B6FD4434}.Debug|iPhone.ActiveCfg = Debug|Any CPU
		{4F70D518-7055-47C1-A545-1AE1B6FD4434}.Debug|iPhone.Build.0 = Debug|Any CPU
		{4F70D518-7055-47C1-A545-1AE1B6FD4434}.Debug|iPhone.Deploy.0 = Debug|Any CPU
		{4F70D518-7055-47C1-A545-1AE1B6FD4434}.Debug|iPhoneSimulator.ActiveCfg = Debug|Any CPU
		{4F70D518-7055-47C1-A545-1AE1B6FD4434}.Debug|iPhoneSimulator.Build.0 = Debug|Any CPU
		{4F70D518-7055-47C1-A545-1AE1B6FD4434}.Debug|iPhoneSimulator.Deploy.0 = Debug|Any CPU
		{4F70D518-7055-47C1-A545-1AE1B6FD4434}.Debug|x64.ActiveCfg = Debug|Any CPU
		{4F70D518-7055-47C1-A545-1AE1B6FD4434}.Debug|x64.Build.0 = Debug|Any CPU
		{4F70D518-7055-47C1-A545-1AE1B6FD4434}.Debug|x64.Deploy.0 = Debug|Any CPU
		{4F70D518-7055-47C1-A545-1AE1B6FD4434}.Debug|x86.ActiveCfg = Debug|Any CPU
		{4F70D518-7055-47C1-A545-1AE1B6FD4434}.Debug|x86.Build.0 = Debug|Any CPU
		{4F70D518-7055-47C1-A545-1AE1B6FD4434}.Debug|x86.Deploy.0 = Debug|Any CPU
		{4F70D518-7055-47C1-A545-1AE1B6FD4434}.Release|Any CPU.ActiveCfg = Release|Any CPU
		{4F70D518-7055-47C1-A545-1AE1B6FD4434}.Release|Any CPU.Build.0 = Release|Any CPU
		{4F70D518-7055-47C1-A545-1AE1B6FD4434}.Release|Any CPU.Deploy.0 = Release|Any CPU
		{4F70D518-7055-47C1-A545-1AE1B6FD4434}.Release|ARM.ActiveCfg = Release|Any CPU
		{4F70D518-7055-47C1-A545-1AE1B6FD4434}.Release|ARM.Build.0 = Release|Any CPU
		{4F70D518-7055-47C1-A545-1AE1B6FD4434}.Release|ARM.Deploy.0 = Release|Any CPU
		{4F70D518-7055-47C1-A545-1AE1B6FD4434}.Release|iPhone.ActiveCfg = Release|Any CPU
		{4F70D518-7055-47C1-A545-1AE1B6FD4434}.Release|iPhone.Build.0 = Release|Any CPU
		{4F70D518-7055-47C1-A545-1AE1B6FD4434}.Release|iPhone.Deploy.0 = Release|Any CPU
		{4F70D518-7055-47C1-A545-1AE1B6FD4434}.Release|iPhoneSimulator.ActiveCfg = Release|Any CPU
		{4F70D518-7055-47C1-A545-1AE1B6FD4434}.Release|iPhoneSimulator.Build.0 = Release|Any CPU
		{4F70D518-7055-47C1-A545-1AE1B6FD4434}.Release|iPhoneSimulator.Deploy.0 = Release|Any CPU
		{4F70D518-7055-47C1-A545-1AE1B6FD4434}.Release|x64.ActiveCfg = Release|Any CPU
		{4F70D518-7055-47C1-A545-1AE1B6FD4434}.Release|x64.Build.0 = Release|Any CPU
		{4F70D518-7055-47C1-A545-1AE1B6FD4434}.Release|x64.Deploy.0 = Release|Any CPU
		{4F70D518-7055-47C1-A545-1AE1B6FD4434}.Release|x86.ActiveCfg = Release|Any CPU
		{4F70D518-7055-47C1-A545-1AE1B6FD4434}.Release|x86.Build.0 = Release|Any CPU
		{4F70D518-7055-47C1-A545-1AE1B6FD4434}.Release|x86.Deploy.0 = Release|Any CPU
	EndGlobalSection
	GlobalSection(SolutionProperties) = preSolution
		HideSolutionNode = FALSE
	EndGlobalSection
	GlobalSection(ExtensibilityGlobals) = postSolution
		SolutionGuid = {0FD54EA3-2A45-4212-B4DC-536903DD9113}
	EndGlobalSection
EndGlobal
