
Microsoft Visual Studio Solution File, Format Version 12.00
# Visual Studio 15
VisualStudioVersion = 15.0.28307.421
MinimumVisualStudioVersion = 10.0.40219.1
Project("{FAE04EC0-301F-11D3-BF4B-00C04F79EFBC}") = "GridListView.Android", "GridListView\GridListView.Android\GridListView.Android.csproj", "{F759DE0A-683C-403B-A823-8FCDE12B0EBF}"
EndProject
Project("{FAE04EC0-301F-11D3-BF4B-00C04F79EFBC}") = "GridListView.iOS", "GridListView\GridListView.iOS\GridListView.iOS.csproj", "{9AF53DD8-2B32-4631-AA61-9B53771CB878}"
EndProject
Project("{FAE04EC0-301F-11D3-BF4B-00C04F79EFBC}") = "GridListView.UWP", "GridListView\GridListView.UWP\GridListView.UWP.csproj", "{BDC166AC-6992-4278-810C-8E79B855A76D}"
EndProject
Project("{FAE04EC0-301F-11D3-BF4B-00C04F79EFBC}") = "GridListView", "GridListView\GridListView\GridListView.csproj", "{01539013-2998-4585-BC22-205C67EA9660}"
EndProject
Global
	GlobalSection(SolutionConfigurationPlatforms) = preSolution
		Ad-Hoc|Any CPU = Ad-Hoc|Any CPU
		Ad-Hoc|ARM = Ad-Hoc|ARM
		Ad-Hoc|iPhone = Ad-Hoc|iPhone
		Ad-Hoc|iPhoneSimulator = Ad-Hoc|iPhoneSimulator
		Ad-Hoc|x64 = Ad-Hoc|x64
		Ad-Hoc|x86 = Ad-Hoc|x86
		AppStore|Any CPU = AppStore|Any CPU
		AppStore|ARM = AppStore|ARM
		AppStore|iPhone = AppStore|iPhone
		AppStore|iPhoneSimulator = AppStore|iPhoneSimulator
		AppStore|x64 = AppStore|x64
		AppStore|x86 = AppStore|x86
		Debug|Any CPU = Debug|Any CPU
		Debug|ARM = Debug|ARM
		Debug|iPhone = Debug|iPhone
		Debug|iPhoneSimulator = Debug|iPhoneSimulator
		Debug|x64 = Debug|x64
		Debug|x86 = Debug|x86
		Release|Any CPU = Release|Any CPU
		Release|ARM = Release|ARM
		Release|iPhone = Release|iPhone
		Release|iPhoneSimulator = Release|iPhoneSimulator
		Release|x64 = Release|x64
		Release|x86 = Release|x86
	EndGlobalSection
	GlobalSection(ProjectConfigurationPlatforms) = postSolution
		{F759DE0A-683C-403B-A823-8FCDE12B0EBF}.Ad-Hoc|Any CPU.ActiveCfg = Release|Any CPU
		{F759DE0A-683C-403B-A823-8FCDE12B0EBF}.Ad-Hoc|Any CPU.Build.0 = Release|Any CPU
		{F759DE0A-683C-403B-A823-8FCDE12B0EBF}.Ad-Hoc|Any CPU.Deploy.0 = Release|Any CPU
		{F759DE0A-683C-403B-A823-8FCDE12B0EBF}.Ad-Hoc|ARM.ActiveCfg = Release|Any CPU
		{F759DE0A-683C-403B-A823-8FCDE12B0EBF}.Ad-Hoc|ARM.Build.0 = Release|Any CPU
		{F759DE0A-683C-403B-A823-8FCDE12B0EBF}.Ad-Hoc|ARM.Deploy.0 = Release|Any CPU
		{F759DE0A-683C-403B-A823-8FCDE12B0EBF}.Ad-Hoc|iPhone.ActiveCfg = Release|Any CPU
		{F759DE0A-683C-403B-A823-8FCDE12B0EBF}.Ad-Hoc|iPhone.Build.0 = Release|Any CPU
		{F759DE0A-683C-403B-A823-8FCDE12B0EBF}.Ad-Hoc|iPhone.Deploy.0 = Release|Any CPU
		{F759DE0A-683C-403B-A823-8FCDE12B0EBF}.Ad-Hoc|iPhoneSimulator.ActiveCfg = Release|Any CPU
		{F759DE0A-683C-403B-A823-8FCDE12B0EBF}.Ad-Hoc|iPhoneSimulator.Build.0 = Release|Any CPU
		{F759DE0A-683C-403B-A823-8FCDE12B0EBF}.Ad-Hoc|iPhoneSimulator.Deploy.0 = Release|Any CPU
		{F759DE0A-683C-403B-A823-8FCDE12B0EBF}.Ad-Hoc|x64.ActiveCfg = Release|Any CPU
		{F759DE0A-683C-403B-A823-8FCDE12B0EBF}.Ad-Hoc|x64.Build.0 = Release|Any CPU
		{F759DE0A-683C-403B-A823-8FCDE12B0EBF}.Ad-Hoc|x64.Deploy.0 = Release|Any CPU
		{F759DE0A-683C-403B-A823-8FCDE12B0EBF}.Ad-Hoc|x86.ActiveCfg = Release|Any CPU
		{F759DE0A-683C-403B-A823-8FCDE12B0EBF}.Ad-Hoc|x86.Build.0 = Release|Any CPU
		{F759DE0A-683C-403B-A823-8FCDE12B0EBF}.Ad-Hoc|x86.Deploy.0 = Release|Any CPU
		{F759DE0A-683C-403B-A823-8FCDE12B0EBF}.AppStore|Any CPU.ActiveCfg = Release|Any CPU
		{F759DE0A-683C-403B-A823-8FCDE12B0EBF}.AppStore|Any CPU.Build.0 = Release|Any CPU
		{F759DE0A-683C-403B-A823-8FCDE12B0EBF}.AppStore|Any CPU.Deploy.0 = Release|Any CPU
		{F759DE0A-683C-403B-A823-8FCDE12B0EBF}.AppStore|ARM.ActiveCfg = Release|Any CPU
		{F759DE0A-683C-403B-A823-8FCDE12B0EBF}.AppStore|ARM.Build.0 = Release|Any CPU
		{F759DE0A-683C-403B-A823-8FCDE12B0EBF}.AppStore|ARM.Deploy.0 = Release|Any CPU
		{F759DE0A-683C-403B-A823-8FCDE12B0EBF}.AppStore|iPhone.ActiveCfg = Release|Any CPU
		{F759DE0A-683C-403B-A823-8FCDE12B0EBF}.AppStore|iPhone.Build.0 = Release|Any CPU
		{F759DE0A-683C-403B-A823-8FCDE12B0EBF}.AppStore|iPhone.Deploy.0 = Release|Any CPU
		{F759DE0A-683C-403B-A823-8FCDE12B0EBF}.AppStore|iPhoneSimulator.ActiveCfg = Release|Any CPU
		{F759DE0A-683C-403B-A823-8FCDE12B0EBF}.AppStore|iPhoneSimulator.Build.0 = Release|Any CPU
		{F759DE0A-683C-403B-A823-8FCDE12B0EBF}.AppStore|iPhoneSimulator.Deploy.0 = Release|Any CPU
		{F759DE0A-683C-403B-A823-8FCDE12B0EBF}.AppStore|x64.ActiveCfg = Release|Any CPU
		{F759DE0A-683C-403B-A823-8FCDE12B0EBF}.AppStore|x64.Build.0 = Release|Any CPU
		{F759DE0A-683C-403B-A823-8FCDE12B0EBF}.AppStore|x64.Deploy.0 = Release|Any CPU
		{F759DE0A-683C-403B-A823-8FCDE12B0EBF}.AppStore|x86.ActiveCfg = Release|Any CPU
		{F759DE0A-683C-403B-A823-8FCDE12B0EBF}.AppStore|x86.Build.0 = Release|Any CPU
		{F759DE0A-683C-403B-A823-8FCDE12B0EBF}.AppStore|x86.Deploy.0 = Release|Any CPU
		{F759DE0A-683C-403B-A823-8FCDE12B0EBF}.Debug|Any CPU.ActiveCfg = Debug|Any CPU
		{F759DE0A-683C-403B-A823-8FCDE12B0EBF}.Debug|Any CPU.Build.0 = Debug|Any CPU
		{F759DE0A-683C-403B-A823-8FCDE12B0EBF}.Debug|Any CPU.Deploy.0 = Debug|Any CPU
		{F759DE0A-683C-403B-A823-8FCDE12B0EBF}.Debug|ARM.ActiveCfg = Debug|Any CPU
		{F759DE0A-683C-403B-A823-8FCDE12B0EBF}.Debug|ARM.Build.0 = Debug|Any CPU
		{F759DE0A-683C-403B-A823-8FCDE12B0EBF}.Debug|ARM.Deploy.0 = Debug|Any CPU
		{F759DE0A-683C-403B-A823-8FCDE12B0EBF}.Debug|iPhone.ActiveCfg = Debug|Any CPU
		{F759DE0A-683C-403B-A823-8FCDE12B0EBF}.Debug|iPhone.Build.0 = Debug|Any CPU
		{F759DE0A-683C-403B-A823-8FCDE12B0EBF}.Debug|iPhone.Deploy.0 = Debug|Any CPU
		{F759DE0A-683C-403B-A823-8FCDE12B0EBF}.Debug|iPhoneSimulator.ActiveCfg = Debug|Any CPU
		{F759DE0A-683C-403B-A823-8FCDE12B0EBF}.Debug|iPhoneSimulator.Build.0 = Debug|Any CPU
		{F759DE0A-683C-403B-A823-8FCDE12B0EBF}.Debug|iPhoneSimulator.Deploy.0 = Debug|Any CPU
		{F759DE0A-683C-403B-A823-8FCDE12B0EBF}.Debug|x64.ActiveCfg = Debug|Any CPU
		{F759DE0A-683C-403B-A823-8FCDE12B0EBF}.Debug|x64.Build.0 = Debug|Any CPU
		{F759DE0A-683C-403B-A823-8FCDE12B0EBF}.Debug|x64.Deploy.0 = Debug|Any CPU
		{F759DE0A-683C-403B-A823-8FCDE12B0EBF}.Debug|x86.ActiveCfg = Debug|Any CPU
		{F759DE0A-683C-403B-A823-8FCDE12B0EBF}.Debug|x86.Build.0 = Debug|Any CPU
		{F759DE0A-683C-403B-A823-8FCDE12B0EBF}.Debug|x86.Deploy.0 = Debug|Any CPU
		{F759DE0A-683C-403B-A823-8FCDE12B0EBF}.Release|Any CPU.ActiveCfg = Release|Any CPU
		{F759DE0A-683C-403B-A823-8FCDE12B0EBF}.Release|Any CPU.Build.0 = Release|Any CPU
		{F759DE0A-683C-403B-A823-8FCDE12B0EBF}.Release|Any CPU.Deploy.0 = Release|Any CPU
		{F759DE0A-683C-403B-A823-8FCDE12B0EBF}.Release|ARM.ActiveCfg = Release|Any CPU
		{F759DE0A-683C-403B-A823-8FCDE12B0EBF}.Release|ARM.Build.0 = Release|Any CPU
		{F759DE0A-683C-403B-A823-8FCDE12B0EBF}.Release|ARM.Deploy.0 = Release|Any CPU
		{F759DE0A-683C-403B-A823-8FCDE12B0EBF}.Release|iPhone.ActiveCfg = Release|Any CPU
		{F759DE0A-683C-403B-A823-8FCDE12B0EBF}.Release|iPhone.Build.0 = Release|Any CPU
		{F759DE0A-683C-403B-A823-8FCDE12B0EBF}.Release|iPhone.Deploy.0 = Release|Any CPU
		{F759DE0A-683C-403B-A823-8FCDE12B0EBF}.Release|iPhoneSimulator.ActiveCfg = Release|Any CPU
		{F759DE0A-683C-403B-A823-8FCDE12B0EBF}.Release|iPhoneSimulator.Build.0 = Release|Any CPU
		{F759DE0A-683C-403B-A823-8FCDE12B0EBF}.Release|iPhoneSimulator.Deploy.0 = Release|Any CPU
		{F759DE0A-683C-403B-A823-8FCDE12B0EBF}.Release|x64.ActiveCfg = Release|Any CPU
		{F759DE0A-683C-403B-A823-8FCDE12B0EBF}.Release|x64.Build.0 = Release|Any CPU
		{F759DE0A-683C-403B-A823-8FCDE12B0EBF}.Release|x64.Deploy.0 = Release|Any CPU
		{F759DE0A-683C-403B-A823-8FCDE12B0EBF}.Release|x86.ActiveCfg = Release|Any CPU
		{F759DE0A-683C-403B-A823-8FCDE12B0EBF}.Release|x86.Build.0 = Release|Any CPU
		{F759DE0A-683C-403B-A823-8FCDE12B0EBF}.Release|x86.Deploy.0 = Release|Any CPU
		{9AF53DD8-2B32-4631-AA61-9B53771CB878}.Ad-Hoc|Any CPU.ActiveCfg = Ad-Hoc|iPhone
		{9AF53DD8-2B32-4631-AA61-9B53771CB878}.Ad-Hoc|Any CPU.Build.0 = Ad-Hoc|iPhone
		{9AF53DD8-2B32-4631-AA61-9B53771CB878}.Ad-Hoc|Any CPU.Deploy.0 = Ad-Hoc|iPhone
		{9AF53DD8-2B32-4631-AA61-9B53771CB878}.Ad-Hoc|ARM.ActiveCfg = Ad-Hoc|iPhone
		{9AF53DD8-2B32-4631-AA61-9B53771CB878}.Ad-Hoc|ARM.Build.0 = Ad-Hoc|iPhone
		{9AF53DD8-2B32-4631-AA61-9B53771CB878}.Ad-Hoc|ARM.Deploy.0 = Ad-Hoc|iPhone
		{9AF53DD8-2B32-4631-AA61-9B53771CB878}.Ad-Hoc|iPhone.ActiveCfg = Ad-Hoc|iPhone
		{9AF53DD8-2B32-4631-AA61-9B53771CB878}.Ad-Hoc|iPhone.Build.0 = Ad-Hoc|iPhone
		{9AF53DD8-2B32-4631-AA61-9B53771CB878}.Ad-Hoc|iPhone.Deploy.0 = Ad-Hoc|iPhone
		{9AF53DD8-2B32-4631-AA61-9B53771CB878}.Ad-Hoc|iPhoneSimulator.ActiveCfg = Ad-Hoc|iPhoneSimulator
		{9AF53DD8-2B32-4631-AA61-9B53771CB878}.Ad-Hoc|iPhoneSimulator.Build.0 = Ad-Hoc|iPhoneSimulator
		{9AF53DD8-2B32-4631-AA61-9B53771CB878}.Ad-Hoc|iPhoneSimulator.Deploy.0 = Ad-Hoc|iPhoneSimulator
		{9AF53DD8-2B32-4631-AA61-9B53771CB878}.Ad-Hoc|x64.ActiveCfg = Ad-Hoc|iPhone
		{9AF53DD8-2B32-4631-AA61-9B53771CB878}.Ad-Hoc|x64.Build.0 = Ad-Hoc|iPhone
		{9AF53DD8-2B32-4631-AA61-9B53771CB878}.Ad-Hoc|x64.Deploy.0 = Ad-Hoc|iPhone
		{9AF53DD8-2B32-4631-AA61-9B53771CB878}.Ad-Hoc|x86.ActiveCfg = Ad-Hoc|iPhone
		{9AF53DD8-2B32-4631-AA61-9B53771CB878}.Ad-Hoc|x86.Build.0 = Ad-Hoc|iPhone
		{9AF53DD8-2B32-4631-AA61-9B53771CB878}.Ad-Hoc|x86.Deploy.0 = Ad-Hoc|iPhone
		{9AF53DD8-2B32-4631-AA61-9B53771CB878}.AppStore|Any CPU.ActiveCfg = AppStore|iPhone
		{9AF53DD8-2B32-4631-AA61-9B53771CB878}.AppStore|Any CPU.Build.0 = AppStore|iPhone
		{9AF53DD8-2B32-4631-AA61-9B53771CB878}.AppStore|Any CPU.Deploy.0 = AppStore|iPhone
		{9AF53DD8-2B32-4631-AA61-9B53771CB878}.AppStore|ARM.ActiveCfg = AppStore|iPhone
		{9AF53DD8-2B32-4631-AA61-9B53771CB878}.AppStore|ARM.Build.0 = AppStore|iPhone
		{9AF53DD8-2B32-4631-AA61-9B53771CB878}.AppStore|ARM.Deploy.0 = AppStore|iPhone
		{9AF53DD8-2B32-4631-AA61-9B53771CB878}.AppStore|iPhone.ActiveCfg = AppStore|iPhone
		{9AF53DD8-2B32-4631-AA61-9B53771CB878}.AppStore|iPhone.Build.0 = AppStore|iPhone
		{9AF53DD8-2B32-4631-AA61-9B53771CB878}.AppStore|iPhone.Deploy.0 = AppStore|iPhone
		{9AF53DD8-2B32-4631-AA61-9B53771CB878}.AppStore|iPhoneSimulator.ActiveCfg = AppStore|iPhoneSimulator
		{9AF53DD8-2B32-4631-AA61-9B53771CB878}.AppStore|iPhoneSimulator.Build.0 = AppStore|iPhoneSimulator
		{9AF53DD8-2B32-4631-AA61-9B53771CB878}.AppStore|iPhoneSimulator.Deploy.0 = AppStore|iPhoneSimulator
		{9AF53DD8-2B32-4631-AA61-9B53771CB878}.AppStore|x64.ActiveCfg = AppStore|iPhone
		{9AF53DD8-2B32-4631-AA61-9B53771CB878}.AppStore|x64.Build.0 = AppStore|iPhone
		{9AF53DD8-2B32-4631-AA61-9B53771CB878}.AppStore|x64.Deploy.0 = AppStore|iPhone
		{9AF53DD8-2B32-4631-AA61-9B53771CB878}.AppStore|x86.ActiveCfg = AppStore|iPhone
		{9AF53DD8-2B32-4631-AA61-9B53771CB878}.AppStore|x86.Build.0 = AppStore|iPhone
		{9AF53DD8-2B32-4631-AA61-9B53771CB878}.AppStore|x86.Deploy.0 = AppStore|iPhone
		{9AF53DD8-2B32-4631-AA61-9B53771CB878}.Debug|Any CPU.ActiveCfg = Debug|iPhoneSimulator
		{9AF53DD8-2B32-4631-AA61-9B53771CB878}.Debug|Any CPU.Build.0 = Debug|iPhoneSimulator
		{9AF53DD8-2B32-4631-AA61-9B53771CB878}.Debug|Any CPU.Deploy.0 = Debug|iPhoneSimulator
		{9AF53DD8-2B32-4631-AA61-9B53771CB878}.Debug|ARM.ActiveCfg = Debug|iPhone
		{9AF53DD8-2B32-4631-AA61-9B53771CB878}.Debug|ARM.Build.0 = Debug|iPhone
		{9AF53DD8-2B32-4631-AA61-9B53771CB878}.Debug|ARM.Deploy.0 = Debug|iPhone
		{9AF53DD8-2B32-4631-AA61-9B53771CB878}.Debug|iPhone.ActiveCfg = Debug|iPhone
		{9AF53DD8-2B32-4631-AA61-9B53771CB878}.Debug|iPhone.Build.0 = Debug|iPhone
		{9AF53DD8-2B32-4631-AA61-9B53771CB878}.Debug|iPhone.Deploy.0 = Debug|iPhone
		{9AF53DD8-2B32-4631-AA61-9B53771CB878}.Debug|iPhoneSimulator.ActiveCfg = Debug|iPhoneSimulator
		{9AF53DD8-2B32-4631-AA61-9B53771CB878}.Debug|iPhoneSimulator.Build.0 = Debug|iPhoneSimulator
		{9AF53DD8-2B32-4631-AA61-9B53771CB878}.Debug|iPhoneSimulator.Deploy.0 = Debug|iPhoneSimulator
		{9AF53DD8-2B32-4631-AA61-9B53771CB878}.Debug|x64.ActiveCfg = Debug|iPhone
		{9AF53DD8-2B32-4631-AA61-9B53771CB878}.Debug|x64.Build.0 = Debug|iPhone
		{9AF53DD8-2B32-4631-AA61-9B53771CB878}.Debug|x64.Deploy.0 = Debug|iPhone
		{9AF53DD8-2B32-4631-AA61-9B53771CB878}.Debug|x86.ActiveCfg = Debug|iPhone
		{9AF53DD8-2B32-4631-AA61-9B53771CB878}.Debug|x86.Build.0 = Debug|iPhone
		{9AF53DD8-2B32-4631-AA61-9B53771CB878}.Debug|x86.Deploy.0 = Debug|iPhone
		{9AF53DD8-2B32-4631-AA61-9B53771CB878}.Release|Any CPU.ActiveCfg = Release|iPhone
		{9AF53DD8-2B32-4631-AA61-9B53771CB878}.Release|Any CPU.Build.0 = Release|iPhone
		{9AF53DD8-2B32-4631-AA61-9B53771CB878}.Release|Any CPU.Deploy.0 = Release|iPhone
		{9AF53DD8-2B32-4631-AA61-9B53771CB878}.Release|ARM.ActiveCfg = Release|iPhone
		{9AF53DD8-2B32-4631-AA61-9B53771CB878}.Release|ARM.Build.0 = Release|iPhone
		{9AF53DD8-2B32-4631-AA61-9B53771CB878}.Release|ARM.Deploy.0 = Release|iPhone
		{9AF53DD8-2B32-4631-AA61-9B53771CB878}.Release|iPhone.ActiveCfg = Release|iPhone
		{9AF53DD8-2B32-4631-AA61-9B53771CB878}.Release|iPhone.Build.0 = Release|iPhone
		{9AF53DD8-2B32-4631-AA61-9B53771CB878}.Release|iPhone.Deploy.0 = Release|iPhone
		{9AF53DD8-2B32-4631-AA61-9B53771CB878}.Release|iPhoneSimulator.ActiveCfg = Release|iPhoneSimulator
		{9AF53DD8-2B32-4631-AA61-9B53771CB878}.Release|iPhoneSimulator.Build.0 = Release|iPhoneSimulator
		{9AF53DD8-2B32-4631-AA61-9B53771CB878}.Release|iPhoneSimulator.Deploy.0 = Release|iPhoneSimulator
		{9AF53DD8-2B32-4631-AA61-9B53771CB878}.Release|x64.ActiveCfg = Release|iPhone
		{9AF53DD8-2B32-4631-AA61-9B53771CB878}.Release|x64.Build.0 = Release|iPhone
		{9AF53DD8-2B32-4631-AA61-9B53771CB878}.Release|x64.Deploy.0 = Release|iPhone
		{9AF53DD8-2B32-4631-AA61-9B53771CB878}.Release|x86.ActiveCfg = Release|iPhone
		{9AF53DD8-2B32-4631-AA61-9B53771CB878}.Release|x86.Build.0 = Release|iPhone
		{9AF53DD8-2B32-4631-AA61-9B53771CB878}.Release|x86.Deploy.0 = Release|iPhone
		{BDC166AC-6992-4278-810C-8E79B855A76D}.Ad-Hoc|Any CPU.ActiveCfg = Release|x86
		{BDC166AC-6992-4278-810C-8E79B855A76D}.Ad-Hoc|Any CPU.Build.0 = Release|x86
		{BDC166AC-6992-4278-810C-8E79B855A76D}.Ad-Hoc|Any CPU.Deploy.0 = Release|x86
		{BDC166AC-6992-4278-810C-8E79B855A76D}.Ad-Hoc|ARM.ActiveCfg = Release|ARM
		{BDC166AC-6992-4278-810C-8E79B855A76D}.Ad-Hoc|ARM.Build.0 = Release|ARM
		{BDC166AC-6992-4278-810C-8E79B855A76D}.Ad-Hoc|ARM.Deploy.0 = Release|ARM
		{BDC166AC-6992-4278-810C-8E79B855A76D}.Ad-Hoc|iPhone.ActiveCfg = Release|x86
		{BDC166AC-6992-4278-810C-8E79B855A76D}.Ad-Hoc|iPhone.Build.0 = Release|x86
		{BDC166AC-6992-4278-810C-8E79B855A76D}.Ad-Hoc|iPhone.Deploy.0 = Release|x86
		{BDC166AC-6992-4278-810C-8E79B855A76D}.Ad-Hoc|iPhoneSimulator.ActiveCfg = Release|x86
		{BDC166AC-6992-4278-810C-8E79B855A76D}.Ad-Hoc|iPhoneSimulator.Build.0 = Release|x86
		{BDC166AC-6992-4278-810C-8E79B855A76D}.Ad-Hoc|iPhoneSimulator.Deploy.0 = Release|x86
		{BDC166AC-6992-4278-810C-8E79B855A76D}.Ad-Hoc|x64.ActiveCfg = Release|x64
		{BDC166AC-6992-4278-810C-8E79B855A76D}.Ad-Hoc|x64.Build.0 = Release|x64
		{BDC166AC-6992-4278-810C-8E79B855A76D}.Ad-Hoc|x64.Deploy.0 = Release|x64
		{BDC166AC-6992-4278-810C-8E79B855A76D}.Ad-Hoc|x86.ActiveCfg = Release|x86
		{BDC166AC-6992-4278-810C-8E79B855A76D}.Ad-Hoc|x86.Build.0 = Release|x86
		{BDC166AC-6992-4278-810C-8E79B855A76D}.Ad-Hoc|x86.Deploy.0 = Release|x86
		{BDC166AC-6992-4278-810C-8E79B855A76D}.AppStore|Any CPU.ActiveCfg = Release|x86
		{BDC166AC-6992-4278-810C-8E79B855A76D}.AppStore|Any CPU.Build.0 = Release|x86
		{BDC166AC-6992-4278-810C-8E79B855A76D}.AppStore|Any CPU.Deploy.0 = Release|x86
		{BDC166AC-6992-4278-810C-8E79B855A76D}.AppStore|ARM.ActiveCfg = Release|ARM
		{BDC166AC-6992-4278-810C-8E79B855A76D}.AppStore|ARM.Build.0 = Release|ARM
		{BDC166AC-6992-4278-810C-8E79B855A76D}.AppStore|ARM.Deploy.0 = Release|ARM
		{BDC166AC-6992-4278-810C-8E79B855A76D}.AppStore|iPhone.ActiveCfg = Release|x86
		{BDC166AC-6992-4278-810C-8E79B855A76D}.AppStore|iPhone.Build.0 = Release|x86
		{BDC166AC-6992-4278-810C-8E79B855A76D}.AppStore|iPhone.Deploy.0 = Release|x86
		{BDC166AC-6992-4278-810C-8E79B855A76D}.AppStore|iPhoneSimulator.ActiveCfg = Release|x86
		{BDC166AC-6992-4278-810C-8E79B855A76D}.AppStore|iPhoneSimulator.Build.0 = Release|x86
		{BDC166AC-6992-4278-810C-8E79B855A76D}.AppStore|iPhoneSimulator.Deploy.0 = Release|x86
		{BDC166AC-6992-4278-810C-8E79B855A76D}.AppStore|x64.ActiveCfg = Release|x64
		{BDC166AC-6992-4278-810C-8E79B855A76D}.AppStore|x64.Build.0 = Release|x64
		{BDC166AC-6992-4278-810C-8E79B855A76D}.AppStore|x64.Deploy.0 = Release|x64
		{BDC166AC-6992-4278-810C-8E79B855A76D}.AppStore|x86.ActiveCfg = Release|x86
		{BDC166AC-6992-4278-810C-8E79B855A76D}.AppStore|x86.Build.0 = Release|x86
		{BDC166AC-6992-4278-810C-8E79B855A76D}.AppStore|x86.Deploy.0 = Release|x86
		{BDC166AC-6992-4278-810C-8E79B855A76D}.Debug|Any CPU.ActiveCfg = Debug|x86
		{BDC166AC-6992-4278-810C-8E79B855A76D}.Debug|Any CPU.Build.0 = Debug|x86
		{BDC166AC-6992-4278-810C-8E79B855A76D}.Debug|Any CPU.Deploy.0 = Debug|x86
		{BDC166AC-6992-4278-810C-8E79B855A76D}.Debug|ARM.ActiveCfg = Debug|ARM
		{BDC166AC-6992-4278-810C-8E79B855A76D}.Debug|ARM.Build.0 = Debug|ARM
		{BDC166AC-6992-4278-810C-8E79B855A76D}.Debug|ARM.Deploy.0 = Debug|ARM
		{BDC166AC-6992-4278-810C-8E79B855A76D}.Debug|iPhone.ActiveCfg = Debug|x86
		{BDC166AC-6992-4278-810C-8E79B855A76D}.Debug|iPhone.Build.0 = Debug|x86
		{BDC166AC-6992-4278-810C-8E79B855A76D}.Debug|iPhone.Deploy.0 = Debug|x86
		{BDC166AC-6992-4278-810C-8E79B855A76D}.Debug|iPhoneSimulator.ActiveCfg = Debug|x86
		{BDC166AC-6992-4278-810C-8E79B855A76D}.Debug|iPhoneSimulator.Build.0 = Debug|x86
		{BDC166AC-6992-4278-810C-8E79B855A76D}.Debug|iPhoneSimulator.Deploy.0 = Debug|x86
		{BDC166AC-6992-4278-810C-8E79B855A76D}.Debug|x64.ActiveCfg = Debug|x64
		{BDC166AC-6992-4278-810C-8E79B855A76D}.Debug|x64.Build.0 = Debug|x64
		{BDC166AC-6992-4278-810C-8E79B855A76D}.Debug|x64.Deploy.0 = Debug|x64
		{BDC166AC-6992-4278-810C-8E79B855A76D}.Debug|x86.ActiveCfg = Debug|x86
		{BDC166AC-6992-4278-810C-8E79B855A76D}.Debug|x86.Build.0 = Debug|x86
		{BDC166AC-6992-4278-810C-8E79B855A76D}.Debug|x86.Deploy.0 = Debug|x86
		{BDC166AC-6992-4278-810C-8E79B855A76D}.Release|Any CPU.ActiveCfg = Release|x86
		{BDC166AC-6992-4278-810C-8E79B855A76D}.Release|Any CPU.Build.0 = Release|x86
		{BDC166AC-6992-4278-810C-8E79B855A76D}.Release|Any CPU.Deploy.0 = Release|x86
		{BDC166AC-6992-4278-810C-8E79B855A76D}.Release|ARM.ActiveCfg = Release|ARM
		{BDC166AC-6992-4278-810C-8E79B855A76D}.Release|ARM.Build.0 = Release|ARM
		{BDC166AC-6992-4278-810C-8E79B855A76D}.Release|ARM.Deploy.0 = Release|ARM
		{BDC166AC-6992-4278-810C-8E79B855A76D}.Release|iPhone.ActiveCfg = Release|x86
		{BDC166AC-6992-4278-810C-8E79B855A76D}.Release|iPhone.Build.0 = Release|x86
		{BDC166AC-6992-4278-810C-8E79B855A76D}.Release|iPhone.Deploy.0 = Release|x86
		{BDC166AC-6992-4278-810C-8E79B855A76D}.Release|iPhoneSimulator.ActiveCfg = Release|x86
		{BDC166AC-6992-4278-810C-8E79B855A76D}.Release|iPhoneSimulator.Build.0 = Release|x86
		{BDC166AC-6992-4278-810C-8E79B855A76D}.Release|iPhoneSimulator.Deploy.0 = Release|x86
		{BDC166AC-6992-4278-810C-8E79B855A76D}.Release|x64.ActiveCfg = Release|x64
		{BDC166AC-6992-4278-810C-8E79B855A76D}.Release|x64.Build.0 = Release|x64
		{BDC166AC-6992-4278-810C-8E79B855A76D}.Release|x64.Deploy.0 = Release|x64
		{BDC166AC-6992-4278-810C-8E79B855A76D}.Release|x86.ActiveCfg = Release|x86
		{BDC166AC-6992-4278-810C-8E79B855A76D}.Release|x86.Build.0 = Release|x86
		{BDC166AC-6992-4278-810C-8E79B855A76D}.Release|x86.Deploy.0 = Release|x86
		{01539013-2998-4585-BC22-205C67EA9660}.Ad-Hoc|Any CPU.ActiveCfg = Debug|Any CPU
		{01539013-2998-4585-BC22-205C67EA9660}.Ad-Hoc|Any CPU.Build.0 = Debug|Any CPU
		{01539013-2998-4585-BC22-205C67EA9660}.Ad-Hoc|Any CPU.Deploy.0 = Debug|Any CPU
		{01539013-2998-4585-BC22-205C67EA9660}.Ad-Hoc|ARM.ActiveCfg = Debug|Any CPU
		{01539013-2998-4585-BC22-205C67EA9660}.Ad-Hoc|ARM.Build.0 = Debug|Any CPU
		{01539013-2998-4585-BC22-205C67EA9660}.Ad-Hoc|ARM.Deploy.0 = Debug|Any CPU
		{01539013-2998-4585-BC22-205C67EA9660}.Ad-Hoc|iPhone.ActiveCfg = Debug|Any CPU
		{01539013-2998-4585-BC22-205C67EA9660}.Ad-Hoc|iPhone.Build.0 = Debug|Any CPU
		{01539013-2998-4585-BC22-205C67EA9660}.Ad-Hoc|iPhone.Deploy.0 = Debug|Any CPU
		{01539013-2998-4585-BC22-205C67EA9660}.Ad-Hoc|iPhoneSimulator.ActiveCfg = Debug|Any CPU
		{01539013-2998-4585-BC22-205C67EA9660}.Ad-Hoc|iPhoneSimulator.Build.0 = Debug|Any CPU
		{01539013-2998-4585-BC22-205C67EA9660}.Ad-Hoc|iPhoneSimulator.Deploy.0 = Debug|Any CPU
		{01539013-2998-4585-BC22-205C67EA9660}.Ad-Hoc|x64.ActiveCfg = Debug|Any CPU
		{01539013-2998-4585-BC22-205C67EA9660}.Ad-Hoc|x64.Build.0 = Debug|Any CPU
		{01539013-2998-4585-BC22-205C67EA9660}.Ad-Hoc|x64.Deploy.0 = Debug|Any CPU
		{01539013-2998-4585-BC22-205C67EA9660}.Ad-Hoc|x86.ActiveCfg = Debug|Any CPU
		{01539013-2998-4585-BC22-205C67EA9660}.Ad-Hoc|x86.Build.0 = Debug|Any CPU
		{01539013-2998-4585-BC22-205C67EA9660}.Ad-Hoc|x86.Deploy.0 = Debug|Any CPU
		{01539013-2998-4585-BC22-205C67EA9660}.AppStore|Any CPU.ActiveCfg = Debug|Any CPU
		{01539013-2998-4585-BC22-205C67EA9660}.AppStore|Any CPU.Build.0 = Debug|Any CPU
		{01539013-2998-4585-BC22-205C67EA9660}.AppStore|Any CPU.Deploy.0 = Debug|Any CPU
		{01539013-2998-4585-BC22-205C67EA9660}.AppStore|ARM.ActiveCfg = Debug|Any CPU
		{01539013-2998-4585-BC22-205C67EA9660}.AppStore|ARM.Build.0 = Debug|Any CPU
		{01539013-2998-4585-BC22-205C67EA9660}.AppStore|ARM.Deploy.0 = Debug|Any CPU
		{01539013-2998-4585-BC22-205C67EA9660}.AppStore|iPhone.ActiveCfg = Debug|Any CPU
		{01539013-2998-4585-BC22-205C67EA9660}.AppStore|iPhone.Build.0 = Debug|Any CPU
		{01539013-2998-4585-BC22-205C67EA9660}.AppStore|iPhone.Deploy.0 = Debug|Any CPU
		{01539013-2998-4585-BC22-205C67EA9660}.AppStore|iPhoneSimulator.ActiveCfg = Debug|Any CPU
		{01539013-2998-4585-BC22-205C67EA9660}.AppStore|iPhoneSimulator.Build.0 = Debug|Any CPU
		{01539013-2998-4585-BC22-205C67EA9660}.AppStore|iPhoneSimulator.Deploy.0 = Debug|Any CPU
		{01539013-2998-4585-BC22-205C67EA9660}.AppStore|x64.ActiveCfg = Debug|Any CPU
		{01539013-2998-4585-BC22-205C67EA9660}.AppStore|x64.Build.0 = Debug|Any CPU
		{01539013-2998-4585-BC22-205C67EA9660}.AppStore|x64.Deploy.0 = Debug|Any CPU
		{01539013-2998-4585-BC22-205C67EA9660}.AppStore|x86.ActiveCfg = Debug|Any CPU
		{01539013-2998-4585-BC22-205C67EA9660}.AppStore|x86.Build.0 = Debug|Any CPU
		{01539013-2998-4585-BC22-205C67EA9660}.AppStore|x86.Deploy.0 = Debug|Any CPU
		{01539013-2998-4585-BC22-205C67EA9660}.Debug|Any CPU.ActiveCfg = Debug|Any CPU
		{01539013-2998-4585-BC22-205C67EA9660}.Debug|Any CPU.Build.0 = Debug|Any CPU
		{01539013-2998-4585-BC22-205C67EA9660}.Debug|Any CPU.Deploy.0 = Debug|Any CPU
		{01539013-2998-4585-BC22-205C67EA9660}.Debug|ARM.ActiveCfg = Debug|Any CPU
		{01539013-2998-4585-BC22-205C67EA9660}.Debug|ARM.Build.0 = Debug|Any CPU
		{01539013-2998-4585-BC22-205C67EA9660}.Debug|ARM.Deploy.0 = Debug|Any CPU
		{01539013-2998-4585-BC22-205C67EA9660}.Debug|iPhone.ActiveCfg = Debug|Any CPU
		{01539013-2998-4585-BC22-205C67EA9660}.Debug|iPhone.Build.0 = Debug|Any CPU
		{01539013-2998-4585-BC22-205C67EA9660}.Debug|iPhone.Deploy.0 = Debug|Any CPU
		{01539013-2998-4585-BC22-205C67EA9660}.Debug|iPhoneSimulator.ActiveCfg = Debug|Any CPU
		{01539013-2998-4585-BC22-205C67EA9660}.Debug|iPhoneSimulator.Build.0 = Debug|Any CPU
		{01539013-2998-4585-BC22-205C67EA9660}.Debug|iPhoneSimulator.Deploy.0 = Debug|Any CPU
		{01539013-2998-4585-BC22-205C67EA9660}.Debug|x64.ActiveCfg = Debug|Any CPU
		{01539013-2998-4585-BC22-205C67EA9660}.Debug|x64.Build.0 = Debug|Any CPU
		{01539013-2998-4585-BC22-205C67EA9660}.Debug|x64.Deploy.0 = Debug|Any CPU
		{01539013-2998-4585-BC22-205C67EA9660}.Debug|x86.ActiveCfg = Debug|Any CPU
		{01539013-2998-4585-BC22-205C67EA9660}.Debug|x86.Build.0 = Debug|Any CPU
		{01539013-2998-4585-BC22-205C67EA9660}.Debug|x86.Deploy.0 = Debug|Any CPU
		{01539013-2998-4585-BC22-205C67EA9660}.Release|Any CPU.ActiveCfg = Release|Any CPU
		{01539013-2998-4585-BC22-205C67EA9660}.Release|Any CPU.Build.0 = Release|Any CPU
		{01539013-2998-4585-BC22-205C67EA9660}.Release|Any CPU.Deploy.0 = Release|Any CPU
		{01539013-2998-4585-BC22-205C67EA9660}.Release|ARM.ActiveCfg = Release|Any CPU
		{01539013-2998-4585-BC22-205C67EA9660}.Release|ARM.Build.0 = Release|Any CPU
		{01539013-2998-4585-BC22-205C67EA9660}.Release|ARM.Deploy.0 = Release|Any CPU
		{01539013-2998-4585-BC22-205C67EA9660}.Release|iPhone.ActiveCfg = Release|Any CPU
		{01539013-2998-4585-BC22-205C67EA9660}.Release|iPhone.Build.0 = Release|Any CPU
		{01539013-2998-4585-BC22-205C67EA9660}.Release|iPhone.Deploy.0 = Release|Any CPU
		{01539013-2998-4585-BC22-205C67EA9660}.Release|iPhoneSimulator.ActiveCfg = Release|Any CPU
		{01539013-2998-4585-BC22-205C67EA9660}.Release|iPhoneSimulator.Build.0 = Release|Any CPU
		{01539013-2998-4585-BC22-205C67EA9660}.Release|iPhoneSimulator.Deploy.0 = Release|Any CPU
		{01539013-2998-4585-BC22-205C67EA9660}.Release|x64.ActiveCfg = Release|Any CPU
		{01539013-2998-4585-BC22-205C67EA9660}.Release|x64.Build.0 = Release|Any CPU
		{01539013-2998-4585-BC22-205C67EA9660}.Release|x64.Deploy.0 = Release|Any CPU
		{01539013-2998-4585-BC22-205C67EA9660}.Release|x86.ActiveCfg = Release|Any CPU
		{01539013-2998-4585-BC22-205C67EA9660}.Release|x86.Build.0 = Release|Any CPU
		{01539013-2998-4585-BC22-205C67EA9660}.Release|x86.Deploy.0 = Release|Any CPU
	EndGlobalSection
	GlobalSection(SolutionProperties) = preSolution
		HideSolutionNode = FALSE
	EndGlobalSection
	GlobalSection(ExtensibilityGlobals) = postSolution
		SolutionGuid = {377C461C-E07D-4B6F-BEAC-B9BC9BF228F2}
	EndGlobalSection
EndGlobal
