
Microsoft Visual Studio Solution File, Format Version 12.00
# Visual Studio 15
VisualStudioVersion = 15.0.28307.329
MinimumVisualStudioVersion = 10.0.40219.1
Project("{FAE04EC0-301F-11D3-BF4B-00C04F79EFBC}") = "TabbedPageBasic2.Android", "TabbedPageBasic2\TabbedPageBasic2.Android\TabbedPageBasic2.Android.csproj", "{CD97E2B4-5DC0-443B-834D-0DCC37B749DE}"
EndProject
Project("{FAE04EC0-301F-11D3-BF4B-00C04F79EFBC}") = "TabbedPageBasic2.iOS", "TabbedPageBasic2\TabbedPageBasic2.iOS\TabbedPageBasic2.iOS.csproj", "{321D7EF8-75B7-4033-B1E7-AC91AFA109E3}"
EndProject
Project("{FAE04EC0-301F-11D3-BF4B-00C04F79EFBC}") = "TabbedPageBasic2", "TabbedPageBasic2\TabbedPageBasic2\TabbedPageBasic2.csproj", "{56F6901C-9D88-496E-9AA7-119816AEA430}"
EndProject
Global
	GlobalSection(SolutionConfigurationPlatforms) = preSolution
		Ad-Hoc|Any CPU = Ad-Hoc|Any CPU
		Ad-Hoc|iPhone = Ad-Hoc|iPhone
		Ad-Hoc|iPhoneSimulator = Ad-Hoc|iPhoneSimulator
		AppStore|Any CPU = AppStore|Any CPU
		AppStore|iPhone = AppStore|iPhone
		AppStore|iPhoneSimulator = AppStore|iPhoneSimulator
		Debug|Any CPU = Debug|Any CPU
		Debug|iPhone = Debug|iPhone
		Debug|iPhoneSimulator = Debug|iPhoneSimulator
		Release|Any CPU = Release|Any CPU
		Release|iPhone = Release|iPhone
		Release|iPhoneSimulator = Release|iPhoneSimulator
	EndGlobalSection
	GlobalSection(ProjectConfigurationPlatforms) = postSolution
		{CD97E2B4-5DC0-443B-834D-0DCC37B749DE}.Ad-Hoc|Any CPU.ActiveCfg = Release|Any CPU
		{CD97E2B4-5DC0-443B-834D-0DCC37B749DE}.Ad-Hoc|Any CPU.Build.0 = Release|Any CPU
		{CD97E2B4-5DC0-443B-834D-0DCC37B749DE}.Ad-Hoc|Any CPU.Deploy.0 = Release|Any CPU
		{CD97E2B4-5DC0-443B-834D-0DCC37B749DE}.Ad-Hoc|iPhone.ActiveCfg = Release|Any CPU
		{CD97E2B4-5DC0-443B-834D-0DCC37B749DE}.Ad-Hoc|iPhone.Build.0 = Release|Any CPU
		{CD97E2B4-5DC0-443B-834D-0DCC37B749DE}.Ad-Hoc|iPhone.Deploy.0 = Release|Any CPU
		{CD97E2B4-5DC0-443B-834D-0DCC37B749DE}.Ad-Hoc|iPhoneSimulator.ActiveCfg = Release|Any CPU
		{CD97E2B4-5DC0-443B-834D-0DCC37B749DE}.Ad-Hoc|iPhoneSimulator.Build.0 = Release|Any CPU
		{CD97E2B4-5DC0-443B-834D-0DCC37B749DE}.Ad-Hoc|iPhoneSimulator.Deploy.0 = Release|Any CPU
		{CD97E2B4-5DC0-443B-834D-0DCC37B749DE}.AppStore|Any CPU.ActiveCfg = Release|Any CPU
		{CD97E2B4-5DC0-443B-834D-0DCC37B749DE}.AppStore|Any CPU.Build.0 = Release|Any CPU
		{CD97E2B4-5DC0-443B-834D-0DCC37B749DE}.AppStore|Any CPU.Deploy.0 = Release|Any CPU
		{CD97E2B4-5DC0-443B-834D-0DCC37B749DE}.AppStore|iPhone.ActiveCfg = Release|Any CPU
		{CD97E2B4-5DC0-443B-834D-0DCC37B749DE}.AppStore|iPhone.Build.0 = Release|Any CPU
		{CD97E2B4-5DC0-443B-834D-0DCC37B749DE}.AppStore|iPhone.Deploy.0 = Release|Any CPU
		{CD97E2B4-5DC0-443B-834D-0DCC37B749DE}.AppStore|iPhoneSimulator.ActiveCfg = Release|Any CPU
		{CD97E2B4-5DC0-443B-834D-0DCC37B749DE}.AppStore|iPhoneSimulator.Build.0 = Release|Any CPU
		{CD97E2B4-5DC0-443B-834D-0DCC37B749DE}.AppStore|iPhoneSimulator.Deploy.0 = Release|Any CPU
		{CD97E2B4-5DC0-443B-834D-0DCC37B749DE}.Debug|Any CPU.ActiveCfg = Debug|Any CPU
		{CD97E2B4-5DC0-443B-834D-0DCC37B749DE}.Debug|Any CPU.Build.0 = Debug|Any CPU
		{CD97E2B4-5DC0-443B-834D-0DCC37B749DE}.Debug|Any CPU.Deploy.0 = Debug|Any CPU
		{CD97E2B4-5DC0-443B-834D-0DCC37B749DE}.Debug|iPhone.ActiveCfg = Debug|Any CPU
		{CD97E2B4-5DC0-443B-834D-0DCC37B749DE}.Debug|iPhone.Build.0 = Debug|Any CPU
		{CD97E2B4-5DC0-443B-834D-0DCC37B749DE}.Debug|iPhone.Deploy.0 = Debug|Any CPU
		{CD97E2B4-5DC0-443B-834D-0DCC37B749DE}.Debug|iPhoneSimulator.ActiveCfg = Debug|Any CPU
		{CD97E2B4-5DC0-443B-834D-0DCC37B749DE}.Debug|iPhoneSimulator.Build.0 = Debug|Any CPU
		{CD97E2B4-5DC0-443B-834D-0DCC37B749DE}.Debug|iPhoneSimulator.Deploy.0 = Debug|Any CPU
		{CD97E2B4-5DC0-443B-834D-0DCC37B749DE}.Release|Any CPU.ActiveCfg = Release|Any CPU
		{CD97E2B4-5DC0-443B-834D-0DCC37B749DE}.Release|Any CPU.Build.0 = Release|Any CPU
		{CD97E2B4-5DC0-443B-834D-0DCC37B749DE}.Release|Any CPU.Deploy.0 = Release|Any CPU
		{CD97E2B4-5DC0-443B-834D-0DCC37B749DE}.Release|iPhone.ActiveCfg = Release|Any CPU
		{CD97E2B4-5DC0-443B-834D-0DCC37B749DE}.Release|iPhone.Build.0 = Release|Any CPU
		{CD97E2B4-5DC0-443B-834D-0DCC37B749DE}.Release|iPhone.Deploy.0 = Release|Any CPU
		{CD97E2B4-5DC0-443B-834D-0DCC37B749DE}.Release|iPhoneSimulator.ActiveCfg = Release|Any CPU
		{CD97E2B4-5DC0-443B-834D-0DCC37B749DE}.Release|iPhoneSimulator.Build.0 = Release|Any CPU
		{CD97E2B4-5DC0-443B-834D-0DCC37B749DE}.Release|iPhoneSimulator.Deploy.0 = Release|Any CPU
		{321D7EF8-75B7-4033-B1E7-AC91AFA109E3}.Ad-Hoc|Any CPU.ActiveCfg = Ad-Hoc|iPhone
		{321D7EF8-75B7-4033-B1E7-AC91AFA109E3}.Ad-Hoc|Any CPU.Build.0 = Ad-Hoc|iPhone
		{321D7EF8-75B7-4033-B1E7-AC91AFA109E3}.Ad-Hoc|Any CPU.Deploy.0 = Ad-Hoc|iPhone
		{321D7EF8-75B7-4033-B1E7-AC91AFA109E3}.Ad-Hoc|iPhone.ActiveCfg = Ad-Hoc|iPhone
		{321D7EF8-75B7-4033-B1E7-AC91AFA109E3}.Ad-Hoc|iPhone.Build.0 = Ad-Hoc|iPhone
		{321D7EF8-75B7-4033-B1E7-AC91AFA109E3}.Ad-Hoc|iPhone.Deploy.0 = Ad-Hoc|iPhone
		{321D7EF8-75B7-4033-B1E7-AC91AFA109E3}.Ad-Hoc|iPhoneSimulator.ActiveCfg = Ad-Hoc|iPhoneSimulator
		{321D7EF8-75B7-4033-B1E7-AC91AFA109E3}.Ad-Hoc|iPhoneSimulator.Build.0 = Ad-Hoc|iPhoneSimulator
		{321D7EF8-75B7-4033-B1E7-AC91AFA109E3}.Ad-Hoc|iPhoneSimulator.Deploy.0 = Ad-Hoc|iPhoneSimulator
		{321D7EF8-75B7-4033-B1E7-AC91AFA109E3}.AppStore|Any CPU.ActiveCfg = AppStore|iPhone
		{321D7EF8-75B7-4033-B1E7-AC91AFA109E3}.AppStore|Any CPU.Build.0 = AppStore|iPhone
		{321D7EF8-75B7-4033-B1E7-AC91AFA109E3}.AppStore|Any CPU.Deploy.0 = AppStore|iPhone
		{321D7EF8-75B7-4033-B1E7-AC91AFA109E3}.AppStore|iPhone.ActiveCfg = AppStore|iPhone
		{321D7EF8-75B7-4033-B1E7-AC91AFA109E3}.AppStore|iPhone.Build.0 = AppStore|iPhone
		{321D7EF8-75B7-4033-B1E7-AC91AFA109E3}.AppStore|iPhone.Deploy.0 = AppStore|iPhone
		{321D7EF8-75B7-4033-B1E7-AC91AFA109E3}.AppStore|iPhoneSimulator.ActiveCfg = AppStore|iPhoneSimulator
		{321D7EF8-75B7-4033-B1E7-AC91AFA109E3}.AppStore|iPhoneSimulator.Build.0 = AppStore|iPhoneSimulator
		{321D7EF8-75B7-4033-B1E7-AC91AFA109E3}.AppStore|iPhoneSimulator.Deploy.0 = AppStore|iPhoneSimulator
		{321D7EF8-75B7-4033-B1E7-AC91AFA109E3}.Debug|Any CPU.ActiveCfg = Debug|iPhoneSimulator
		{321D7EF8-75B7-4033-B1E7-AC91AFA109E3}.Debug|Any CPU.Build.0 = Debug|iPhoneSimulator
		{321D7EF8-75B7-4033-B1E7-AC91AFA109E3}.Debug|Any CPU.Deploy.0 = Debug|iPhoneSimulator
		{321D7EF8-75B7-4033-B1E7-AC91AFA109E3}.Debug|iPhone.ActiveCfg = Debug|iPhone
		{321D7EF8-75B7-4033-B1E7-AC91AFA109E3}.Debug|iPhone.Build.0 = Debug|iPhone
		{321D7EF8-75B7-4033-B1E7-AC91AFA109E3}.Debug|iPhone.Deploy.0 = Debug|iPhone
		{321D7EF8-75B7-4033-B1E7-AC91AFA109E3}.Debug|iPhoneSimulator.ActiveCfg = Debug|iPhoneSimulator
		{321D7EF8-75B7-4033-B1E7-AC91AFA109E3}.Debug|iPhoneSimulator.Build.0 = Debug|iPhoneSimulator
		{321D7EF8-75B7-4033-B1E7-AC91AFA109E3}.Debug|iPhoneSimulator.Deploy.0 = Debug|iPhoneSimulator
		{321D7EF8-75B7-4033-B1E7-AC91AFA109E3}.Release|Any CPU.ActiveCfg = Release|iPhone
		{321D7EF8-75B7-4033-B1E7-AC91AFA109E3}.Release|Any CPU.Build.0 = Release|iPhone
		{321D7EF8-75B7-4033-B1E7-AC91AFA109E3}.Release|Any CPU.Deploy.0 = Release|iPhone
		{321D7EF8-75B7-4033-B1E7-AC91AFA109E3}.Release|iPhone.ActiveCfg = Release|iPhone
		{321D7EF8-75B7-4033-B1E7-AC91AFA109E3}.Release|iPhone.Build.0 = Release|iPhone
		{321D7EF8-75B7-4033-B1E7-AC91AFA109E3}.Release|iPhone.Deploy.0 = Release|iPhone
		{321D7EF8-75B7-4033-B1E7-AC91AFA109E3}.Release|iPhoneSimulator.ActiveCfg = Release|iPhoneSimulator
		{321D7EF8-75B7-4033-B1E7-AC91AFA109E3}.Release|iPhoneSimulator.Build.0 = Release|iPhoneSimulator
		{321D7EF8-75B7-4033-B1E7-AC91AFA109E3}.Release|iPhoneSimulator.Deploy.0 = Release|iPhoneSimulator
		{56F6901C-9D88-496E-9AA7-119816AEA430}.Ad-Hoc|Any CPU.ActiveCfg = Debug|Any CPU
		{56F6901C-9D88-496E-9AA7-119816AEA430}.Ad-Hoc|Any CPU.Build.0 = Debug|Any CPU
		{56F6901C-9D88-496E-9AA7-119816AEA430}.Ad-Hoc|Any CPU.Deploy.0 = Debug|Any CPU
		{56F6901C-9D88-496E-9AA7-119816AEA430}.Ad-Hoc|iPhone.ActiveCfg = Debug|Any CPU
		{56F6901C-9D88-496E-9AA7-119816AEA430}.Ad-Hoc|iPhone.Build.0 = Debug|Any CPU
		{56F6901C-9D88-496E-9AA7-119816AEA430}.Ad-Hoc|iPhone.Deploy.0 = Debug|Any CPU
		{56F6901C-9D88-496E-9AA7-119816AEA430}.Ad-Hoc|iPhoneSimulator.ActiveCfg = Debug|Any CPU
		{56F6901C-9D88-496E-9AA7-119816AEA430}.Ad-Hoc|iPhoneSimulator.Build.0 = Debug|Any CPU
		{56F6901C-9D88-496E-9AA7-119816AEA430}.Ad-Hoc|iPhoneSimulator.Deploy.0 = Debug|Any CPU
		{56F6901C-9D88-496E-9AA7-119816AEA430}.AppStore|Any CPU.ActiveCfg = Debug|Any CPU
		{56F6901C-9D88-496E-9AA7-119816AEA430}.AppStore|Any CPU.Build.0 = Debug|Any CPU
		{56F6901C-9D88-496E-9AA7-119816AEA430}.AppStore|Any CPU.Deploy.0 = Debug|Any CPU
		{56F6901C-9D88-496E-9AA7-119816AEA430}.AppStore|iPhone.ActiveCfg = Debug|Any CPU
		{56F6901C-9D88-496E-9AA7-119816AEA430}.AppStore|iPhone.Build.0 = Debug|Any CPU
		{56F6901C-9D88-496E-9AA7-119816AEA430}.AppStore|iPhone.Deploy.0 = Debug|Any CPU
		{56F6901C-9D88-496E-9AA7-119816AEA430}.AppStore|iPhoneSimulator.ActiveCfg = Debug|Any CPU
		{56F6901C-9D88-496E-9AA7-119816AEA430}.AppStore|iPhoneSimulator.Build.0 = Debug|Any CPU
		{56F6901C-9D88-496E-9AA7-119816AEA430}.AppStore|iPhoneSimulator.Deploy.0 = Debug|Any CPU
		{56F6901C-9D88-496E-9AA7-119816AEA430}.Debug|Any CPU.ActiveCfg = Debug|Any CPU
		{56F6901C-9D88-496E-9AA7-119816AEA430}.Debug|Any CPU.Build.0 = Debug|Any CPU
		{56F6901C-9D88-496E-9AA7-119816AEA430}.Debug|Any CPU.Deploy.0 = Debug|Any CPU
		{56F6901C-9D88-496E-9AA7-119816AEA430}.Debug|iPhone.ActiveCfg = Debug|Any CPU
		{56F6901C-9D88-496E-9AA7-119816AEA430}.Debug|iPhone.Build.0 = Debug|Any CPU
		{56F6901C-9D88-496E-9AA7-119816AEA430}.Debug|iPhone.Deploy.0 = Debug|Any CPU
		{56F6901C-9D88-496E-9AA7-119816AEA430}.Debug|iPhoneSimulator.ActiveCfg = Debug|Any CPU
		{56F6901C-9D88-496E-9AA7-119816AEA430}.Debug|iPhoneSimulator.Build.0 = Debug|Any CPU
		{56F6901C-9D88-496E-9AA7-119816AEA430}.Debug|iPhoneSimulator.Deploy.0 = Debug|Any CPU
		{56F6901C-9D88-496E-9AA7-119816AEA430}.Release|Any CPU.ActiveCfg = Release|Any CPU
		{56F6901C-9D88-496E-9AA7-119816AEA430}.Release|Any CPU.Build.0 = Release|Any CPU
		{56F6901C-9D88-496E-9AA7-119816AEA430}.Release|Any CPU.Deploy.0 = Release|Any CPU
		{56F6901C-9D88-496E-9AA7-119816AEA430}.Release|iPhone.ActiveCfg = Release|Any CPU
		{56F6901C-9D88-496E-9AA7-119816AEA430}.Release|iPhone.Build.0 = Release|Any CPU
		{56F6901C-9D88-496E-9AA7-119816AEA430}.Release|iPhone.Deploy.0 = Release|Any CPU
		{56F6901C-9D88-496E-9AA7-119816AEA430}.Release|iPhoneSimulator.ActiveCfg = Release|Any CPU
		{56F6901C-9D88-496E-9AA7-119816AEA430}.Release|iPhoneSimulator.Build.0 = Release|Any CPU
		{56F6901C-9D88-496E-9AA7-119816AEA430}.Release|iPhoneSimulator.Deploy.0 = Release|Any CPU
	EndGlobalSection
	GlobalSection(SolutionProperties) = preSolution
		HideSolutionNode = FALSE
	EndGlobalSection
	GlobalSection(ExtensibilityGlobals) = postSolution
		SolutionGuid = {6E23A31B-598B-4E3E-B2A8-57A07F295DE2}
	EndGlobalSection
EndGlobal
