
Microsoft Visual Studio Solution File, Format Version 12.00
# Visual Studio 15
VisualStudioVersion = 15.0.28307.421
MinimumVisualStudioVersion = 10.0.40219.1
Project("{FAE04EC0-301F-11D3-BF4B-00C04F79EFBC}") = "LoadingProcess.Android", "LoadingProcess\LoadingProcess.Android\LoadingProcess.Android.csproj", "{9B695965-4520-4CF6-9817-C9985866A01D}"
EndProject
Project("{FAE04EC0-301F-11D3-BF4B-00C04F79EFBC}") = "LoadingProcess.iOS", "LoadingProcess\LoadingProcess.iOS\LoadingProcess.iOS.csproj", "{7A9AB7E3-97FA-4C24-AFB2-F931898FCF3A}"
EndProject
Project("{FAE04EC0-301F-11D3-BF4B-00C04F79EFBC}") = "LoadingProcess.UWP", "LoadingProcess\LoadingProcess.UWP\LoadingProcess.UWP.csproj", "{DA1371C9-24FC-417E-8259-8CE51B706CCD}"
EndProject
Project("{FAE04EC0-301F-11D3-BF4B-00C04F79EFBC}") = "LoadingProcess", "LoadingProcess\LoadingProcess\LoadingProcess.csproj", "{50FD2574-07D9-4378-8575-425825955840}"
EndProject
Global
	GlobalSection(SolutionConfigurationPlatforms) = preSolution
		Ad-Hoc|Any CPU = Ad-Hoc|Any CPU
		Ad-Hoc|ARM = Ad-Hoc|ARM
		Ad-Hoc|iPhone = Ad-Hoc|iPhone
		Ad-Hoc|iPhoneSimulator = Ad-Hoc|iPhoneSimulator
		Ad-Hoc|x64 = Ad-Hoc|x64
		Ad-Hoc|x86 = Ad-Hoc|x86
		AppStore|Any CPU = AppStore|Any CPU
		AppStore|ARM = AppStore|ARM
		AppStore|iPhone = AppStore|iPhone
		AppStore|iPhoneSimulator = AppStore|iPhoneSimulator
		AppStore|x64 = AppStore|x64
		AppStore|x86 = AppStore|x86
		Debug|Any CPU = Debug|Any CPU
		Debug|ARM = Debug|ARM
		Debug|iPhone = Debug|iPhone
		Debug|iPhoneSimulator = Debug|iPhoneSimulator
		Debug|x64 = Debug|x64
		Debug|x86 = Debug|x86
		Release|Any CPU = Release|Any CPU
		Release|ARM = Release|ARM
		Release|iPhone = Release|iPhone
		Release|iPhoneSimulator = Release|iPhoneSimulator
		Release|x64 = Release|x64
		Release|x86 = Release|x86
	EndGlobalSection
	GlobalSection(ProjectConfigurationPlatforms) = postSolution
		{9B695965-4520-4CF6-9817-C9985866A01D}.Ad-Hoc|Any CPU.ActiveCfg = Release|Any CPU
		{9B695965-4520-4CF6-9817-C9985866A01D}.Ad-Hoc|Any CPU.Build.0 = Release|Any CPU
		{9B695965-4520-4CF6-9817-C9985866A01D}.Ad-Hoc|Any CPU.Deploy.0 = Release|Any CPU
		{9B695965-4520-4CF6-9817-C9985866A01D}.Ad-Hoc|ARM.ActiveCfg = Release|Any CPU
		{9B695965-4520-4CF6-9817-C9985866A01D}.Ad-Hoc|ARM.Build.0 = Release|Any CPU
		{9B695965-4520-4CF6-9817-C9985866A01D}.Ad-Hoc|ARM.Deploy.0 = Release|Any CPU
		{9B695965-4520-4CF6-9817-C9985866A01D}.Ad-Hoc|iPhone.ActiveCfg = Release|Any CPU
		{9B695965-4520-4CF6-9817-C9985866A01D}.Ad-Hoc|iPhone.Build.0 = Release|Any CPU
		{9B695965-4520-4CF6-9817-C9985866A01D}.Ad-Hoc|iPhone.Deploy.0 = Release|Any CPU
		{9B695965-4520-4CF6-9817-C9985866A01D}.Ad-Hoc|iPhoneSimulator.ActiveCfg = Release|Any CPU
		{9B695965-4520-4CF6-9817-C9985866A01D}.Ad-Hoc|iPhoneSimulator.Build.0 = Release|Any CPU
		{9B695965-4520-4CF6-9817-C9985866A01D}.Ad-Hoc|iPhoneSimulator.Deploy.0 = Release|Any CPU
		{9B695965-4520-4CF6-9817-C9985866A01D}.Ad-Hoc|x64.ActiveCfg = Release|Any CPU
		{9B695965-4520-4CF6-9817-C9985866A01D}.Ad-Hoc|x64.Build.0 = Release|Any CPU
		{9B695965-4520-4CF6-9817-C9985866A01D}.Ad-Hoc|x64.Deploy.0 = Release|Any CPU
		{9B695965-4520-4CF6-9817-C9985866A01D}.Ad-Hoc|x86.ActiveCfg = Release|Any CPU
		{9B695965-4520-4CF6-9817-C9985866A01D}.Ad-Hoc|x86.Build.0 = Release|Any CPU
		{9B695965-4520-4CF6-9817-C9985866A01D}.Ad-Hoc|x86.Deploy.0 = Release|Any CPU
		{9B695965-4520-4CF6-9817-C9985866A01D}.AppStore|Any CPU.ActiveCfg = Release|Any CPU
		{9B695965-4520-4CF6-9817-C9985866A01D}.AppStore|Any CPU.Build.0 = Release|Any CPU
		{9B695965-4520-4CF6-9817-C9985866A01D}.AppStore|Any CPU.Deploy.0 = Release|Any CPU
		{9B695965-4520-4CF6-9817-C9985866A01D}.AppStore|ARM.ActiveCfg = Release|Any CPU
		{9B695965-4520-4CF6-9817-C9985866A01D}.AppStore|ARM.Build.0 = Release|Any CPU
		{9B695965-4520-4CF6-9817-C9985866A01D}.AppStore|ARM.Deploy.0 = Release|Any CPU
		{9B695965-4520-4CF6-9817-C9985866A01D}.AppStore|iPhone.ActiveCfg = Release|Any CPU
		{9B695965-4520-4CF6-9817-C9985866A01D}.AppStore|iPhone.Build.0 = Release|Any CPU
		{9B695965-4520-4CF6-9817-C9985866A01D}.AppStore|iPhone.Deploy.0 = Release|Any CPU
		{9B695965-4520-4CF6-9817-C9985866A01D}.AppStore|iPhoneSimulator.ActiveCfg = Release|Any CPU
		{9B695965-4520-4CF6-9817-C9985866A01D}.AppStore|iPhoneSimulator.Build.0 = Release|Any CPU
		{9B695965-4520-4CF6-9817-C9985866A01D}.AppStore|iPhoneSimulator.Deploy.0 = Release|Any CPU
		{9B695965-4520-4CF6-9817-C9985866A01D}.AppStore|x64.ActiveCfg = Release|Any CPU
		{9B695965-4520-4CF6-9817-C9985866A01D}.AppStore|x64.Build.0 = Release|Any CPU
		{9B695965-4520-4CF6-9817-C9985866A01D}.AppStore|x64.Deploy.0 = Release|Any CPU
		{9B695965-4520-4CF6-9817-C9985866A01D}.AppStore|x86.ActiveCfg = Release|Any CPU
		{9B695965-4520-4CF6-9817-C9985866A01D}.AppStore|x86.Build.0 = Release|Any CPU
		{9B695965-4520-4CF6-9817-C9985866A01D}.AppStore|x86.Deploy.0 = Release|Any CPU
		{9B695965-4520-4CF6-9817-C9985866A01D}.Debug|Any CPU.ActiveCfg = Debug|Any CPU
		{9B695965-4520-4CF6-9817-C9985866A01D}.Debug|Any CPU.Build.0 = Debug|Any CPU
		{9B695965-4520-4CF6-9817-C9985866A01D}.Debug|Any CPU.Deploy.0 = Debug|Any CPU
		{9B695965-4520-4CF6-9817-C9985866A01D}.Debug|ARM.ActiveCfg = Debug|Any CPU
		{9B695965-4520-4CF6-9817-C9985866A01D}.Debug|ARM.Build.0 = Debug|Any CPU
		{9B695965-4520-4CF6-9817-C9985866A01D}.Debug|ARM.Deploy.0 = Debug|Any CPU
		{9B695965-4520-4CF6-9817-C9985866A01D}.Debug|iPhone.ActiveCfg = Debug|Any CPU
		{9B695965-4520-4CF6-9817-C9985866A01D}.Debug|iPhone.Build.0 = Debug|Any CPU
		{9B695965-4520-4CF6-9817-C9985866A01D}.Debug|iPhone.Deploy.0 = Debug|Any CPU
		{9B695965-4520-4CF6-9817-C9985866A01D}.Debug|iPhoneSimulator.ActiveCfg = Debug|Any CPU
		{9B695965-4520-4CF6-9817-C9985866A01D}.Debug|iPhoneSimulator.Build.0 = Debug|Any CPU
		{9B695965-4520-4CF6-9817-C9985866A01D}.Debug|iPhoneSimulator.Deploy.0 = Debug|Any CPU
		{9B695965-4520-4CF6-9817-C9985866A01D}.Debug|x64.ActiveCfg = Debug|Any CPU
		{9B695965-4520-4CF6-9817-C9985866A01D}.Debug|x64.Build.0 = Debug|Any CPU
		{9B695965-4520-4CF6-9817-C9985866A01D}.Debug|x64.Deploy.0 = Debug|Any CPU
		{9B695965-4520-4CF6-9817-C9985866A01D}.Debug|x86.ActiveCfg = Debug|Any CPU
		{9B695965-4520-4CF6-9817-C9985866A01D}.Debug|x86.Build.0 = Debug|Any CPU
		{9B695965-4520-4CF6-9817-C9985866A01D}.Debug|x86.Deploy.0 = Debug|Any CPU
		{9B695965-4520-4CF6-9817-C9985866A01D}.Release|Any CPU.ActiveCfg = Release|Any CPU
		{9B695965-4520-4CF6-9817-C9985866A01D}.Release|Any CPU.Build.0 = Release|Any CPU
		{9B695965-4520-4CF6-9817-C9985866A01D}.Release|Any CPU.Deploy.0 = Release|Any CPU
		{9B695965-4520-4CF6-9817-C9985866A01D}.Release|ARM.ActiveCfg = Release|Any CPU
		{9B695965-4520-4CF6-9817-C9985866A01D}.Release|ARM.Build.0 = Release|Any CPU
		{9B695965-4520-4CF6-9817-C9985866A01D}.Release|ARM.Deploy.0 = Release|Any CPU
		{9B695965-4520-4CF6-9817-C9985866A01D}.Release|iPhone.ActiveCfg = Release|Any CPU
		{9B695965-4520-4CF6-9817-C9985866A01D}.Release|iPhone.Build.0 = Release|Any CPU
		{9B695965-4520-4CF6-9817-C9985866A01D}.Release|iPhone.Deploy.0 = Release|Any CPU
		{9B695965-4520-4CF6-9817-C9985866A01D}.Release|iPhoneSimulator.ActiveCfg = Release|Any CPU
		{9B695965-4520-4CF6-9817-C9985866A01D}.Release|iPhoneSimulator.Build.0 = Release|Any CPU
		{9B695965-4520-4CF6-9817-C9985866A01D}.Release|iPhoneSimulator.Deploy.0 = Release|Any CPU
		{9B695965-4520-4CF6-9817-C9985866A01D}.Release|x64.ActiveCfg = Release|Any CPU
		{9B695965-4520-4CF6-9817-C9985866A01D}.Release|x64.Build.0 = Release|Any CPU
		{9B695965-4520-4CF6-9817-C9985866A01D}.Release|x64.Deploy.0 = Release|Any CPU
		{9B695965-4520-4CF6-9817-C9985866A01D}.Release|x86.ActiveCfg = Release|Any CPU
		{9B695965-4520-4CF6-9817-C9985866A01D}.Release|x86.Build.0 = Release|Any CPU
		{9B695965-4520-4CF6-9817-C9985866A01D}.Release|x86.Deploy.0 = Release|Any CPU
		{7A9AB7E3-97FA-4C24-AFB2-F931898FCF3A}.Ad-Hoc|Any CPU.ActiveCfg = Ad-Hoc|iPhone
		{7A9AB7E3-97FA-4C24-AFB2-F931898FCF3A}.Ad-Hoc|Any CPU.Build.0 = Ad-Hoc|iPhone
		{7A9AB7E3-97FA-4C24-AFB2-F931898FCF3A}.Ad-Hoc|Any CPU.Deploy.0 = Ad-Hoc|iPhone
		{7A9AB7E3-97FA-4C24-AFB2-F931898FCF3A}.Ad-Hoc|ARM.ActiveCfg = Ad-Hoc|iPhone
		{7A9AB7E3-97FA-4C24-AFB2-F931898FCF3A}.Ad-Hoc|ARM.Build.0 = Ad-Hoc|iPhone
		{7A9AB7E3-97FA-4C24-AFB2-F931898FCF3A}.Ad-Hoc|ARM.Deploy.0 = Ad-Hoc|iPhone
		{7A9AB7E3-97FA-4C24-AFB2-F931898FCF3A}.Ad-Hoc|iPhone.ActiveCfg = Ad-Hoc|iPhone
		{7A9AB7E3-97FA-4C24-AFB2-F931898FCF3A}.Ad-Hoc|iPhone.Build.0 = Ad-Hoc|iPhone
		{7A9AB7E3-97FA-4C24-AFB2-F931898FCF3A}.Ad-Hoc|iPhone.Deploy.0 = Ad-Hoc|iPhone
		{7A9AB7E3-97FA-4C24-AFB2-F931898FCF3A}.Ad-Hoc|iPhoneSimulator.ActiveCfg = Ad-Hoc|iPhoneSimulator
		{7A9AB7E3-97FA-4C24-AFB2-F931898FCF3A}.Ad-Hoc|iPhoneSimulator.Build.0 = Ad-Hoc|iPhoneSimulator
		{7A9AB7E3-97FA-4C24-AFB2-F931898FCF3A}.Ad-Hoc|iPhoneSimulator.Deploy.0 = Ad-Hoc|iPhoneSimulator
		{7A9AB7E3-97FA-4C24-AFB2-F931898FCF3A}.Ad-Hoc|x64.ActiveCfg = Ad-Hoc|iPhone
		{7A9AB7E3-97FA-4C24-AFB2-F931898FCF3A}.Ad-Hoc|x64.Build.0 = Ad-Hoc|iPhone
		{7A9AB7E3-97FA-4C24-AFB2-F931898FCF3A}.Ad-Hoc|x64.Deploy.0 = Ad-Hoc|iPhone
		{7A9AB7E3-97FA-4C24-AFB2-F931898FCF3A}.Ad-Hoc|x86.ActiveCfg = Ad-Hoc|iPhone
		{7A9AB7E3-97FA-4C24-AFB2-F931898FCF3A}.Ad-Hoc|x86.Build.0 = Ad-Hoc|iPhone
		{7A9AB7E3-97FA-4C24-AFB2-F931898FCF3A}.Ad-Hoc|x86.Deploy.0 = Ad-Hoc|iPhone
		{7A9AB7E3-97FA-4C24-AFB2-F931898FCF3A}.AppStore|Any CPU.ActiveCfg = AppStore|iPhone
		{7A9AB7E3-97FA-4C24-AFB2-F931898FCF3A}.AppStore|Any CPU.Build.0 = AppStore|iPhone
		{7A9AB7E3-97FA-4C24-AFB2-F931898FCF3A}.AppStore|Any CPU.Deploy.0 = AppStore|iPhone
		{7A9AB7E3-97FA-4C24-AFB2-F931898FCF3A}.AppStore|ARM.ActiveCfg = AppStore|iPhone
		{7A9AB7E3-97FA-4C24-AFB2-F931898FCF3A}.AppStore|ARM.Build.0 = AppStore|iPhone
		{7A9AB7E3-97FA-4C24-AFB2-F931898FCF3A}.AppStore|ARM.Deploy.0 = AppStore|iPhone
		{7A9AB7E3-97FA-4C24-AFB2-F931898FCF3A}.AppStore|iPhone.ActiveCfg = AppStore|iPhone
		{7A9AB7E3-97FA-4C24-AFB2-F931898FCF3A}.AppStore|iPhone.Build.0 = AppStore|iPhone
		{7A9AB7E3-97FA-4C24-AFB2-F931898FCF3A}.AppStore|iPhone.Deploy.0 = AppStore|iPhone
		{7A9AB7E3-97FA-4C24-AFB2-F931898FCF3A}.AppStore|iPhoneSimulator.ActiveCfg = AppStore|iPhoneSimulator
		{7A9AB7E3-97FA-4C24-AFB2-F931898FCF3A}.AppStore|iPhoneSimulator.Build.0 = AppStore|iPhoneSimulator
		{7A9AB7E3-97FA-4C24-AFB2-F931898FCF3A}.AppStore|iPhoneSimulator.Deploy.0 = AppStore|iPhoneSimulator
		{7A9AB7E3-97FA-4C24-AFB2-F931898FCF3A}.AppStore|x64.ActiveCfg = AppStore|iPhone
		{7A9AB7E3-97FA-4C24-AFB2-F931898FCF3A}.AppStore|x64.Build.0 = AppStore|iPhone
		{7A9AB7E3-97FA-4C24-AFB2-F931898FCF3A}.AppStore|x64.Deploy.0 = AppStore|iPhone
		{7A9AB7E3-97FA-4C24-AFB2-F931898FCF3A}.AppStore|x86.ActiveCfg = AppStore|iPhone
		{7A9AB7E3-97FA-4C24-AFB2-F931898FCF3A}.AppStore|x86.Build.0 = AppStore|iPhone
		{7A9AB7E3-97FA-4C24-AFB2-F931898FCF3A}.AppStore|x86.Deploy.0 = AppStore|iPhone
		{7A9AB7E3-97FA-4C24-AFB2-F931898FCF3A}.Debug|Any CPU.ActiveCfg = Debug|iPhoneSimulator
		{7A9AB7E3-97FA-4C24-AFB2-F931898FCF3A}.Debug|Any CPU.Build.0 = Debug|iPhoneSimulator
		{7A9AB7E3-97FA-4C24-AFB2-F931898FCF3A}.Debug|Any CPU.Deploy.0 = Debug|iPhoneSimulator
		{7A9AB7E3-97FA-4C24-AFB2-F931898FCF3A}.Debug|ARM.ActiveCfg = Debug|iPhone
		{7A9AB7E3-97FA-4C24-AFB2-F931898FCF3A}.Debug|ARM.Build.0 = Debug|iPhone
		{7A9AB7E3-97FA-4C24-AFB2-F931898FCF3A}.Debug|ARM.Deploy.0 = Debug|iPhone
		{7A9AB7E3-97FA-4C24-AFB2-F931898FCF3A}.Debug|iPhone.ActiveCfg = Debug|iPhone
		{7A9AB7E3-97FA-4C24-AFB2-F931898FCF3A}.Debug|iPhone.Build.0 = Debug|iPhone
		{7A9AB7E3-97FA-4C24-AFB2-F931898FCF3A}.Debug|iPhone.Deploy.0 = Debug|iPhone
		{7A9AB7E3-97FA-4C24-AFB2-F931898FCF3A}.Debug|iPhoneSimulator.ActiveCfg = Debug|iPhoneSimulator
		{7A9AB7E3-97FA-4C24-AFB2-F931898FCF3A}.Debug|iPhoneSimulator.Build.0 = Debug|iPhoneSimulator
		{7A9AB7E3-97FA-4C24-AFB2-F931898FCF3A}.Debug|iPhoneSimulator.Deploy.0 = Debug|iPhoneSimulator
		{7A9AB7E3-97FA-4C24-AFB2-F931898FCF3A}.Debug|x64.ActiveCfg = Debug|iPhone
		{7A9AB7E3-97FA-4C24-AFB2-F931898FCF3A}.Debug|x64.Build.0 = Debug|iPhone
		{7A9AB7E3-97FA-4C24-AFB2-F931898FCF3A}.Debug|x64.Deploy.0 = Debug|iPhone
		{7A9AB7E3-97FA-4C24-AFB2-F931898FCF3A}.Debug|x86.ActiveCfg = Debug|iPhone
		{7A9AB7E3-97FA-4C24-AFB2-F931898FCF3A}.Debug|x86.Build.0 = Debug|iPhone
		{7A9AB7E3-97FA-4C24-AFB2-F931898FCF3A}.Debug|x86.Deploy.0 = Debug|iPhone
		{7A9AB7E3-97FA-4C24-AFB2-F931898FCF3A}.Release|Any CPU.ActiveCfg = Release|iPhone
		{7A9AB7E3-97FA-4C24-AFB2-F931898FCF3A}.Release|Any CPU.Build.0 = Release|iPhone
		{7A9AB7E3-97FA-4C24-AFB2-F931898FCF3A}.Release|Any CPU.Deploy.0 = Release|iPhone
		{7A9AB7E3-97FA-4C24-AFB2-F931898FCF3A}.Release|ARM.ActiveCfg = Release|iPhone
		{7A9AB7E3-97FA-4C24-AFB2-F931898FCF3A}.Release|ARM.Build.0 = Release|iPhone
		{7A9AB7E3-97FA-4C24-AFB2-F931898FCF3A}.Release|ARM.Deploy.0 = Release|iPhone
		{7A9AB7E3-97FA-4C24-AFB2-F931898FCF3A}.Release|iPhone.ActiveCfg = Release|iPhone
		{7A9AB7E3-97FA-4C24-AFB2-F931898FCF3A}.Release|iPhone.Build.0 = Release|iPhone
		{7A9AB7E3-97FA-4C24-AFB2-F931898FCF3A}.Release|iPhone.Deploy.0 = Release|iPhone
		{7A9AB7E3-97FA-4C24-AFB2-F931898FCF3A}.Release|iPhoneSimulator.ActiveCfg = Release|iPhoneSimulator
		{7A9AB7E3-97FA-4C24-AFB2-F931898FCF3A}.Release|iPhoneSimulator.Build.0 = Release|iPhoneSimulator
		{7A9AB7E3-97FA-4C24-AFB2-F931898FCF3A}.Release|iPhoneSimulator.Deploy.0 = Release|iPhoneSimulator
		{7A9AB7E3-97FA-4C24-AFB2-F931898FCF3A}.Release|x64.ActiveCfg = Release|iPhone
		{7A9AB7E3-97FA-4C24-AFB2-F931898FCF3A}.Release|x64.Build.0 = Release|iPhone
		{7A9AB7E3-97FA-4C24-AFB2-F931898FCF3A}.Release|x64.Deploy.0 = Release|iPhone
		{7A9AB7E3-97FA-4C24-AFB2-F931898FCF3A}.Release|x86.ActiveCfg = Release|iPhone
		{7A9AB7E3-97FA-4C24-AFB2-F931898FCF3A}.Release|x86.Build.0 = Release|iPhone
		{7A9AB7E3-97FA-4C24-AFB2-F931898FCF3A}.Release|x86.Deploy.0 = Release|iPhone
		{DA1371C9-24FC-417E-8259-8CE51B706CCD}.Ad-Hoc|Any CPU.ActiveCfg = Release|x86
		{DA1371C9-24FC-417E-8259-8CE51B706CCD}.Ad-Hoc|Any CPU.Build.0 = Release|x86
		{DA1371C9-24FC-417E-8259-8CE51B706CCD}.Ad-Hoc|Any CPU.Deploy.0 = Release|x86
		{DA1371C9-24FC-417E-8259-8CE51B706CCD}.Ad-Hoc|ARM.ActiveCfg = Release|ARM
		{DA1371C9-24FC-417E-8259-8CE51B706CCD}.Ad-Hoc|ARM.Build.0 = Release|ARM
		{DA1371C9-24FC-417E-8259-8CE51B706CCD}.Ad-Hoc|ARM.Deploy.0 = Release|ARM
		{DA1371C9-24FC-417E-8259-8CE51B706CCD}.Ad-Hoc|iPhone.ActiveCfg = Release|x86
		{DA1371C9-24FC-417E-8259-8CE51B706CCD}.Ad-Hoc|iPhone.Build.0 = Release|x86
		{DA1371C9-24FC-417E-8259-8CE51B706CCD}.Ad-Hoc|iPhone.Deploy.0 = Release|x86
		{DA1371C9-24FC-417E-8259-8CE51B706CCD}.Ad-Hoc|iPhoneSimulator.ActiveCfg = Release|x86
		{DA1371C9-24FC-417E-8259-8CE51B706CCD}.Ad-Hoc|iPhoneSimulator.Build.0 = Release|x86
		{DA1371C9-24FC-417E-8259-8CE51B706CCD}.Ad-Hoc|iPhoneSimulator.Deploy.0 = Release|x86
		{DA1371C9-24FC-417E-8259-8CE51B706CCD}.Ad-Hoc|x64.ActiveCfg = Release|x64
		{DA1371C9-24FC-417E-8259-8CE51B706CCD}.Ad-Hoc|x64.Build.0 = Release|x64
		{DA1371C9-24FC-417E-8259-8CE51B706CCD}.Ad-Hoc|x64.Deploy.0 = Release|x64
		{DA1371C9-24FC-417E-8259-8CE51B706CCD}.Ad-Hoc|x86.ActiveCfg = Release|x86
		{DA1371C9-24FC-417E-8259-8CE51B706CCD}.Ad-Hoc|x86.Build.0 = Release|x86
		{DA1371C9-24FC-417E-8259-8CE51B706CCD}.Ad-Hoc|x86.Deploy.0 = Release|x86
		{DA1371C9-24FC-417E-8259-8CE51B706CCD}.AppStore|Any CPU.ActiveCfg = Release|x86
		{DA1371C9-24FC-417E-8259-8CE51B706CCD}.AppStore|Any CPU.Build.0 = Release|x86
		{DA1371C9-24FC-417E-8259-8CE51B706CCD}.AppStore|Any CPU.Deploy.0 = Release|x86
		{DA1371C9-24FC-417E-8259-8CE51B706CCD}.AppStore|ARM.ActiveCfg = Release|ARM
		{DA1371C9-24FC-417E-8259-8CE51B706CCD}.AppStore|ARM.Build.0 = Release|ARM
		{DA1371C9-24FC-417E-8259-8CE51B706CCD}.AppStore|ARM.Deploy.0 = Release|ARM
		{DA1371C9-24FC-417E-8259-8CE51B706CCD}.AppStore|iPhone.ActiveCfg = Release|x86
		{DA1371C9-24FC-417E-8259-8CE51B706CCD}.AppStore|iPhone.Build.0 = Release|x86
		{DA1371C9-24FC-417E-8259-8CE51B706CCD}.AppStore|iPhone.Deploy.0 = Release|x86
		{DA1371C9-24FC-417E-8259-8CE51B706CCD}.AppStore|iPhoneSimulator.ActiveCfg = Release|x86
		{DA1371C9-24FC-417E-8259-8CE51B706CCD}.AppStore|iPhoneSimulator.Build.0 = Release|x86
		{DA1371C9-24FC-417E-8259-8CE51B706CCD}.AppStore|iPhoneSimulator.Deploy.0 = Release|x86
		{DA1371C9-24FC-417E-8259-8CE51B706CCD}.AppStore|x64.ActiveCfg = Release|x64
		{DA1371C9-24FC-417E-8259-8CE51B706CCD}.AppStore|x64.Build.0 = Release|x64
		{DA1371C9-24FC-417E-8259-8CE51B706CCD}.AppStore|x64.Deploy.0 = Release|x64
		{DA1371C9-24FC-417E-8259-8CE51B706CCD}.AppStore|x86.ActiveCfg = Release|x86
		{DA1371C9-24FC-417E-8259-8CE51B706CCD}.AppStore|x86.Build.0 = Release|x86
		{DA1371C9-24FC-417E-8259-8CE51B706CCD}.AppStore|x86.Deploy.0 = Release|x86
		{DA1371C9-24FC-417E-8259-8CE51B706CCD}.Debug|Any CPU.ActiveCfg = Debug|x86
		{DA1371C9-24FC-417E-8259-8CE51B706CCD}.Debug|Any CPU.Build.0 = Debug|x86
		{DA1371C9-24FC-417E-8259-8CE51B706CCD}.Debug|Any CPU.Deploy.0 = Debug|x86
		{DA1371C9-24FC-417E-8259-8CE51B706CCD}.Debug|ARM.ActiveCfg = Debug|ARM
		{DA1371C9-24FC-417E-8259-8CE51B706CCD}.Debug|ARM.Build.0 = Debug|ARM
		{DA1371C9-24FC-417E-8259-8CE51B706CCD}.Debug|ARM.Deploy.0 = Debug|ARM
		{DA1371C9-24FC-417E-8259-8CE51B706CCD}.Debug|iPhone.ActiveCfg = Debug|x86
		{DA1371C9-24FC-417E-8259-8CE51B706CCD}.Debug|iPhone.Build.0 = Debug|x86
		{DA1371C9-24FC-417E-8259-8CE51B706CCD}.Debug|iPhone.Deploy.0 = Debug|x86
		{DA1371C9-24FC-417E-8259-8CE51B706CCD}.Debug|iPhoneSimulator.ActiveCfg = Debug|x86
		{DA1371C9-24FC-417E-8259-8CE51B706CCD}.Debug|iPhoneSimulator.Build.0 = Debug|x86
		{DA1371C9-24FC-417E-8259-8CE51B706CCD}.Debug|iPhoneSimulator.Deploy.0 = Debug|x86
		{DA1371C9-24FC-417E-8259-8CE51B706CCD}.Debug|x64.ActiveCfg = Debug|x64
		{DA1371C9-24FC-417E-8259-8CE51B706CCD}.Debug|x64.Build.0 = Debug|x64
		{DA1371C9-24FC-417E-8259-8CE51B706CCD}.Debug|x64.Deploy.0 = Debug|x64
		{DA1371C9-24FC-417E-8259-8CE51B706CCD}.Debug|x86.ActiveCfg = Debug|x86
		{DA1371C9-24FC-417E-8259-8CE51B706CCD}.Debug|x86.Build.0 = Debug|x86
		{DA1371C9-24FC-417E-8259-8CE51B706CCD}.Debug|x86.Deploy.0 = Debug|x86
		{DA1371C9-24FC-417E-8259-8CE51B706CCD}.Release|Any CPU.ActiveCfg = Release|x86
		{DA1371C9-24FC-417E-8259-8CE51B706CCD}.Release|Any CPU.Build.0 = Release|x86
		{DA1371C9-24FC-417E-8259-8CE51B706CCD}.Release|Any CPU.Deploy.0 = Release|x86
		{DA1371C9-24FC-417E-8259-8CE51B706CCD}.Release|ARM.ActiveCfg = Release|ARM
		{DA1371C9-24FC-417E-8259-8CE51B706CCD}.Release|ARM.Build.0 = Release|ARM
		{DA1371C9-24FC-417E-8259-8CE51B706CCD}.Release|ARM.Deploy.0 = Release|ARM
		{DA1371C9-24FC-417E-8259-8CE51B706CCD}.Release|iPhone.ActiveCfg = Release|x86
		{DA1371C9-24FC-417E-8259-8CE51B706CCD}.Release|iPhone.Build.0 = Release|x86
		{DA1371C9-24FC-417E-8259-8CE51B706CCD}.Release|iPhone.Deploy.0 = Release|x86
		{DA1371C9-24FC-417E-8259-8CE51B706CCD}.Release|iPhoneSimulator.ActiveCfg = Release|x86
		{DA1371C9-24FC-417E-8259-8CE51B706CCD}.Release|iPhoneSimulator.Build.0 = Release|x86
		{DA1371C9-24FC-417E-8259-8CE51B706CCD}.Release|iPhoneSimulator.Deploy.0 = Release|x86
		{DA1371C9-24FC-417E-8259-8CE51B706CCD}.Release|x64.ActiveCfg = Release|x64
		{DA1371C9-24FC-417E-8259-8CE51B706CCD}.Release|x64.Build.0 = Release|x64
		{DA1371C9-24FC-417E-8259-8CE51B706CCD}.Release|x64.Deploy.0 = Release|x64
		{DA1371C9-24FC-417E-8259-8CE51B706CCD}.Release|x86.ActiveCfg = Release|x86
		{DA1371C9-24FC-417E-8259-8CE51B706CCD}.Release|x86.Build.0 = Release|x86
		{DA1371C9-24FC-417E-8259-8CE51B706CCD}.Release|x86.Deploy.0 = Release|x86
		{50FD2574-07D9-4378-8575-425825955840}.Ad-Hoc|Any CPU.ActiveCfg = Debug|Any CPU
		{50FD2574-07D9-4378-8575-425825955840}.Ad-Hoc|Any CPU.Build.0 = Debug|Any CPU
		{50FD2574-07D9-4378-8575-425825955840}.Ad-Hoc|Any CPU.Deploy.0 = Debug|Any CPU
		{50FD2574-07D9-4378-8575-425825955840}.Ad-Hoc|ARM.ActiveCfg = Debug|Any CPU
		{50FD2574-07D9-4378-8575-425825955840}.Ad-Hoc|ARM.Build.0 = Debug|Any CPU
		{50FD2574-07D9-4378-8575-425825955840}.Ad-Hoc|ARM.Deploy.0 = Debug|Any CPU
		{50FD2574-07D9-4378-8575-425825955840}.Ad-Hoc|iPhone.ActiveCfg = Debug|Any CPU
		{50FD2574-07D9-4378-8575-425825955840}.Ad-Hoc|iPhone.Build.0 = Debug|Any CPU
		{50FD2574-07D9-4378-8575-425825955840}.Ad-Hoc|iPhone.Deploy.0 = Debug|Any CPU
		{50FD2574-07D9-4378-8575-425825955840}.Ad-Hoc|iPhoneSimulator.ActiveCfg = Debug|Any CPU
		{50FD2574-07D9-4378-8575-425825955840}.Ad-Hoc|iPhoneSimulator.Build.0 = Debug|Any CPU
		{50FD2574-07D9-4378-8575-425825955840}.Ad-Hoc|iPhoneSimulator.Deploy.0 = Debug|Any CPU
		{50FD2574-07D9-4378-8575-425825955840}.Ad-Hoc|x64.ActiveCfg = Debug|Any CPU
		{50FD2574-07D9-4378-8575-425825955840}.Ad-Hoc|x64.Build.0 = Debug|Any CPU
		{50FD2574-07D9-4378-8575-425825955840}.Ad-Hoc|x64.Deploy.0 = Debug|Any CPU
		{50FD2574-07D9-4378-8575-425825955840}.Ad-Hoc|x86.ActiveCfg = Debug|Any CPU
		{50FD2574-07D9-4378-8575-425825955840}.Ad-Hoc|x86.Build.0 = Debug|Any CPU
		{50FD2574-07D9-4378-8575-425825955840}.Ad-Hoc|x86.Deploy.0 = Debug|Any CPU
		{50FD2574-07D9-4378-8575-425825955840}.AppStore|Any CPU.ActiveCfg = Debug|Any CPU
		{50FD2574-07D9-4378-8575-425825955840}.AppStore|Any CPU.Build.0 = Debug|Any CPU
		{50FD2574-07D9-4378-8575-425825955840}.AppStore|Any CPU.Deploy.0 = Debug|Any CPU
		{50FD2574-07D9-4378-8575-425825955840}.AppStore|ARM.ActiveCfg = Debug|Any CPU
		{50FD2574-07D9-4378-8575-425825955840}.AppStore|ARM.Build.0 = Debug|Any CPU
		{50FD2574-07D9-4378-8575-425825955840}.AppStore|ARM.Deploy.0 = Debug|Any CPU
		{50FD2574-07D9-4378-8575-425825955840}.AppStore|iPhone.ActiveCfg = Debug|Any CPU
		{50FD2574-07D9-4378-8575-425825955840}.AppStore|iPhone.Build.0 = Debug|Any CPU
		{50FD2574-07D9-4378-8575-425825955840}.AppStore|iPhone.Deploy.0 = Debug|Any CPU
		{50FD2574-07D9-4378-8575-425825955840}.AppStore|iPhoneSimulator.ActiveCfg = Debug|Any CPU
		{50FD2574-07D9-4378-8575-425825955840}.AppStore|iPhoneSimulator.Build.0 = Debug|Any CPU
		{50FD2574-07D9-4378-8575-425825955840}.AppStore|iPhoneSimulator.Deploy.0 = Debug|Any CPU
		{50FD2574-07D9-4378-8575-425825955840}.AppStore|x64.ActiveCfg = Debug|Any CPU
		{50FD2574-07D9-4378-8575-425825955840}.AppStore|x64.Build.0 = Debug|Any CPU
		{50FD2574-07D9-4378-8575-425825955840}.AppStore|x64.Deploy.0 = Debug|Any CPU
		{50FD2574-07D9-4378-8575-425825955840}.AppStore|x86.ActiveCfg = Debug|Any CPU
		{50FD2574-07D9-4378-8575-425825955840}.AppStore|x86.Build.0 = Debug|Any CPU
		{50FD2574-07D9-4378-8575-425825955840}.AppStore|x86.Deploy.0 = Debug|Any CPU
		{50FD2574-07D9-4378-8575-425825955840}.Debug|Any CPU.ActiveCfg = Debug|Any CPU
		{50FD2574-07D9-4378-8575-425825955840}.Debug|Any CPU.Build.0 = Debug|Any CPU
		{50FD2574-07D9-4378-8575-425825955840}.Debug|Any CPU.Deploy.0 = Debug|Any CPU
		{50FD2574-07D9-4378-8575-425825955840}.Debug|ARM.ActiveCfg = Debug|Any CPU
		{50FD2574-07D9-4378-8575-425825955840}.Debug|ARM.Build.0 = Debug|Any CPU
		{50FD2574-07D9-4378-8575-425825955840}.Debug|ARM.Deploy.0 = Debug|Any CPU
		{50FD2574-07D9-4378-8575-425825955840}.Debug|iPhone.ActiveCfg = Debug|Any CPU
		{50FD2574-07D9-4378-8575-425825955840}.Debug|iPhone.Build.0 = Debug|Any CPU
		{50FD2574-07D9-4378-8575-425825955840}.Debug|iPhone.Deploy.0 = Debug|Any CPU
		{50FD2574-07D9-4378-8575-425825955840}.Debug|iPhoneSimulator.ActiveCfg = Debug|Any CPU
		{50FD2574-07D9-4378-8575-425825955840}.Debug|iPhoneSimulator.Build.0 = Debug|Any CPU
		{50FD2574-07D9-4378-8575-425825955840}.Debug|iPhoneSimulator.Deploy.0 = Debug|Any CPU
		{50FD2574-07D9-4378-8575-425825955840}.Debug|x64.ActiveCfg = Debug|Any CPU
		{50FD2574-07D9-4378-8575-425825955840}.Debug|x64.Build.0 = Debug|Any CPU
		{50FD2574-07D9-4378-8575-425825955840}.Debug|x64.Deploy.0 = Debug|Any CPU
		{50FD2574-07D9-4378-8575-425825955840}.Debug|x86.ActiveCfg = Debug|Any CPU
		{50FD2574-07D9-4378-8575-425825955840}.Debug|x86.Build.0 = Debug|Any CPU
		{50FD2574-07D9-4378-8575-425825955840}.Debug|x86.Deploy.0 = Debug|Any CPU
		{50FD2574-07D9-4378-8575-425825955840}.Release|Any CPU.ActiveCfg = Release|Any CPU
		{50FD2574-07D9-4378-8575-425825955840}.Release|Any CPU.Build.0 = Release|Any CPU
		{50FD2574-07D9-4378-8575-425825955840}.Release|Any CPU.Deploy.0 = Release|Any CPU
		{50FD2574-07D9-4378-8575-425825955840}.Release|ARM.ActiveCfg = Release|Any CPU
		{50FD2574-07D9-4378-8575-425825955840}.Release|ARM.Build.0 = Release|Any CPU
		{50FD2574-07D9-4378-8575-425825955840}.Release|ARM.Deploy.0 = Release|Any CPU
		{50FD2574-07D9-4378-8575-425825955840}.Release|iPhone.ActiveCfg = Release|Any CPU
		{50FD2574-07D9-4378-8575-425825955840}.Release|iPhone.Build.0 = Release|Any CPU
		{50FD2574-07D9-4378-8575-425825955840}.Release|iPhone.Deploy.0 = Release|Any CPU
		{50FD2574-07D9-4378-8575-425825955840}.Release|iPhoneSimulator.ActiveCfg = Release|Any CPU
		{50FD2574-07D9-4378-8575-425825955840}.Release|iPhoneSimulator.Build.0 = Release|Any CPU
		{50FD2574-07D9-4378-8575-425825955840}.Release|iPhoneSimulator.Deploy.0 = Release|Any CPU
		{50FD2574-07D9-4378-8575-425825955840}.Release|x64.ActiveCfg = Release|Any CPU
		{50FD2574-07D9-4378-8575-425825955840}.Release|x64.Build.0 = Release|Any CPU
		{50FD2574-07D9-4378-8575-425825955840}.Release|x64.Deploy.0 = Release|Any CPU
		{50FD2574-07D9-4378-8575-425825955840}.Release|x86.ActiveCfg = Release|Any CPU
		{50FD2574-07D9-4378-8575-425825955840}.Release|x86.Build.0 = Release|Any CPU
		{50FD2574-07D9-4378-8575-425825955840}.Release|x86.Deploy.0 = Release|Any CPU
	EndGlobalSection
	GlobalSection(SolutionProperties) = preSolution
		HideSolutionNode = FALSE
	EndGlobalSection
	GlobalSection(ExtensibilityGlobals) = postSolution
		SolutionGuid = {C034178C-BEB9-4D4B-9181-D623A2D5EEAA}
	EndGlobalSection
EndGlobal
