
Microsoft Visual Studio Solution File, Format Version 12.00
# Visual Studio 15
VisualStudioVersion = 15.0.28307.329
MinimumVisualStudioVersion = 10.0.40219.1
Project("{FAE04EC0-301F-11D3-BF4B-00C04F79EFBC}") = "ListViewUsingCsharp.Android", "ListViewUsingCsharp\ListViewUsingCsharp.Android\ListViewUsingCsharp.Android.csproj", "{04356D3C-8C85-4C56-8CD3-FFCCD4CC5631}"
EndProject
Project("{FAE04EC0-301F-11D3-BF4B-00C04F79EFBC}") = "ListViewUsingCsharp.iOS", "ListViewUsingCsharp\ListViewUsingCsharp.iOS\ListViewUsingCsharp.iOS.csproj", "{EE956DB2-655C-452F-B29B-CD4BC842FEC7}"
EndProject
Project("{FAE04EC0-301F-11D3-BF4B-00C04F79EFBC}") = "ListViewUsingCsharp", "ListViewUsingCsharp\ListViewUsingCsharp\ListViewUsingCsharp.csproj", "{B26CD9B4-9A63-47FF-A8F2-F3FA1C5C6A2D}"
EndProject
Global
	GlobalSection(SolutionConfigurationPlatforms) = preSolution
		Ad-Hoc|Any CPU = Ad-Hoc|Any CPU
		Ad-Hoc|iPhone = Ad-Hoc|iPhone
		Ad-Hoc|iPhoneSimulator = Ad-Hoc|iPhoneSimulator
		AppStore|Any CPU = AppStore|Any CPU
		AppStore|iPhone = AppStore|iPhone
		AppStore|iPhoneSimulator = AppStore|iPhoneSimulator
		Debug|Any CPU = Debug|Any CPU
		Debug|iPhone = Debug|iPhone
		Debug|iPhoneSimulator = Debug|iPhoneSimulator
		Release|Any CPU = Release|Any CPU
		Release|iPhone = Release|iPhone
		Release|iPhoneSimulator = Release|iPhoneSimulator
	EndGlobalSection
	GlobalSection(ProjectConfigurationPlatforms) = postSolution
		{04356D3C-8C85-4C56-8CD3-FFCCD4CC5631}.Ad-Hoc|Any CPU.ActiveCfg = Release|Any CPU
		{04356D3C-8C85-4C56-8CD3-FFCCD4CC5631}.Ad-Hoc|Any CPU.Build.0 = Release|Any CPU
		{04356D3C-8C85-4C56-8CD3-FFCCD4CC5631}.Ad-Hoc|Any CPU.Deploy.0 = Release|Any CPU
		{04356D3C-8C85-4C56-8CD3-FFCCD4CC5631}.Ad-Hoc|iPhone.ActiveCfg = Release|Any CPU
		{04356D3C-8C85-4C56-8CD3-FFCCD4CC5631}.Ad-Hoc|iPhone.Build.0 = Release|Any CPU
		{04356D3C-8C85-4C56-8CD3-FFCCD4CC5631}.Ad-Hoc|iPhone.Deploy.0 = Release|Any CPU
		{04356D3C-8C85-4C56-8CD3-FFCCD4CC5631}.Ad-Hoc|iPhoneSimulator.ActiveCfg = Release|Any CPU
		{04356D3C-8C85-4C56-8CD3-FFCCD4CC5631}.Ad-Hoc|iPhoneSimulator.Build.0 = Release|Any CPU
		{04356D3C-8C85-4C56-8CD3-FFCCD4CC5631}.Ad-Hoc|iPhoneSimulator.Deploy.0 = Release|Any CPU
		{04356D3C-8C85-4C56-8CD3-FFCCD4CC5631}.AppStore|Any CPU.ActiveCfg = Release|Any CPU
		{04356D3C-8C85-4C56-8CD3-FFCCD4CC5631}.AppStore|Any CPU.Build.0 = Release|Any CPU
		{04356D3C-8C85-4C56-8CD3-FFCCD4CC5631}.AppStore|Any CPU.Deploy.0 = Release|Any CPU
		{04356D3C-8C85-4C56-8CD3-FFCCD4CC5631}.AppStore|iPhone.ActiveCfg = Release|Any CPU
		{04356D3C-8C85-4C56-8CD3-FFCCD4CC5631}.AppStore|iPhone.Build.0 = Release|Any CPU
		{04356D3C-8C85-4C56-8CD3-FFCCD4CC5631}.AppStore|iPhone.Deploy.0 = Release|Any CPU
		{04356D3C-8C85-4C56-8CD3-FFCCD4CC5631}.AppStore|iPhoneSimulator.ActiveCfg = Release|Any CPU
		{04356D3C-8C85-4C56-8CD3-FFCCD4CC5631}.AppStore|iPhoneSimulator.Build.0 = Release|Any CPU
		{04356D3C-8C85-4C56-8CD3-FFCCD4CC5631}.AppStore|iPhoneSimulator.Deploy.0 = Release|Any CPU
		{04356D3C-8C85-4C56-8CD3-FFCCD4CC5631}.Debug|Any CPU.ActiveCfg = Debug|Any CPU
		{04356D3C-8C85-4C56-8CD3-FFCCD4CC5631}.Debug|Any CPU.Build.0 = Debug|Any CPU
		{04356D3C-8C85-4C56-8CD3-FFCCD4CC5631}.Debug|Any CPU.Deploy.0 = Debug|Any CPU
		{04356D3C-8C85-4C56-8CD3-FFCCD4CC5631}.Debug|iPhone.ActiveCfg = Debug|Any CPU
		{04356D3C-8C85-4C56-8CD3-FFCCD4CC5631}.Debug|iPhone.Build.0 = Debug|Any CPU
		{04356D3C-8C85-4C56-8CD3-FFCCD4CC5631}.Debug|iPhone.Deploy.0 = Debug|Any CPU
		{04356D3C-8C85-4C56-8CD3-FFCCD4CC5631}.Debug|iPhoneSimulator.ActiveCfg = Debug|Any CPU
		{04356D3C-8C85-4C56-8CD3-FFCCD4CC5631}.Debug|iPhoneSimulator.Build.0 = Debug|Any CPU
		{04356D3C-8C85-4C56-8CD3-FFCCD4CC5631}.Debug|iPhoneSimulator.Deploy.0 = Debug|Any CPU
		{04356D3C-8C85-4C56-8CD3-FFCCD4CC5631}.Release|Any CPU.ActiveCfg = Release|Any CPU
		{04356D3C-8C85-4C56-8CD3-FFCCD4CC5631}.Release|Any CPU.Build.0 = Release|Any CPU
		{04356D3C-8C85-4C56-8CD3-FFCCD4CC5631}.Release|Any CPU.Deploy.0 = Release|Any CPU
		{04356D3C-8C85-4C56-8CD3-FFCCD4CC5631}.Release|iPhone.ActiveCfg = Release|Any CPU
		{04356D3C-8C85-4C56-8CD3-FFCCD4CC5631}.Release|iPhone.Build.0 = Release|Any CPU
		{04356D3C-8C85-4C56-8CD3-FFCCD4CC5631}.Release|iPhone.Deploy.0 = Release|Any CPU
		{04356D3C-8C85-4C56-8CD3-FFCCD4CC5631}.Release|iPhoneSimulator.ActiveCfg = Release|Any CPU
		{04356D3C-8C85-4C56-8CD3-FFCCD4CC5631}.Release|iPhoneSimulator.Build.0 = Release|Any CPU
		{04356D3C-8C85-4C56-8CD3-FFCCD4CC5631}.Release|iPhoneSimulator.Deploy.0 = Release|Any CPU
		{EE956DB2-655C-452F-B29B-CD4BC842FEC7}.Ad-Hoc|Any CPU.ActiveCfg = Ad-Hoc|iPhone
		{EE956DB2-655C-452F-B29B-CD4BC842FEC7}.Ad-Hoc|Any CPU.Build.0 = Ad-Hoc|iPhone
		{EE956DB2-655C-452F-B29B-CD4BC842FEC7}.Ad-Hoc|Any CPU.Deploy.0 = Ad-Hoc|iPhone
		{EE956DB2-655C-452F-B29B-CD4BC842FEC7}.Ad-Hoc|iPhone.ActiveCfg = Ad-Hoc|iPhone
		{EE956DB2-655C-452F-B29B-CD4BC842FEC7}.Ad-Hoc|iPhone.Build.0 = Ad-Hoc|iPhone
		{EE956DB2-655C-452F-B29B-CD4BC842FEC7}.Ad-Hoc|iPhone.Deploy.0 = Ad-Hoc|iPhone
		{EE956DB2-655C-452F-B29B-CD4BC842FEC7}.Ad-Hoc|iPhoneSimulator.ActiveCfg = Ad-Hoc|iPhoneSimulator
		{EE956DB2-655C-452F-B29B-CD4BC842FEC7}.Ad-Hoc|iPhoneSimulator.Build.0 = Ad-Hoc|iPhoneSimulator
		{EE956DB2-655C-452F-B29B-CD4BC842FEC7}.Ad-Hoc|iPhoneSimulator.Deploy.0 = Ad-Hoc|iPhoneSimulator
		{EE956DB2-655C-452F-B29B-CD4BC842FEC7}.AppStore|Any CPU.ActiveCfg = AppStore|iPhone
		{EE956DB2-655C-452F-B29B-CD4BC842FEC7}.AppStore|Any CPU.Build.0 = AppStore|iPhone
		{EE956DB2-655C-452F-B29B-CD4BC842FEC7}.AppStore|Any CPU.Deploy.0 = AppStore|iPhone
		{EE956DB2-655C-452F-B29B-CD4BC842FEC7}.AppStore|iPhone.ActiveCfg = AppStore|iPhone
		{EE956DB2-655C-452F-B29B-CD4BC842FEC7}.AppStore|iPhone.Build.0 = AppStore|iPhone
		{EE956DB2-655C-452F-B29B-CD4BC842FEC7}.AppStore|iPhone.Deploy.0 = AppStore|iPhone
		{EE956DB2-655C-452F-B29B-CD4BC842FEC7}.AppStore|iPhoneSimulator.ActiveCfg = AppStore|iPhoneSimulator
		{EE956DB2-655C-452F-B29B-CD4BC842FEC7}.AppStore|iPhoneSimulator.Build.0 = AppStore|iPhoneSimulator
		{EE956DB2-655C-452F-B29B-CD4BC842FEC7}.AppStore|iPhoneSimulator.Deploy.0 = AppStore|iPhoneSimulator
		{EE956DB2-655C-452F-B29B-CD4BC842FEC7}.Debug|Any CPU.ActiveCfg = Debug|iPhoneSimulator
		{EE956DB2-655C-452F-B29B-CD4BC842FEC7}.Debug|Any CPU.Build.0 = Debug|iPhoneSimulator
		{EE956DB2-655C-452F-B29B-CD4BC842FEC7}.Debug|Any CPU.Deploy.0 = Debug|iPhoneSimulator
		{EE956DB2-655C-452F-B29B-CD4BC842FEC7}.Debug|iPhone.ActiveCfg = Debug|iPhone
		{EE956DB2-655C-452F-B29B-CD4BC842FEC7}.Debug|iPhone.Build.0 = Debug|iPhone
		{EE956DB2-655C-452F-B29B-CD4BC842FEC7}.Debug|iPhone.Deploy.0 = Debug|iPhone
		{EE956DB2-655C-452F-B29B-CD4BC842FEC7}.Debug|iPhoneSimulator.ActiveCfg = Debug|iPhoneSimulator
		{EE956DB2-655C-452F-B29B-CD4BC842FEC7}.Debug|iPhoneSimulator.Build.0 = Debug|iPhoneSimulator
		{EE956DB2-655C-452F-B29B-CD4BC842FEC7}.Debug|iPhoneSimulator.Deploy.0 = Debug|iPhoneSimulator
		{EE956DB2-655C-452F-B29B-CD4BC842FEC7}.Release|Any CPU.ActiveCfg = Release|iPhone
		{EE956DB2-655C-452F-B29B-CD4BC842FEC7}.Release|Any CPU.Build.0 = Release|iPhone
		{EE956DB2-655C-452F-B29B-CD4BC842FEC7}.Release|Any CPU.Deploy.0 = Release|iPhone
		{EE956DB2-655C-452F-B29B-CD4BC842FEC7}.Release|iPhone.ActiveCfg = Release|iPhone
		{EE956DB2-655C-452F-B29B-CD4BC842FEC7}.Release|iPhone.Build.0 = Release|iPhone
		{EE956DB2-655C-452F-B29B-CD4BC842FEC7}.Release|iPhone.Deploy.0 = Release|iPhone
		{EE956DB2-655C-452F-B29B-CD4BC842FEC7}.Release|iPhoneSimulator.ActiveCfg = Release|iPhoneSimulator
		{EE956DB2-655C-452F-B29B-CD4BC842FEC7}.Release|iPhoneSimulator.Build.0 = Release|iPhoneSimulator
		{EE956DB2-655C-452F-B29B-CD4BC842FEC7}.Release|iPhoneSimulator.Deploy.0 = Release|iPhoneSimulator
		{B26CD9B4-9A63-47FF-A8F2-F3FA1C5C6A2D}.Ad-Hoc|Any CPU.ActiveCfg = Debug|Any CPU
		{B26CD9B4-9A63-47FF-A8F2-F3FA1C5C6A2D}.Ad-Hoc|Any CPU.Build.0 = Debug|Any CPU
		{B26CD9B4-9A63-47FF-A8F2-F3FA1C5C6A2D}.Ad-Hoc|Any CPU.Deploy.0 = Debug|Any CPU
		{B26CD9B4-9A63-47FF-A8F2-F3FA1C5C6A2D}.Ad-Hoc|iPhone.ActiveCfg = Debug|Any CPU
		{B26CD9B4-9A63-47FF-A8F2-F3FA1C5C6A2D}.Ad-Hoc|iPhone.Build.0 = Debug|Any CPU
		{B26CD9B4-9A63-47FF-A8F2-F3FA1C5C6A2D}.Ad-Hoc|iPhone.Deploy.0 = Debug|Any CPU
		{B26CD9B4-9A63-47FF-A8F2-F3FA1C5C6A2D}.Ad-Hoc|iPhoneSimulator.ActiveCfg = Debug|Any CPU
		{B26CD9B4-9A63-47FF-A8F2-F3FA1C5C6A2D}.Ad-Hoc|iPhoneSimulator.Build.0 = Debug|Any CPU
		{B26CD9B4-9A63-47FF-A8F2-F3FA1C5C6A2D}.Ad-Hoc|iPhoneSimulator.Deploy.0 = Debug|Any CPU
		{B26CD9B4-9A63-47FF-A8F2-F3FA1C5C6A2D}.AppStore|Any CPU.ActiveCfg = Debug|Any CPU
		{B26CD9B4-9A63-47FF-A8F2-F3FA1C5C6A2D}.AppStore|Any CPU.Build.0 = Debug|Any CPU
		{B26CD9B4-9A63-47FF-A8F2-F3FA1C5C6A2D}.AppStore|Any CPU.Deploy.0 = Debug|Any CPU
		{B26CD9B4-9A63-47FF-A8F2-F3FA1C5C6A2D}.AppStore|iPhone.ActiveCfg = Debug|Any CPU
		{B26CD9B4-9A63-47FF-A8F2-F3FA1C5C6A2D}.AppStore|iPhone.Build.0 = Debug|Any CPU
		{B26CD9B4-9A63-47FF-A8F2-F3FA1C5C6A2D}.AppStore|iPhone.Deploy.0 = Debug|Any CPU
		{B26CD9B4-9A63-47FF-A8F2-F3FA1C5C6A2D}.AppStore|iPhoneSimulator.ActiveCfg = Debug|Any CPU
		{B26CD9B4-9A63-47FF-A8F2-F3FA1C5C6A2D}.AppStore|iPhoneSimulator.Build.0 = Debug|Any CPU
		{B26CD9B4-9A63-47FF-A8F2-F3FA1C5C6A2D}.AppStore|iPhoneSimulator.Deploy.0 = Debug|Any CPU
		{B26CD9B4-9A63-47FF-A8F2-F3FA1C5C6A2D}.Debug|Any CPU.ActiveCfg = Debug|Any CPU
		{B26CD9B4-9A63-47FF-A8F2-F3FA1C5C6A2D}.Debug|Any CPU.Build.0 = Debug|Any CPU
		{B26CD9B4-9A63-47FF-A8F2-F3FA1C5C6A2D}.Debug|Any CPU.Deploy.0 = Debug|Any CPU
		{B26CD9B4-9A63-47FF-A8F2-F3FA1C5C6A2D}.Debug|iPhone.ActiveCfg = Debug|Any CPU
		{B26CD9B4-9A63-47FF-A8F2-F3FA1C5C6A2D}.Debug|iPhone.Build.0 = Debug|Any CPU
		{B26CD9B4-9A63-47FF-A8F2-F3FA1C5C6A2D}.Debug|iPhone.Deploy.0 = Debug|Any CPU
		{B26CD9B4-9A63-47FF-A8F2-F3FA1C5C6A2D}.Debug|iPhoneSimulator.ActiveCfg = Debug|Any CPU
		{B26CD9B4-9A63-47FF-A8F2-F3FA1C5C6A2D}.Debug|iPhoneSimulator.Build.0 = Debug|Any CPU
		{B26CD9B4-9A63-47FF-A8F2-F3FA1C5C6A2D}.Debug|iPhoneSimulator.Deploy.0 = Debug|Any CPU
		{B26CD9B4-9A63-47FF-A8F2-F3FA1C5C6A2D}.Release|Any CPU.ActiveCfg = Release|Any CPU
		{B26CD9B4-9A63-47FF-A8F2-F3FA1C5C6A2D}.Release|Any CPU.Build.0 = Release|Any CPU
		{B26CD9B4-9A63-47FF-A8F2-F3FA1C5C6A2D}.Release|Any CPU.Deploy.0 = Release|Any CPU
		{B26CD9B4-9A63-47FF-A8F2-F3FA1C5C6A2D}.Release|iPhone.ActiveCfg = Release|Any CPU
		{B26CD9B4-9A63-47FF-A8F2-F3FA1C5C6A2D}.Release|iPhone.Build.0 = Release|Any CPU
		{B26CD9B4-9A63-47FF-A8F2-F3FA1C5C6A2D}.Release|iPhone.Deploy.0 = Release|Any CPU
		{B26CD9B4-9A63-47FF-A8F2-F3FA1C5C6A2D}.Release|iPhoneSimulator.ActiveCfg = Release|Any CPU
		{B26CD9B4-9A63-47FF-A8F2-F3FA1C5C6A2D}.Release|iPhoneSimulator.Build.0 = Release|Any CPU
		{B26CD9B4-9A63-47FF-A8F2-F3FA1C5C6A2D}.Release|iPhoneSimulator.Deploy.0 = Release|Any CPU
	EndGlobalSection
	GlobalSection(SolutionProperties) = preSolution
		HideSolutionNode = FALSE
	EndGlobalSection
	GlobalSection(ExtensibilityGlobals) = postSolution
		SolutionGuid = {E32FF7BA-9569-4194-BB83-B98EC70DC355}
	EndGlobalSection
EndGlobal
