
Microsoft Visual Studio Solution File, Format Version 12.00
# Visual Studio 15
VisualStudioVersion = 15.0.28307.421
MinimumVisualStudioVersion = 10.0.40219.1
Project("{FAE04EC0-301F-11D3-BF4B-00C04F79EFBC}") = "ItemTemplate2.Android", "ItemTemplate2\ItemTemplate2.Android\ItemTemplate2.Android.csproj", "{083F8DBE-5F4F-4C7D-ABF7-BACB59E481E8}"
EndProject
Project("{FAE04EC0-301F-11D3-BF4B-00C04F79EFBC}") = "ItemTemplate2.iOS", "ItemTemplate2\ItemTemplate2.iOS\ItemTemplate2.iOS.csproj", "{DB8F9EA8-D2B5-46D7-844F-381148E26BCC}"
EndProject
Project("{FAE04EC0-301F-11D3-BF4B-00C04F79EFBC}") = "ItemTemplate2.UWP", "ItemTemplate2\ItemTemplate2.UWP\ItemTemplate2.UWP.csproj", "{686E5705-6E8F-495E-AEB1-C6BF62C03F77}"
EndProject
Project("{FAE04EC0-301F-11D3-BF4B-00C04F79EFBC}") = "ItemTemplate2", "ItemTemplate2\ItemTemplate2\ItemTemplate2.csproj", "{EECC1CDA-3319-4743-B5E9-45FD062D7DBF}"
EndProject
Global
	GlobalSection(SolutionConfigurationPlatforms) = preSolution
		Ad-Hoc|Any CPU = Ad-Hoc|Any CPU
		Ad-Hoc|ARM = Ad-Hoc|ARM
		Ad-Hoc|iPhone = Ad-Hoc|iPhone
		Ad-Hoc|iPhoneSimulator = Ad-Hoc|iPhoneSimulator
		Ad-Hoc|x64 = Ad-Hoc|x64
		Ad-Hoc|x86 = Ad-Hoc|x86
		AppStore|Any CPU = AppStore|Any CPU
		AppStore|ARM = AppStore|ARM
		AppStore|iPhone = AppStore|iPhone
		AppStore|iPhoneSimulator = AppStore|iPhoneSimulator
		AppStore|x64 = AppStore|x64
		AppStore|x86 = AppStore|x86
		Debug|Any CPU = Debug|Any CPU
		Debug|ARM = Debug|ARM
		Debug|iPhone = Debug|iPhone
		Debug|iPhoneSimulator = Debug|iPhoneSimulator
		Debug|x64 = Debug|x64
		Debug|x86 = Debug|x86
		Release|Any CPU = Release|Any CPU
		Release|ARM = Release|ARM
		Release|iPhone = Release|iPhone
		Release|iPhoneSimulator = Release|iPhoneSimulator
		Release|x64 = Release|x64
		Release|x86 = Release|x86
	EndGlobalSection
	GlobalSection(ProjectConfigurationPlatforms) = postSolution
		{083F8DBE-5F4F-4C7D-ABF7-BACB59E481E8}.Ad-Hoc|Any CPU.ActiveCfg = Release|Any CPU
		{083F8DBE-5F4F-4C7D-ABF7-BACB59E481E8}.Ad-Hoc|Any CPU.Build.0 = Release|Any CPU
		{083F8DBE-5F4F-4C7D-ABF7-BACB59E481E8}.Ad-Hoc|Any CPU.Deploy.0 = Release|Any CPU
		{083F8DBE-5F4F-4C7D-ABF7-BACB59E481E8}.Ad-Hoc|ARM.ActiveCfg = Release|Any CPU
		{083F8DBE-5F4F-4C7D-ABF7-BACB59E481E8}.Ad-Hoc|ARM.Build.0 = Release|Any CPU
		{083F8DBE-5F4F-4C7D-ABF7-BACB59E481E8}.Ad-Hoc|ARM.Deploy.0 = Release|Any CPU
		{083F8DBE-5F4F-4C7D-ABF7-BACB59E481E8}.Ad-Hoc|iPhone.ActiveCfg = Release|Any CPU
		{083F8DBE-5F4F-4C7D-ABF7-BACB59E481E8}.Ad-Hoc|iPhone.Build.0 = Release|Any CPU
		{083F8DBE-5F4F-4C7D-ABF7-BACB59E481E8}.Ad-Hoc|iPhone.Deploy.0 = Release|Any CPU
		{083F8DBE-5F4F-4C7D-ABF7-BACB59E481E8}.Ad-Hoc|iPhoneSimulator.ActiveCfg = Release|Any CPU
		{083F8DBE-5F4F-4C7D-ABF7-BACB59E481E8}.Ad-Hoc|iPhoneSimulator.Build.0 = Release|Any CPU
		{083F8DBE-5F4F-4C7D-ABF7-BACB59E481E8}.Ad-Hoc|iPhoneSimulator.Deploy.0 = Release|Any CPU
		{083F8DBE-5F4F-4C7D-ABF7-BACB59E481E8}.Ad-Hoc|x64.ActiveCfg = Release|Any CPU
		{083F8DBE-5F4F-4C7D-ABF7-BACB59E481E8}.Ad-Hoc|x64.Build.0 = Release|Any CPU
		{083F8DBE-5F4F-4C7D-ABF7-BACB59E481E8}.Ad-Hoc|x64.Deploy.0 = Release|Any CPU
		{083F8DBE-5F4F-4C7D-ABF7-BACB59E481E8}.Ad-Hoc|x86.ActiveCfg = Release|Any CPU
		{083F8DBE-5F4F-4C7D-ABF7-BACB59E481E8}.Ad-Hoc|x86.Build.0 = Release|Any CPU
		{083F8DBE-5F4F-4C7D-ABF7-BACB59E481E8}.Ad-Hoc|x86.Deploy.0 = Release|Any CPU
		{083F8DBE-5F4F-4C7D-ABF7-BACB59E481E8}.AppStore|Any CPU.ActiveCfg = Release|Any CPU
		{083F8DBE-5F4F-4C7D-ABF7-BACB59E481E8}.AppStore|Any CPU.Build.0 = Release|Any CPU
		{083F8DBE-5F4F-4C7D-ABF7-BACB59E481E8}.AppStore|Any CPU.Deploy.0 = Release|Any CPU
		{083F8DBE-5F4F-4C7D-ABF7-BACB59E481E8}.AppStore|ARM.ActiveCfg = Release|Any CPU
		{083F8DBE-5F4F-4C7D-ABF7-BACB59E481E8}.AppStore|ARM.Build.0 = Release|Any CPU
		{083F8DBE-5F4F-4C7D-ABF7-BACB59E481E8}.AppStore|ARM.Deploy.0 = Release|Any CPU
		{083F8DBE-5F4F-4C7D-ABF7-BACB59E481E8}.AppStore|iPhone.ActiveCfg = Release|Any CPU
		{083F8DBE-5F4F-4C7D-ABF7-BACB59E481E8}.AppStore|iPhone.Build.0 = Release|Any CPU
		{083F8DBE-5F4F-4C7D-ABF7-BACB59E481E8}.AppStore|iPhone.Deploy.0 = Release|Any CPU
		{083F8DBE-5F4F-4C7D-ABF7-BACB59E481E8}.AppStore|iPhoneSimulator.ActiveCfg = Release|Any CPU
		{083F8DBE-5F4F-4C7D-ABF7-BACB59E481E8}.AppStore|iPhoneSimulator.Build.0 = Release|Any CPU
		{083F8DBE-5F4F-4C7D-ABF7-BACB59E481E8}.AppStore|iPhoneSimulator.Deploy.0 = Release|Any CPU
		{083F8DBE-5F4F-4C7D-ABF7-BACB59E481E8}.AppStore|x64.ActiveCfg = Release|Any CPU
		{083F8DBE-5F4F-4C7D-ABF7-BACB59E481E8}.AppStore|x64.Build.0 = Release|Any CPU
		{083F8DBE-5F4F-4C7D-ABF7-BACB59E481E8}.AppStore|x64.Deploy.0 = Release|Any CPU
		{083F8DBE-5F4F-4C7D-ABF7-BACB59E481E8}.AppStore|x86.ActiveCfg = Release|Any CPU
		{083F8DBE-5F4F-4C7D-ABF7-BACB59E481E8}.AppStore|x86.Build.0 = Release|Any CPU
		{083F8DBE-5F4F-4C7D-ABF7-BACB59E481E8}.AppStore|x86.Deploy.0 = Release|Any CPU
		{083F8DBE-5F4F-4C7D-ABF7-BACB59E481E8}.Debug|Any CPU.ActiveCfg = Debug|Any CPU
		{083F8DBE-5F4F-4C7D-ABF7-BACB59E481E8}.Debug|Any CPU.Build.0 = Debug|Any CPU
		{083F8DBE-5F4F-4C7D-ABF7-BACB59E481E8}.Debug|Any CPU.Deploy.0 = Debug|Any CPU
		{083F8DBE-5F4F-4C7D-ABF7-BACB59E481E8}.Debug|ARM.ActiveCfg = Debug|Any CPU
		{083F8DBE-5F4F-4C7D-ABF7-BACB59E481E8}.Debug|ARM.Build.0 = Debug|Any CPU
		{083F8DBE-5F4F-4C7D-ABF7-BACB59E481E8}.Debug|ARM.Deploy.0 = Debug|Any CPU
		{083F8DBE-5F4F-4C7D-ABF7-BACB59E481E8}.Debug|iPhone.ActiveCfg = Debug|Any CPU
		{083F8DBE-5F4F-4C7D-ABF7-BACB59E481E8}.Debug|iPhone.Build.0 = Debug|Any CPU
		{083F8DBE-5F4F-4C7D-ABF7-BACB59E481E8}.Debug|iPhone.Deploy.0 = Debug|Any CPU
		{083F8DBE-5F4F-4C7D-ABF7-BACB59E481E8}.Debug|iPhoneSimulator.ActiveCfg = Debug|Any CPU
		{083F8DBE-5F4F-4C7D-ABF7-BACB59E481E8}.Debug|iPhoneSimulator.Build.0 = Debug|Any CPU
		{083F8DBE-5F4F-4C7D-ABF7-BACB59E481E8}.Debug|iPhoneSimulator.Deploy.0 = Debug|Any CPU
		{083F8DBE-5F4F-4C7D-ABF7-BACB59E481E8}.Debug|x64.ActiveCfg = Debug|Any CPU
		{083F8DBE-5F4F-4C7D-ABF7-BACB59E481E8}.Debug|x64.Build.0 = Debug|Any CPU
		{083F8DBE-5F4F-4C7D-ABF7-BACB59E481E8}.Debug|x64.Deploy.0 = Debug|Any CPU
		{083F8DBE-5F4F-4C7D-ABF7-BACB59E481E8}.Debug|x86.ActiveCfg = Debug|Any CPU
		{083F8DBE-5F4F-4C7D-ABF7-BACB59E481E8}.Debug|x86.Build.0 = Debug|Any CPU
		{083F8DBE-5F4F-4C7D-ABF7-BACB59E481E8}.Debug|x86.Deploy.0 = Debug|Any CPU
		{083F8DBE-5F4F-4C7D-ABF7-BACB59E481E8}.Release|Any CPU.ActiveCfg = Release|Any CPU
		{083F8DBE-5F4F-4C7D-ABF7-BACB59E481E8}.Release|Any CPU.Build.0 = Release|Any CPU
		{083F8DBE-5F4F-4C7D-ABF7-BACB59E481E8}.Release|Any CPU.Deploy.0 = Release|Any CPU
		{083F8DBE-5F4F-4C7D-ABF7-BACB59E481E8}.Release|ARM.ActiveCfg = Release|Any CPU
		{083F8DBE-5F4F-4C7D-ABF7-BACB59E481E8}.Release|ARM.Build.0 = Release|Any CPU
		{083F8DBE-5F4F-4C7D-ABF7-BACB59E481E8}.Release|ARM.Deploy.0 = Release|Any CPU
		{083F8DBE-5F4F-4C7D-ABF7-BACB59E481E8}.Release|iPhone.ActiveCfg = Release|Any CPU
		{083F8DBE-5F4F-4C7D-ABF7-BACB59E481E8}.Release|iPhone.Build.0 = Release|Any CPU
		{083F8DBE-5F4F-4C7D-ABF7-BACB59E481E8}.Release|iPhone.Deploy.0 = Release|Any CPU
		{083F8DBE-5F4F-4C7D-ABF7-BACB59E481E8}.Release|iPhoneSimulator.ActiveCfg = Release|Any CPU
		{083F8DBE-5F4F-4C7D-ABF7-BACB59E481E8}.Release|iPhoneSimulator.Build.0 = Release|Any CPU
		{083F8DBE-5F4F-4C7D-ABF7-BACB59E481E8}.Release|iPhoneSimulator.Deploy.0 = Release|Any CPU
		{083F8DBE-5F4F-4C7D-ABF7-BACB59E481E8}.Release|x64.ActiveCfg = Release|Any CPU
		{083F8DBE-5F4F-4C7D-ABF7-BACB59E481E8}.Release|x64.Build.0 = Release|Any CPU
		{083F8DBE-5F4F-4C7D-ABF7-BACB59E481E8}.Release|x64.Deploy.0 = Release|Any CPU
		{083F8DBE-5F4F-4C7D-ABF7-BACB59E481E8}.Release|x86.ActiveCfg = Release|Any CPU
		{083F8DBE-5F4F-4C7D-ABF7-BACB59E481E8}.Release|x86.Build.0 = Release|Any CPU
		{083F8DBE-5F4F-4C7D-ABF7-BACB59E481E8}.Release|x86.Deploy.0 = Release|Any CPU
		{DB8F9EA8-D2B5-46D7-844F-381148E26BCC}.Ad-Hoc|Any CPU.ActiveCfg = Ad-Hoc|iPhone
		{DB8F9EA8-D2B5-46D7-844F-381148E26BCC}.Ad-Hoc|Any CPU.Build.0 = Ad-Hoc|iPhone
		{DB8F9EA8-D2B5-46D7-844F-381148E26BCC}.Ad-Hoc|Any CPU.Deploy.0 = Ad-Hoc|iPhone
		{DB8F9EA8-D2B5-46D7-844F-381148E26BCC}.Ad-Hoc|ARM.ActiveCfg = Ad-Hoc|iPhone
		{DB8F9EA8-D2B5-46D7-844F-381148E26BCC}.Ad-Hoc|ARM.Build.0 = Ad-Hoc|iPhone
		{DB8F9EA8-D2B5-46D7-844F-381148E26BCC}.Ad-Hoc|ARM.Deploy.0 = Ad-Hoc|iPhone
		{DB8F9EA8-D2B5-46D7-844F-381148E26BCC}.Ad-Hoc|iPhone.ActiveCfg = Ad-Hoc|iPhone
		{DB8F9EA8-D2B5-46D7-844F-381148E26BCC}.Ad-Hoc|iPhone.Build.0 = Ad-Hoc|iPhone
		{DB8F9EA8-D2B5-46D7-844F-381148E26BCC}.Ad-Hoc|iPhone.Deploy.0 = Ad-Hoc|iPhone
		{DB8F9EA8-D2B5-46D7-844F-381148E26BCC}.Ad-Hoc|iPhoneSimulator.ActiveCfg = Ad-Hoc|iPhoneSimulator
		{DB8F9EA8-D2B5-46D7-844F-381148E26BCC}.Ad-Hoc|iPhoneSimulator.Build.0 = Ad-Hoc|iPhoneSimulator
		{DB8F9EA8-D2B5-46D7-844F-381148E26BCC}.Ad-Hoc|iPhoneSimulator.Deploy.0 = Ad-Hoc|iPhoneSimulator
		{DB8F9EA8-D2B5-46D7-844F-381148E26BCC}.Ad-Hoc|x64.ActiveCfg = Ad-Hoc|iPhone
		{DB8F9EA8-D2B5-46D7-844F-381148E26BCC}.Ad-Hoc|x64.Build.0 = Ad-Hoc|iPhone
		{DB8F9EA8-D2B5-46D7-844F-381148E26BCC}.Ad-Hoc|x64.Deploy.0 = Ad-Hoc|iPhone
		{DB8F9EA8-D2B5-46D7-844F-381148E26BCC}.Ad-Hoc|x86.ActiveCfg = Ad-Hoc|iPhone
		{DB8F9EA8-D2B5-46D7-844F-381148E26BCC}.Ad-Hoc|x86.Build.0 = Ad-Hoc|iPhone
		{DB8F9EA8-D2B5-46D7-844F-381148E26BCC}.Ad-Hoc|x86.Deploy.0 = Ad-Hoc|iPhone
		{DB8F9EA8-D2B5-46D7-844F-381148E26BCC}.AppStore|Any CPU.ActiveCfg = AppStore|iPhone
		{DB8F9EA8-D2B5-46D7-844F-381148E26BCC}.AppStore|Any CPU.Build.0 = AppStore|iPhone
		{DB8F9EA8-D2B5-46D7-844F-381148E26BCC}.AppStore|Any CPU.Deploy.0 = AppStore|iPhone
		{DB8F9EA8-D2B5-46D7-844F-381148E26BCC}.AppStore|ARM.ActiveCfg = AppStore|iPhone
		{DB8F9EA8-D2B5-46D7-844F-381148E26BCC}.AppStore|ARM.Build.0 = AppStore|iPhone
		{DB8F9EA8-D2B5-46D7-844F-381148E26BCC}.AppStore|ARM.Deploy.0 = AppStore|iPhone
		{DB8F9EA8-D2B5-46D7-844F-381148E26BCC}.AppStore|iPhone.ActiveCfg = AppStore|iPhone
		{DB8F9EA8-D2B5-46D7-844F-381148E26BCC}.AppStore|iPhone.Build.0 = AppStore|iPhone
		{DB8F9EA8-D2B5-46D7-844F-381148E26BCC}.AppStore|iPhone.Deploy.0 = AppStore|iPhone
		{DB8F9EA8-D2B5-46D7-844F-381148E26BCC}.AppStore|iPhoneSimulator.ActiveCfg = AppStore|iPhoneSimulator
		{DB8F9EA8-D2B5-46D7-844F-381148E26BCC}.AppStore|iPhoneSimulator.Build.0 = AppStore|iPhoneSimulator
		{DB8F9EA8-D2B5-46D7-844F-381148E26BCC}.AppStore|iPhoneSimulator.Deploy.0 = AppStore|iPhoneSimulator
		{DB8F9EA8-D2B5-46D7-844F-381148E26BCC}.AppStore|x64.ActiveCfg = AppStore|iPhone
		{DB8F9EA8-D2B5-46D7-844F-381148E26BCC}.AppStore|x64.Build.0 = AppStore|iPhone
		{DB8F9EA8-D2B5-46D7-844F-381148E26BCC}.AppStore|x64.Deploy.0 = AppStore|iPhone
		{DB8F9EA8-D2B5-46D7-844F-381148E26BCC}.AppStore|x86.ActiveCfg = AppStore|iPhone
		{DB8F9EA8-D2B5-46D7-844F-381148E26BCC}.AppStore|x86.Build.0 = AppStore|iPhone
		{DB8F9EA8-D2B5-46D7-844F-381148E26BCC}.AppStore|x86.Deploy.0 = AppStore|iPhone
		{DB8F9EA8-D2B5-46D7-844F-381148E26BCC}.Debug|Any CPU.ActiveCfg = Debug|iPhoneSimulator
		{DB8F9EA8-D2B5-46D7-844F-381148E26BCC}.Debug|Any CPU.Build.0 = Debug|iPhoneSimulator
		{DB8F9EA8-D2B5-46D7-844F-381148E26BCC}.Debug|Any CPU.Deploy.0 = Debug|iPhoneSimulator
		{DB8F9EA8-D2B5-46D7-844F-381148E26BCC}.Debug|ARM.ActiveCfg = Debug|iPhone
		{DB8F9EA8-D2B5-46D7-844F-381148E26BCC}.Debug|ARM.Build.0 = Debug|iPhone
		{DB8F9EA8-D2B5-46D7-844F-381148E26BCC}.Debug|ARM.Deploy.0 = Debug|iPhone
		{DB8F9EA8-D2B5-46D7-844F-381148E26BCC}.Debug|iPhone.ActiveCfg = Debug|iPhone
		{DB8F9EA8-D2B5-46D7-844F-381148E26BCC}.Debug|iPhone.Build.0 = Debug|iPhone
		{DB8F9EA8-D2B5-46D7-844F-381148E26BCC}.Debug|iPhone.Deploy.0 = Debug|iPhone
		{DB8F9EA8-D2B5-46D7-844F-381148E26BCC}.Debug|iPhoneSimulator.ActiveCfg = Debug|iPhoneSimulator
		{DB8F9EA8-D2B5-46D7-844F-381148E26BCC}.Debug|iPhoneSimulator.Build.0 = Debug|iPhoneSimulator
		{DB8F9EA8-D2B5-46D7-844F-381148E26BCC}.Debug|iPhoneSimulator.Deploy.0 = Debug|iPhoneSimulator
		{DB8F9EA8-D2B5-46D7-844F-381148E26BCC}.Debug|x64.ActiveCfg = Debug|iPhone
		{DB8F9EA8-D2B5-46D7-844F-381148E26BCC}.Debug|x64.Build.0 = Debug|iPhone
		{DB8F9EA8-D2B5-46D7-844F-381148E26BCC}.Debug|x64.Deploy.0 = Debug|iPhone
		{DB8F9EA8-D2B5-46D7-844F-381148E26BCC}.Debug|x86.ActiveCfg = Debug|iPhone
		{DB8F9EA8-D2B5-46D7-844F-381148E26BCC}.Debug|x86.Build.0 = Debug|iPhone
		{DB8F9EA8-D2B5-46D7-844F-381148E26BCC}.Debug|x86.Deploy.0 = Debug|iPhone
		{DB8F9EA8-D2B5-46D7-844F-381148E26BCC}.Release|Any CPU.ActiveCfg = Release|iPhone
		{DB8F9EA8-D2B5-46D7-844F-381148E26BCC}.Release|Any CPU.Build.0 = Release|iPhone
		{DB8F9EA8-D2B5-46D7-844F-381148E26BCC}.Release|Any CPU.Deploy.0 = Release|iPhone
		{DB8F9EA8-D2B5-46D7-844F-381148E26BCC}.Release|ARM.ActiveCfg = Release|iPhone
		{DB8F9EA8-D2B5-46D7-844F-381148E26BCC}.Release|ARM.Build.0 = Release|iPhone
		{DB8F9EA8-D2B5-46D7-844F-381148E26BCC}.Release|ARM.Deploy.0 = Release|iPhone
		{DB8F9EA8-D2B5-46D7-844F-381148E26BCC}.Release|iPhone.ActiveCfg = Release|iPhone
		{DB8F9EA8-D2B5-46D7-844F-381148E26BCC}.Release|iPhone.Build.0 = Release|iPhone
		{DB8F9EA8-D2B5-46D7-844F-381148E26BCC}.Release|iPhone.Deploy.0 = Release|iPhone
		{DB8F9EA8-D2B5-46D7-844F-381148E26BCC}.Release|iPhoneSimulator.ActiveCfg = Release|iPhoneSimulator
		{DB8F9EA8-D2B5-46D7-844F-381148E26BCC}.Release|iPhoneSimulator.Build.0 = Release|iPhoneSimulator
		{DB8F9EA8-D2B5-46D7-844F-381148E26BCC}.Release|iPhoneSimulator.Deploy.0 = Release|iPhoneSimulator
		{DB8F9EA8-D2B5-46D7-844F-381148E26BCC}.Release|x64.ActiveCfg = Release|iPhone
		{DB8F9EA8-D2B5-46D7-844F-381148E26BCC}.Release|x64.Build.0 = Release|iPhone
		{DB8F9EA8-D2B5-46D7-844F-381148E26BCC}.Release|x64.Deploy.0 = Release|iPhone
		{DB8F9EA8-D2B5-46D7-844F-381148E26BCC}.Release|x86.ActiveCfg = Release|iPhone
		{DB8F9EA8-D2B5-46D7-844F-381148E26BCC}.Release|x86.Build.0 = Release|iPhone
		{DB8F9EA8-D2B5-46D7-844F-381148E26BCC}.Release|x86.Deploy.0 = Release|iPhone
		{686E5705-6E8F-495E-AEB1-C6BF62C03F77}.Ad-Hoc|Any CPU.ActiveCfg = Release|x86
		{686E5705-6E8F-495E-AEB1-C6BF62C03F77}.Ad-Hoc|Any CPU.Build.0 = Release|x86
		{686E5705-6E8F-495E-AEB1-C6BF62C03F77}.Ad-Hoc|Any CPU.Deploy.0 = Release|x86
		{686E5705-6E8F-495E-AEB1-C6BF62C03F77}.Ad-Hoc|ARM.ActiveCfg = Release|ARM
		{686E5705-6E8F-495E-AEB1-C6BF62C03F77}.Ad-Hoc|ARM.Build.0 = Release|ARM
		{686E5705-6E8F-495E-AEB1-C6BF62C03F77}.Ad-Hoc|ARM.Deploy.0 = Release|ARM
		{686E5705-6E8F-495E-AEB1-C6BF62C03F77}.Ad-Hoc|iPhone.ActiveCfg = Release|x86
		{686E5705-6E8F-495E-AEB1-C6BF62C03F77}.Ad-Hoc|iPhone.Build.0 = Release|x86
		{686E5705-6E8F-495E-AEB1-C6BF62C03F77}.Ad-Hoc|iPhone.Deploy.0 = Release|x86
		{686E5705-6E8F-495E-AEB1-C6BF62C03F77}.Ad-Hoc|iPhoneSimulator.ActiveCfg = Release|x86
		{686E5705-6E8F-495E-AEB1-C6BF62C03F77}.Ad-Hoc|iPhoneSimulator.Build.0 = Release|x86
		{686E5705-6E8F-495E-AEB1-C6BF62C03F77}.Ad-Hoc|iPhoneSimulator.Deploy.0 = Release|x86
		{686E5705-6E8F-495E-AEB1-C6BF62C03F77}.Ad-Hoc|x64.ActiveCfg = Release|x64
		{686E5705-6E8F-495E-AEB1-C6BF62C03F77}.Ad-Hoc|x64.Build.0 = Release|x64
		{686E5705-6E8F-495E-AEB1-C6BF62C03F77}.Ad-Hoc|x64.Deploy.0 = Release|x64
		{686E5705-6E8F-495E-AEB1-C6BF62C03F77}.Ad-Hoc|x86.ActiveCfg = Release|x86
		{686E5705-6E8F-495E-AEB1-C6BF62C03F77}.Ad-Hoc|x86.Build.0 = Release|x86
		{686E5705-6E8F-495E-AEB1-C6BF62C03F77}.Ad-Hoc|x86.Deploy.0 = Release|x86
		{686E5705-6E8F-495E-AEB1-C6BF62C03F77}.AppStore|Any CPU.ActiveCfg = Release|x86
		{686E5705-6E8F-495E-AEB1-C6BF62C03F77}.AppStore|Any CPU.Build.0 = Release|x86
		{686E5705-6E8F-495E-AEB1-C6BF62C03F77}.AppStore|Any CPU.Deploy.0 = Release|x86
		{686E5705-6E8F-495E-AEB1-C6BF62C03F77}.AppStore|ARM.ActiveCfg = Release|ARM
		{686E5705-6E8F-495E-AEB1-C6BF62C03F77}.AppStore|ARM.Build.0 = Release|ARM
		{686E5705-6E8F-495E-AEB1-C6BF62C03F77}.AppStore|ARM.Deploy.0 = Release|ARM
		{686E5705-6E8F-495E-AEB1-C6BF62C03F77}.AppStore|iPhone.ActiveCfg = Release|x86
		{686E5705-6E8F-495E-AEB1-C6BF62C03F77}.AppStore|iPhone.Build.0 = Release|x86
		{686E5705-6E8F-495E-AEB1-C6BF62C03F77}.AppStore|iPhone.Deploy.0 = Release|x86
		{686E5705-6E8F-495E-AEB1-C6BF62C03F77}.AppStore|iPhoneSimulator.ActiveCfg = Release|x86
		{686E5705-6E8F-495E-AEB1-C6BF62C03F77}.AppStore|iPhoneSimulator.Build.0 = Release|x86
		{686E5705-6E8F-495E-AEB1-C6BF62C03F77}.AppStore|iPhoneSimulator.Deploy.0 = Release|x86
		{686E5705-6E8F-495E-AEB1-C6BF62C03F77}.AppStore|x64.ActiveCfg = Release|x64
		{686E5705-6E8F-495E-AEB1-C6BF62C03F77}.AppStore|x64.Build.0 = Release|x64
		{686E5705-6E8F-495E-AEB1-C6BF62C03F77}.AppStore|x64.Deploy.0 = Release|x64
		{686E5705-6E8F-495E-AEB1-C6BF62C03F77}.AppStore|x86.ActiveCfg = Release|x86
		{686E5705-6E8F-495E-AEB1-C6BF62C03F77}.AppStore|x86.Build.0 = Release|x86
		{686E5705-6E8F-495E-AEB1-C6BF62C03F77}.AppStore|x86.Deploy.0 = Release|x86
		{686E5705-6E8F-495E-AEB1-C6BF62C03F77}.Debug|Any CPU.ActiveCfg = Debug|x86
		{686E5705-6E8F-495E-AEB1-C6BF62C03F77}.Debug|Any CPU.Build.0 = Debug|x86
		{686E5705-6E8F-495E-AEB1-C6BF62C03F77}.Debug|Any CPU.Deploy.0 = Debug|x86
		{686E5705-6E8F-495E-AEB1-C6BF62C03F77}.Debug|ARM.ActiveCfg = Debug|ARM
		{686E5705-6E8F-495E-AEB1-C6BF62C03F77}.Debug|ARM.Build.0 = Debug|ARM
		{686E5705-6E8F-495E-AEB1-C6BF62C03F77}.Debug|ARM.Deploy.0 = Debug|ARM
		{686E5705-6E8F-495E-AEB1-C6BF62C03F77}.Debug|iPhone.ActiveCfg = Debug|x86
		{686E5705-6E8F-495E-AEB1-C6BF62C03F77}.Debug|iPhone.Build.0 = Debug|x86
		{686E5705-6E8F-495E-AEB1-C6BF62C03F77}.Debug|iPhone.Deploy.0 = Debug|x86
		{686E5705-6E8F-495E-AEB1-C6BF62C03F77}.Debug|iPhoneSimulator.ActiveCfg = Debug|x86
		{686E5705-6E8F-495E-AEB1-C6BF62C03F77}.Debug|iPhoneSimulator.Build.0 = Debug|x86
		{686E5705-6E8F-495E-AEB1-C6BF62C03F77}.Debug|iPhoneSimulator.Deploy.0 = Debug|x86
		{686E5705-6E8F-495E-AEB1-C6BF62C03F77}.Debug|x64.ActiveCfg = Debug|x64
		{686E5705-6E8F-495E-AEB1-C6BF62C03F77}.Debug|x64.Build.0 = Debug|x64
		{686E5705-6E8F-495E-AEB1-C6BF62C03F77}.Debug|x64.Deploy.0 = Debug|x64
		{686E5705-6E8F-495E-AEB1-C6BF62C03F77}.Debug|x86.ActiveCfg = Debug|x86
		{686E5705-6E8F-495E-AEB1-C6BF62C03F77}.Debug|x86.Build.0 = Debug|x86
		{686E5705-6E8F-495E-AEB1-C6BF62C03F77}.Debug|x86.Deploy.0 = Debug|x86
		{686E5705-6E8F-495E-AEB1-C6BF62C03F77}.Release|Any CPU.ActiveCfg = Release|x86
		{686E5705-6E8F-495E-AEB1-C6BF62C03F77}.Release|Any CPU.Build.0 = Release|x86
		{686E5705-6E8F-495E-AEB1-C6BF62C03F77}.Release|Any CPU.Deploy.0 = Release|x86
		{686E5705-6E8F-495E-AEB1-C6BF62C03F77}.Release|ARM.ActiveCfg = Release|ARM
		{686E5705-6E8F-495E-AEB1-C6BF62C03F77}.Release|ARM.Build.0 = Release|ARM
		{686E5705-6E8F-495E-AEB1-C6BF62C03F77}.Release|ARM.Deploy.0 = Release|ARM
		{686E5705-6E8F-495E-AEB1-C6BF62C03F77}.Release|iPhone.ActiveCfg = Release|x86
		{686E5705-6E8F-495E-AEB1-C6BF62C03F77}.Release|iPhone.Build.0 = Release|x86
		{686E5705-6E8F-495E-AEB1-C6BF62C03F77}.Release|iPhone.Deploy.0 = Release|x86
		{686E5705-6E8F-495E-AEB1-C6BF62C03F77}.Release|iPhoneSimulator.ActiveCfg = Release|x86
		{686E5705-6E8F-495E-AEB1-C6BF62C03F77}.Release|iPhoneSimulator.Build.0 = Release|x86
		{686E5705-6E8F-495E-AEB1-C6BF62C03F77}.Release|iPhoneSimulator.Deploy.0 = Release|x86
		{686E5705-6E8F-495E-AEB1-C6BF62C03F77}.Release|x64.ActiveCfg = Release|x64
		{686E5705-6E8F-495E-AEB1-C6BF62C03F77}.Release|x64.Build.0 = Release|x64
		{686E5705-6E8F-495E-AEB1-C6BF62C03F77}.Release|x64.Deploy.0 = Release|x64
		{686E5705-6E8F-495E-AEB1-C6BF62C03F77}.Release|x86.ActiveCfg = Release|x86
		{686E5705-6E8F-495E-AEB1-C6BF62C03F77}.Release|x86.Build.0 = Release|x86
		{686E5705-6E8F-495E-AEB1-C6BF62C03F77}.Release|x86.Deploy.0 = Release|x86
		{EECC1CDA-3319-4743-B5E9-45FD062D7DBF}.Ad-Hoc|Any CPU.ActiveCfg = Debug|Any CPU
		{EECC1CDA-3319-4743-B5E9-45FD062D7DBF}.Ad-Hoc|Any CPU.Build.0 = Debug|Any CPU
		{EECC1CDA-3319-4743-B5E9-45FD062D7DBF}.Ad-Hoc|Any CPU.Deploy.0 = Debug|Any CPU
		{EECC1CDA-3319-4743-B5E9-45FD062D7DBF}.Ad-Hoc|ARM.ActiveCfg = Debug|Any CPU
		{EECC1CDA-3319-4743-B5E9-45FD062D7DBF}.Ad-Hoc|ARM.Build.0 = Debug|Any CPU
		{EECC1CDA-3319-4743-B5E9-45FD062D7DBF}.Ad-Hoc|ARM.Deploy.0 = Debug|Any CPU
		{EECC1CDA-3319-4743-B5E9-45FD062D7DBF}.Ad-Hoc|iPhone.ActiveCfg = Debug|Any CPU
		{EECC1CDA-3319-4743-B5E9-45FD062D7DBF}.Ad-Hoc|iPhone.Build.0 = Debug|Any CPU
		{EECC1CDA-3319-4743-B5E9-45FD062D7DBF}.Ad-Hoc|iPhone.Deploy.0 = Debug|Any CPU
		{EECC1CDA-3319-4743-B5E9-45FD062D7DBF}.Ad-Hoc|iPhoneSimulator.ActiveCfg = Debug|Any CPU
		{EECC1CDA-3319-4743-B5E9-45FD062D7DBF}.Ad-Hoc|iPhoneSimulator.Build.0 = Debug|Any CPU
		{EECC1CDA-3319-4743-B5E9-45FD062D7DBF}.Ad-Hoc|iPhoneSimulator.Deploy.0 = Debug|Any CPU
		{EECC1CDA-3319-4743-B5E9-45FD062D7DBF}.Ad-Hoc|x64.ActiveCfg = Debug|Any CPU
		{EECC1CDA-3319-4743-B5E9-45FD062D7DBF}.Ad-Hoc|x64.Build.0 = Debug|Any CPU
		{EECC1CDA-3319-4743-B5E9-45FD062D7DBF}.Ad-Hoc|x64.Deploy.0 = Debug|Any CPU
		{EECC1CDA-3319-4743-B5E9-45FD062D7DBF}.Ad-Hoc|x86.ActiveCfg = Debug|Any CPU
		{EECC1CDA-3319-4743-B5E9-45FD062D7DBF}.Ad-Hoc|x86.Build.0 = Debug|Any CPU
		{EECC1CDA-3319-4743-B5E9-45FD062D7DBF}.Ad-Hoc|x86.Deploy.0 = Debug|Any CPU
		{EECC1CDA-3319-4743-B5E9-45FD062D7DBF}.AppStore|Any CPU.ActiveCfg = Debug|Any CPU
		{EECC1CDA-3319-4743-B5E9-45FD062D7DBF}.AppStore|Any CPU.Build.0 = Debug|Any CPU
		{EECC1CDA-3319-4743-B5E9-45FD062D7DBF}.AppStore|Any CPU.Deploy.0 = Debug|Any CPU
		{EECC1CDA-3319-4743-B5E9-45FD062D7DBF}.AppStore|ARM.ActiveCfg = Debug|Any CPU
		{EECC1CDA-3319-4743-B5E9-45FD062D7DBF}.AppStore|ARM.Build.0 = Debug|Any CPU
		{EECC1CDA-3319-4743-B5E9-45FD062D7DBF}.AppStore|ARM.Deploy.0 = Debug|Any CPU
		{EECC1CDA-3319-4743-B5E9-45FD062D7DBF}.AppStore|iPhone.ActiveCfg = Debug|Any CPU
		{EECC1CDA-3319-4743-B5E9-45FD062D7DBF}.AppStore|iPhone.Build.0 = Debug|Any CPU
		{EECC1CDA-3319-4743-B5E9-45FD062D7DBF}.AppStore|iPhone.Deploy.0 = Debug|Any CPU
		{EECC1CDA-3319-4743-B5E9-45FD062D7DBF}.AppStore|iPhoneSimulator.ActiveCfg = Debug|Any CPU
		{EECC1CDA-3319-4743-B5E9-45FD062D7DBF}.AppStore|iPhoneSimulator.Build.0 = Debug|Any CPU
		{EECC1CDA-3319-4743-B5E9-45FD062D7DBF}.AppStore|iPhoneSimulator.Deploy.0 = Debug|Any CPU
		{EECC1CDA-3319-4743-B5E9-45FD062D7DBF}.AppStore|x64.ActiveCfg = Debug|Any CPU
		{EECC1CDA-3319-4743-B5E9-45FD062D7DBF}.AppStore|x64.Build.0 = Debug|Any CPU
		{EECC1CDA-3319-4743-B5E9-45FD062D7DBF}.AppStore|x64.Deploy.0 = Debug|Any CPU
		{EECC1CDA-3319-4743-B5E9-45FD062D7DBF}.AppStore|x86.ActiveCfg = Debug|Any CPU
		{EECC1CDA-3319-4743-B5E9-45FD062D7DBF}.AppStore|x86.Build.0 = Debug|Any CPU
		{EECC1CDA-3319-4743-B5E9-45FD062D7DBF}.AppStore|x86.Deploy.0 = Debug|Any CPU
		{EECC1CDA-3319-4743-B5E9-45FD062D7DBF}.Debug|Any CPU.ActiveCfg = Debug|Any CPU
		{EECC1CDA-3319-4743-B5E9-45FD062D7DBF}.Debug|Any CPU.Build.0 = Debug|Any CPU
		{EECC1CDA-3319-4743-B5E9-45FD062D7DBF}.Debug|Any CPU.Deploy.0 = Debug|Any CPU
		{EECC1CDA-3319-4743-B5E9-45FD062D7DBF}.Debug|ARM.ActiveCfg = Debug|Any CPU
		{EECC1CDA-3319-4743-B5E9-45FD062D7DBF}.Debug|ARM.Build.0 = Debug|Any CPU
		{EECC1CDA-3319-4743-B5E9-45FD062D7DBF}.Debug|ARM.Deploy.0 = Debug|Any CPU
		{EECC1CDA-3319-4743-B5E9-45FD062D7DBF}.Debug|iPhone.ActiveCfg = Debug|Any CPU
		{EECC1CDA-3319-4743-B5E9-45FD062D7DBF}.Debug|iPhone.Build.0 = Debug|Any CPU
		{EECC1CDA-3319-4743-B5E9-45FD062D7DBF}.Debug|iPhone.Deploy.0 = Debug|Any CPU
		{EECC1CDA-3319-4743-B5E9-45FD062D7DBF}.Debug|iPhoneSimulator.ActiveCfg = Debug|Any CPU
		{EECC1CDA-3319-4743-B5E9-45FD062D7DBF}.Debug|iPhoneSimulator.Build.0 = Debug|Any CPU
		{EECC1CDA-3319-4743-B5E9-45FD062D7DBF}.Debug|iPhoneSimulator.Deploy.0 = Debug|Any CPU
		{EECC1CDA-3319-4743-B5E9-45FD062D7DBF}.Debug|x64.ActiveCfg = Debug|Any CPU
		{EECC1CDA-3319-4743-B5E9-45FD062D7DBF}.Debug|x64.Build.0 = Debug|Any CPU
		{EECC1CDA-3319-4743-B5E9-45FD062D7DBF}.Debug|x64.Deploy.0 = Debug|Any CPU
		{EECC1CDA-3319-4743-B5E9-45FD062D7DBF}.Debug|x86.ActiveCfg = Debug|Any CPU
		{EECC1CDA-3319-4743-B5E9-45FD062D7DBF}.Debug|x86.Build.0 = Debug|Any CPU
		{EECC1CDA-3319-4743-B5E9-45FD062D7DBF}.Debug|x86.Deploy.0 = Debug|Any CPU
		{EECC1CDA-3319-4743-B5E9-45FD062D7DBF}.Release|Any CPU.ActiveCfg = Release|Any CPU
		{EECC1CDA-3319-4743-B5E9-45FD062D7DBF}.Release|Any CPU.Build.0 = Release|Any CPU
		{EECC1CDA-3319-4743-B5E9-45FD062D7DBF}.Release|Any CPU.Deploy.0 = Release|Any CPU
		{EECC1CDA-3319-4743-B5E9-45FD062D7DBF}.Release|ARM.ActiveCfg = Release|Any CPU
		{EECC1CDA-3319-4743-B5E9-45FD062D7DBF}.Release|ARM.Build.0 = Release|Any CPU
		{EECC1CDA-3319-4743-B5E9-45FD062D7DBF}.Release|ARM.Deploy.0 = Release|Any CPU
		{EECC1CDA-3319-4743-B5E9-45FD062D7DBF}.Release|iPhone.ActiveCfg = Release|Any CPU
		{EECC1CDA-3319-4743-B5E9-45FD062D7DBF}.Release|iPhone.Build.0 = Release|Any CPU
		{EECC1CDA-3319-4743-B5E9-45FD062D7DBF}.Release|iPhone.Deploy.0 = Release|Any CPU
		{EECC1CDA-3319-4743-B5E9-45FD062D7DBF}.Release|iPhoneSimulator.ActiveCfg = Release|Any CPU
		{EECC1CDA-3319-4743-B5E9-45FD062D7DBF}.Release|iPhoneSimulator.Build.0 = Release|Any CPU
		{EECC1CDA-3319-4743-B5E9-45FD062D7DBF}.Release|iPhoneSimulator.Deploy.0 = Release|Any CPU
		{EECC1CDA-3319-4743-B5E9-45FD062D7DBF}.Release|x64.ActiveCfg = Release|Any CPU
		{EECC1CDA-3319-4743-B5E9-45FD062D7DBF}.Release|x64.Build.0 = Release|Any CPU
		{EECC1CDA-3319-4743-B5E9-45FD062D7DBF}.Release|x64.Deploy.0 = Release|Any CPU
		{EECC1CDA-3319-4743-B5E9-45FD062D7DBF}.Release|x86.ActiveCfg = Release|Any CPU
		{EECC1CDA-3319-4743-B5E9-45FD062D7DBF}.Release|x86.Build.0 = Release|Any CPU
		{EECC1CDA-3319-4743-B5E9-45FD062D7DBF}.Release|x86.Deploy.0 = Release|Any CPU
	EndGlobalSection
	GlobalSection(SolutionProperties) = preSolution
		HideSolutionNode = FALSE
	EndGlobalSection
	GlobalSection(ExtensibilityGlobals) = postSolution
		SolutionGuid = {ACC02271-BB5E-4216-94A0-F879CF7CC90A}
	EndGlobalSection
EndGlobal
