
Microsoft Visual Studio Solution File, Format Version 12.00
# Visual Studio 15
VisualStudioVersion = 15.0.28307.421
MinimumVisualStudioVersion = 10.0.40219.1
Project("{FAE04EC0-301F-11D3-BF4B-00C04F79EFBC}") = "ItemTemplate.Android", "ItemTemplate\ItemTemplate.Android\ItemTemplate.Android.csproj", "{44E66A20-8E7B-44C7-9B5F-B86AFE307CBA}"
EndProject
Project("{FAE04EC0-301F-11D3-BF4B-00C04F79EFBC}") = "ItemTemplate.iOS", "ItemTemplate\ItemTemplate.iOS\ItemTemplate.iOS.csproj", "{D9A1FB1E-F362-40B7-92E1-2D4EC20066EA}"
EndProject
Project("{FAE04EC0-301F-11D3-BF4B-00C04F79EFBC}") = "ItemTemplate.UWP", "ItemTemplate\ItemTemplate.UWP\ItemTemplate.UWP.csproj", "{A8367065-FE19-446B-9727-24AC46ADE979}"
EndProject
Project("{FAE04EC0-301F-11D3-BF4B-00C04F79EFBC}") = "ItemTemplate", "ItemTemplate\ItemTemplate\ItemTemplate.csproj", "{AAAB8C6A-54BD-459E-8CE6-3B5DC4C58EE8}"
EndProject
Global
	GlobalSection(SolutionConfigurationPlatforms) = preSolution
		Ad-Hoc|Any CPU = Ad-Hoc|Any CPU
		Ad-Hoc|ARM = Ad-Hoc|ARM
		Ad-Hoc|iPhone = Ad-Hoc|iPhone
		Ad-Hoc|iPhoneSimulator = Ad-Hoc|iPhoneSimulator
		Ad-Hoc|x64 = Ad-Hoc|x64
		Ad-Hoc|x86 = Ad-Hoc|x86
		AppStore|Any CPU = AppStore|Any CPU
		AppStore|ARM = AppStore|ARM
		AppStore|iPhone = AppStore|iPhone
		AppStore|iPhoneSimulator = AppStore|iPhoneSimulator
		AppStore|x64 = AppStore|x64
		AppStore|x86 = AppStore|x86
		Debug|Any CPU = Debug|Any CPU
		Debug|ARM = Debug|ARM
		Debug|iPhone = Debug|iPhone
		Debug|iPhoneSimulator = Debug|iPhoneSimulator
		Debug|x64 = Debug|x64
		Debug|x86 = Debug|x86
		Release|Any CPU = Release|Any CPU
		Release|ARM = Release|ARM
		Release|iPhone = Release|iPhone
		Release|iPhoneSimulator = Release|iPhoneSimulator
		Release|x64 = Release|x64
		Release|x86 = Release|x86
	EndGlobalSection
	GlobalSection(ProjectConfigurationPlatforms) = postSolution
		{44E66A20-8E7B-44C7-9B5F-B86AFE307CBA}.Ad-Hoc|Any CPU.ActiveCfg = Release|Any CPU
		{44E66A20-8E7B-44C7-9B5F-B86AFE307CBA}.Ad-Hoc|Any CPU.Build.0 = Release|Any CPU
		{44E66A20-8E7B-44C7-9B5F-B86AFE307CBA}.Ad-Hoc|Any CPU.Deploy.0 = Release|Any CPU
		{44E66A20-8E7B-44C7-9B5F-B86AFE307CBA}.Ad-Hoc|ARM.ActiveCfg = Release|Any CPU
		{44E66A20-8E7B-44C7-9B5F-B86AFE307CBA}.Ad-Hoc|ARM.Build.0 = Release|Any CPU
		{44E66A20-8E7B-44C7-9B5F-B86AFE307CBA}.Ad-Hoc|ARM.Deploy.0 = Release|Any CPU
		{44E66A20-8E7B-44C7-9B5F-B86AFE307CBA}.Ad-Hoc|iPhone.ActiveCfg = Release|Any CPU
		{44E66A20-8E7B-44C7-9B5F-B86AFE307CBA}.Ad-Hoc|iPhone.Build.0 = Release|Any CPU
		{44E66A20-8E7B-44C7-9B5F-B86AFE307CBA}.Ad-Hoc|iPhone.Deploy.0 = Release|Any CPU
		{44E66A20-8E7B-44C7-9B5F-B86AFE307CBA}.Ad-Hoc|iPhoneSimulator.ActiveCfg = Release|Any CPU
		{44E66A20-8E7B-44C7-9B5F-B86AFE307CBA}.Ad-Hoc|iPhoneSimulator.Build.0 = Release|Any CPU
		{44E66A20-8E7B-44C7-9B5F-B86AFE307CBA}.Ad-Hoc|iPhoneSimulator.Deploy.0 = Release|Any CPU
		{44E66A20-8E7B-44C7-9B5F-B86AFE307CBA}.Ad-Hoc|x64.ActiveCfg = Release|Any CPU
		{44E66A20-8E7B-44C7-9B5F-B86AFE307CBA}.Ad-Hoc|x64.Build.0 = Release|Any CPU
		{44E66A20-8E7B-44C7-9B5F-B86AFE307CBA}.Ad-Hoc|x64.Deploy.0 = Release|Any CPU
		{44E66A20-8E7B-44C7-9B5F-B86AFE307CBA}.Ad-Hoc|x86.ActiveCfg = Release|Any CPU
		{44E66A20-8E7B-44C7-9B5F-B86AFE307CBA}.Ad-Hoc|x86.Build.0 = Release|Any CPU
		{44E66A20-8E7B-44C7-9B5F-B86AFE307CBA}.Ad-Hoc|x86.Deploy.0 = Release|Any CPU
		{44E66A20-8E7B-44C7-9B5F-B86AFE307CBA}.AppStore|Any CPU.ActiveCfg = Release|Any CPU
		{44E66A20-8E7B-44C7-9B5F-B86AFE307CBA}.AppStore|Any CPU.Build.0 = Release|Any CPU
		{44E66A20-8E7B-44C7-9B5F-B86AFE307CBA}.AppStore|Any CPU.Deploy.0 = Release|Any CPU
		{44E66A20-8E7B-44C7-9B5F-B86AFE307CBA}.AppStore|ARM.ActiveCfg = Release|Any CPU
		{44E66A20-8E7B-44C7-9B5F-B86AFE307CBA}.AppStore|ARM.Build.0 = Release|Any CPU
		{44E66A20-8E7B-44C7-9B5F-B86AFE307CBA}.AppStore|ARM.Deploy.0 = Release|Any CPU
		{44E66A20-8E7B-44C7-9B5F-B86AFE307CBA}.AppStore|iPhone.ActiveCfg = Release|Any CPU
		{44E66A20-8E7B-44C7-9B5F-B86AFE307CBA}.AppStore|iPhone.Build.0 = Release|Any CPU
		{44E66A20-8E7B-44C7-9B5F-B86AFE307CBA}.AppStore|iPhone.Deploy.0 = Release|Any CPU
		{44E66A20-8E7B-44C7-9B5F-B86AFE307CBA}.AppStore|iPhoneSimulator.ActiveCfg = Release|Any CPU
		{44E66A20-8E7B-44C7-9B5F-B86AFE307CBA}.AppStore|iPhoneSimulator.Build.0 = Release|Any CPU
		{44E66A20-8E7B-44C7-9B5F-B86AFE307CBA}.AppStore|iPhoneSimulator.Deploy.0 = Release|Any CPU
		{44E66A20-8E7B-44C7-9B5F-B86AFE307CBA}.AppStore|x64.ActiveCfg = Release|Any CPU
		{44E66A20-8E7B-44C7-9B5F-B86AFE307CBA}.AppStore|x64.Build.0 = Release|Any CPU
		{44E66A20-8E7B-44C7-9B5F-B86AFE307CBA}.AppStore|x64.Deploy.0 = Release|Any CPU
		{44E66A20-8E7B-44C7-9B5F-B86AFE307CBA}.AppStore|x86.ActiveCfg = Release|Any CPU
		{44E66A20-8E7B-44C7-9B5F-B86AFE307CBA}.AppStore|x86.Build.0 = Release|Any CPU
		{44E66A20-8E7B-44C7-9B5F-B86AFE307CBA}.AppStore|x86.Deploy.0 = Release|Any CPU
		{44E66A20-8E7B-44C7-9B5F-B86AFE307CBA}.Debug|Any CPU.ActiveCfg = Debug|Any CPU
		{44E66A20-8E7B-44C7-9B5F-B86AFE307CBA}.Debug|Any CPU.Build.0 = Debug|Any CPU
		{44E66A20-8E7B-44C7-9B5F-B86AFE307CBA}.Debug|Any CPU.Deploy.0 = Debug|Any CPU
		{44E66A20-8E7B-44C7-9B5F-B86AFE307CBA}.Debug|ARM.ActiveCfg = Debug|Any CPU
		{44E66A20-8E7B-44C7-9B5F-B86AFE307CBA}.Debug|ARM.Build.0 = Debug|Any CPU
		{44E66A20-8E7B-44C7-9B5F-B86AFE307CBA}.Debug|ARM.Deploy.0 = Debug|Any CPU
		{44E66A20-8E7B-44C7-9B5F-B86AFE307CBA}.Debug|iPhone.ActiveCfg = Debug|Any CPU
		{44E66A20-8E7B-44C7-9B5F-B86AFE307CBA}.Debug|iPhone.Build.0 = Debug|Any CPU
		{44E66A20-8E7B-44C7-9B5F-B86AFE307CBA}.Debug|iPhone.Deploy.0 = Debug|Any CPU
		{44E66A20-8E7B-44C7-9B5F-B86AFE307CBA}.Debug|iPhoneSimulator.ActiveCfg = Debug|Any CPU
		{44E66A20-8E7B-44C7-9B5F-B86AFE307CBA}.Debug|iPhoneSimulator.Build.0 = Debug|Any CPU
		{44E66A20-8E7B-44C7-9B5F-B86AFE307CBA}.Debug|iPhoneSimulator.Deploy.0 = Debug|Any CPU
		{44E66A20-8E7B-44C7-9B5F-B86AFE307CBA}.Debug|x64.ActiveCfg = Debug|Any CPU
		{44E66A20-8E7B-44C7-9B5F-B86AFE307CBA}.Debug|x64.Build.0 = Debug|Any CPU
		{44E66A20-8E7B-44C7-9B5F-B86AFE307CBA}.Debug|x64.Deploy.0 = Debug|Any CPU
		{44E66A20-8E7B-44C7-9B5F-B86AFE307CBA}.Debug|x86.ActiveCfg = Debug|Any CPU
		{44E66A20-8E7B-44C7-9B5F-B86AFE307CBA}.Debug|x86.Build.0 = Debug|Any CPU
		{44E66A20-8E7B-44C7-9B5F-B86AFE307CBA}.Debug|x86.Deploy.0 = Debug|Any CPU
		{44E66A20-8E7B-44C7-9B5F-B86AFE307CBA}.Release|Any CPU.ActiveCfg = Release|Any CPU
		{44E66A20-8E7B-44C7-9B5F-B86AFE307CBA}.Release|Any CPU.Build.0 = Release|Any CPU
		{44E66A20-8E7B-44C7-9B5F-B86AFE307CBA}.Release|Any CPU.Deploy.0 = Release|Any CPU
		{44E66A20-8E7B-44C7-9B5F-B86AFE307CBA}.Release|ARM.ActiveCfg = Release|Any CPU
		{44E66A20-8E7B-44C7-9B5F-B86AFE307CBA}.Release|ARM.Build.0 = Release|Any CPU
		{44E66A20-8E7B-44C7-9B5F-B86AFE307CBA}.Release|ARM.Deploy.0 = Release|Any CPU
		{44E66A20-8E7B-44C7-9B5F-B86AFE307CBA}.Release|iPhone.ActiveCfg = Release|Any CPU
		{44E66A20-8E7B-44C7-9B5F-B86AFE307CBA}.Release|iPhone.Build.0 = Release|Any CPU
		{44E66A20-8E7B-44C7-9B5F-B86AFE307CBA}.Release|iPhone.Deploy.0 = Release|Any CPU
		{44E66A20-8E7B-44C7-9B5F-B86AFE307CBA}.Release|iPhoneSimulator.ActiveCfg = Release|Any CPU
		{44E66A20-8E7B-44C7-9B5F-B86AFE307CBA}.Release|iPhoneSimulator.Build.0 = Release|Any CPU
		{44E66A20-8E7B-44C7-9B5F-B86AFE307CBA}.Release|iPhoneSimulator.Deploy.0 = Release|Any CPU
		{44E66A20-8E7B-44C7-9B5F-B86AFE307CBA}.Release|x64.ActiveCfg = Release|Any CPU
		{44E66A20-8E7B-44C7-9B5F-B86AFE307CBA}.Release|x64.Build.0 = Release|Any CPU
		{44E66A20-8E7B-44C7-9B5F-B86AFE307CBA}.Release|x64.Deploy.0 = Release|Any CPU
		{44E66A20-8E7B-44C7-9B5F-B86AFE307CBA}.Release|x86.ActiveCfg = Release|Any CPU
		{44E66A20-8E7B-44C7-9B5F-B86AFE307CBA}.Release|x86.Build.0 = Release|Any CPU
		{44E66A20-8E7B-44C7-9B5F-B86AFE307CBA}.Release|x86.Deploy.0 = Release|Any CPU
		{D9A1FB1E-F362-40B7-92E1-2D4EC20066EA}.Ad-Hoc|Any CPU.ActiveCfg = Ad-Hoc|iPhone
		{D9A1FB1E-F362-40B7-92E1-2D4EC20066EA}.Ad-Hoc|Any CPU.Build.0 = Ad-Hoc|iPhone
		{D9A1FB1E-F362-40B7-92E1-2D4EC20066EA}.Ad-Hoc|Any CPU.Deploy.0 = Ad-Hoc|iPhone
		{D9A1FB1E-F362-40B7-92E1-2D4EC20066EA}.Ad-Hoc|ARM.ActiveCfg = Ad-Hoc|iPhone
		{D9A1FB1E-F362-40B7-92E1-2D4EC20066EA}.Ad-Hoc|ARM.Build.0 = Ad-Hoc|iPhone
		{D9A1FB1E-F362-40B7-92E1-2D4EC20066EA}.Ad-Hoc|ARM.Deploy.0 = Ad-Hoc|iPhone
		{D9A1FB1E-F362-40B7-92E1-2D4EC20066EA}.Ad-Hoc|iPhone.ActiveCfg = Ad-Hoc|iPhone
		{D9A1FB1E-F362-40B7-92E1-2D4EC20066EA}.Ad-Hoc|iPhone.Build.0 = Ad-Hoc|iPhone
		{D9A1FB1E-F362-40B7-92E1-2D4EC20066EA}.Ad-Hoc|iPhone.Deploy.0 = Ad-Hoc|iPhone
		{D9A1FB1E-F362-40B7-92E1-2D4EC20066EA}.Ad-Hoc|iPhoneSimulator.ActiveCfg = Ad-Hoc|iPhoneSimulator
		{D9A1FB1E-F362-40B7-92E1-2D4EC20066EA}.Ad-Hoc|iPhoneSimulator.Build.0 = Ad-Hoc|iPhoneSimulator
		{D9A1FB1E-F362-40B7-92E1-2D4EC20066EA}.Ad-Hoc|iPhoneSimulator.Deploy.0 = Ad-Hoc|iPhoneSimulator
		{D9A1FB1E-F362-40B7-92E1-2D4EC20066EA}.Ad-Hoc|x64.ActiveCfg = Ad-Hoc|iPhone
		{D9A1FB1E-F362-40B7-92E1-2D4EC20066EA}.Ad-Hoc|x64.Build.0 = Ad-Hoc|iPhone
		{D9A1FB1E-F362-40B7-92E1-2D4EC20066EA}.Ad-Hoc|x64.Deploy.0 = Ad-Hoc|iPhone
		{D9A1FB1E-F362-40B7-92E1-2D4EC20066EA}.Ad-Hoc|x86.ActiveCfg = Ad-Hoc|iPhone
		{D9A1FB1E-F362-40B7-92E1-2D4EC20066EA}.Ad-Hoc|x86.Build.0 = Ad-Hoc|iPhone
		{D9A1FB1E-F362-40B7-92E1-2D4EC20066EA}.Ad-Hoc|x86.Deploy.0 = Ad-Hoc|iPhone
		{D9A1FB1E-F362-40B7-92E1-2D4EC20066EA}.AppStore|Any CPU.ActiveCfg = AppStore|iPhone
		{D9A1FB1E-F362-40B7-92E1-2D4EC20066EA}.AppStore|Any CPU.Build.0 = AppStore|iPhone
		{D9A1FB1E-F362-40B7-92E1-2D4EC20066EA}.AppStore|Any CPU.Deploy.0 = AppStore|iPhone
		{D9A1FB1E-F362-40B7-92E1-2D4EC20066EA}.AppStore|ARM.ActiveCfg = AppStore|iPhone
		{D9A1FB1E-F362-40B7-92E1-2D4EC20066EA}.AppStore|ARM.Build.0 = AppStore|iPhone
		{D9A1FB1E-F362-40B7-92E1-2D4EC20066EA}.AppStore|ARM.Deploy.0 = AppStore|iPhone
		{D9A1FB1E-F362-40B7-92E1-2D4EC20066EA}.AppStore|iPhone.ActiveCfg = AppStore|iPhone
		{D9A1FB1E-F362-40B7-92E1-2D4EC20066EA}.AppStore|iPhone.Build.0 = AppStore|iPhone
		{D9A1FB1E-F362-40B7-92E1-2D4EC20066EA}.AppStore|iPhone.Deploy.0 = AppStore|iPhone
		{D9A1FB1E-F362-40B7-92E1-2D4EC20066EA}.AppStore|iPhoneSimulator.ActiveCfg = AppStore|iPhoneSimulator
		{D9A1FB1E-F362-40B7-92E1-2D4EC20066EA}.AppStore|iPhoneSimulator.Build.0 = AppStore|iPhoneSimulator
		{D9A1FB1E-F362-40B7-92E1-2D4EC20066EA}.AppStore|iPhoneSimulator.Deploy.0 = AppStore|iPhoneSimulator
		{D9A1FB1E-F362-40B7-92E1-2D4EC20066EA}.AppStore|x64.ActiveCfg = AppStore|iPhone
		{D9A1FB1E-F362-40B7-92E1-2D4EC20066EA}.AppStore|x64.Build.0 = AppStore|iPhone
		{D9A1FB1E-F362-40B7-92E1-2D4EC20066EA}.AppStore|x64.Deploy.0 = AppStore|iPhone
		{D9A1FB1E-F362-40B7-92E1-2D4EC20066EA}.AppStore|x86.ActiveCfg = AppStore|iPhone
		{D9A1FB1E-F362-40B7-92E1-2D4EC20066EA}.AppStore|x86.Build.0 = AppStore|iPhone
		{D9A1FB1E-F362-40B7-92E1-2D4EC20066EA}.AppStore|x86.Deploy.0 = AppStore|iPhone
		{D9A1FB1E-F362-40B7-92E1-2D4EC20066EA}.Debug|Any CPU.ActiveCfg = Debug|iPhoneSimulator
		{D9A1FB1E-F362-40B7-92E1-2D4EC20066EA}.Debug|Any CPU.Build.0 = Debug|iPhoneSimulator
		{D9A1FB1E-F362-40B7-92E1-2D4EC20066EA}.Debug|Any CPU.Deploy.0 = Debug|iPhoneSimulator
		{D9A1FB1E-F362-40B7-92E1-2D4EC20066EA}.Debug|ARM.ActiveCfg = Debug|iPhone
		{D9A1FB1E-F362-40B7-92E1-2D4EC20066EA}.Debug|ARM.Build.0 = Debug|iPhone
		{D9A1FB1E-F362-40B7-92E1-2D4EC20066EA}.Debug|ARM.Deploy.0 = Debug|iPhone
		{D9A1FB1E-F362-40B7-92E1-2D4EC20066EA}.Debug|iPhone.ActiveCfg = Debug|iPhone
		{D9A1FB1E-F362-40B7-92E1-2D4EC20066EA}.Debug|iPhone.Build.0 = Debug|iPhone
		{D9A1FB1E-F362-40B7-92E1-2D4EC20066EA}.Debug|iPhone.Deploy.0 = Debug|iPhone
		{D9A1FB1E-F362-40B7-92E1-2D4EC20066EA}.Debug|iPhoneSimulator.ActiveCfg = Debug|iPhoneSimulator
		{D9A1FB1E-F362-40B7-92E1-2D4EC20066EA}.Debug|iPhoneSimulator.Build.0 = Debug|iPhoneSimulator
		{D9A1FB1E-F362-40B7-92E1-2D4EC20066EA}.Debug|iPhoneSimulator.Deploy.0 = Debug|iPhoneSimulator
		{D9A1FB1E-F362-40B7-92E1-2D4EC20066EA}.Debug|x64.ActiveCfg = Debug|iPhone
		{D9A1FB1E-F362-40B7-92E1-2D4EC20066EA}.Debug|x64.Build.0 = Debug|iPhone
		{D9A1FB1E-F362-40B7-92E1-2D4EC20066EA}.Debug|x64.Deploy.0 = Debug|iPhone
		{D9A1FB1E-F362-40B7-92E1-2D4EC20066EA}.Debug|x86.ActiveCfg = Debug|iPhone
		{D9A1FB1E-F362-40B7-92E1-2D4EC20066EA}.Debug|x86.Build.0 = Debug|iPhone
		{D9A1FB1E-F362-40B7-92E1-2D4EC20066EA}.Debug|x86.Deploy.0 = Debug|iPhone
		{D9A1FB1E-F362-40B7-92E1-2D4EC20066EA}.Release|Any CPU.ActiveCfg = Release|iPhone
		{D9A1FB1E-F362-40B7-92E1-2D4EC20066EA}.Release|Any CPU.Build.0 = Release|iPhone
		{D9A1FB1E-F362-40B7-92E1-2D4EC20066EA}.Release|Any CPU.Deploy.0 = Release|iPhone
		{D9A1FB1E-F362-40B7-92E1-2D4EC20066EA}.Release|ARM.ActiveCfg = Release|iPhone
		{D9A1FB1E-F362-40B7-92E1-2D4EC20066EA}.Release|ARM.Build.0 = Release|iPhone
		{D9A1FB1E-F362-40B7-92E1-2D4EC20066EA}.Release|ARM.Deploy.0 = Release|iPhone
		{D9A1FB1E-F362-40B7-92E1-2D4EC20066EA}.Release|iPhone.ActiveCfg = Release|iPhone
		{D9A1FB1E-F362-40B7-92E1-2D4EC20066EA}.Release|iPhone.Build.0 = Release|iPhone
		{D9A1FB1E-F362-40B7-92E1-2D4EC20066EA}.Release|iPhone.Deploy.0 = Release|iPhone
		{D9A1FB1E-F362-40B7-92E1-2D4EC20066EA}.Release|iPhoneSimulator.ActiveCfg = Release|iPhoneSimulator
		{D9A1FB1E-F362-40B7-92E1-2D4EC20066EA}.Release|iPhoneSimulator.Build.0 = Release|iPhoneSimulator
		{D9A1FB1E-F362-40B7-92E1-2D4EC20066EA}.Release|iPhoneSimulator.Deploy.0 = Release|iPhoneSimulator
		{D9A1FB1E-F362-40B7-92E1-2D4EC20066EA}.Release|x64.ActiveCfg = Release|iPhone
		{D9A1FB1E-F362-40B7-92E1-2D4EC20066EA}.Release|x64.Build.0 = Release|iPhone
		{D9A1FB1E-F362-40B7-92E1-2D4EC20066EA}.Release|x64.Deploy.0 = Release|iPhone
		{D9A1FB1E-F362-40B7-92E1-2D4EC20066EA}.Release|x86.ActiveCfg = Release|iPhone
		{D9A1FB1E-F362-40B7-92E1-2D4EC20066EA}.Release|x86.Build.0 = Release|iPhone
		{D9A1FB1E-F362-40B7-92E1-2D4EC20066EA}.Release|x86.Deploy.0 = Release|iPhone
		{A8367065-FE19-446B-9727-24AC46ADE979}.Ad-Hoc|Any CPU.ActiveCfg = Release|x86
		{A8367065-FE19-446B-9727-24AC46ADE979}.Ad-Hoc|Any CPU.Build.0 = Release|x86
		{A8367065-FE19-446B-9727-24AC46ADE979}.Ad-Hoc|Any CPU.Deploy.0 = Release|x86
		{A8367065-FE19-446B-9727-24AC46ADE979}.Ad-Hoc|ARM.ActiveCfg = Release|ARM
		{A8367065-FE19-446B-9727-24AC46ADE979}.Ad-Hoc|ARM.Build.0 = Release|ARM
		{A8367065-FE19-446B-9727-24AC46ADE979}.Ad-Hoc|ARM.Deploy.0 = Release|ARM
		{A8367065-FE19-446B-9727-24AC46ADE979}.Ad-Hoc|iPhone.ActiveCfg = Release|x86
		{A8367065-FE19-446B-9727-24AC46ADE979}.Ad-Hoc|iPhone.Build.0 = Release|x86
		{A8367065-FE19-446B-9727-24AC46ADE979}.Ad-Hoc|iPhone.Deploy.0 = Release|x86
		{A8367065-FE19-446B-9727-24AC46ADE979}.Ad-Hoc|iPhoneSimulator.ActiveCfg = Release|x86
		{A8367065-FE19-446B-9727-24AC46ADE979}.Ad-Hoc|iPhoneSimulator.Build.0 = Release|x86
		{A8367065-FE19-446B-9727-24AC46ADE979}.Ad-Hoc|iPhoneSimulator.Deploy.0 = Release|x86
		{A8367065-FE19-446B-9727-24AC46ADE979}.Ad-Hoc|x64.ActiveCfg = Release|x64
		{A8367065-FE19-446B-9727-24AC46ADE979}.Ad-Hoc|x64.Build.0 = Release|x64
		{A8367065-FE19-446B-9727-24AC46ADE979}.Ad-Hoc|x64.Deploy.0 = Release|x64
		{A8367065-FE19-446B-9727-24AC46ADE979}.Ad-Hoc|x86.ActiveCfg = Release|x86
		{A8367065-FE19-446B-9727-24AC46ADE979}.Ad-Hoc|x86.Build.0 = Release|x86
		{A8367065-FE19-446B-9727-24AC46ADE979}.Ad-Hoc|x86.Deploy.0 = Release|x86
		{A8367065-FE19-446B-9727-24AC46ADE979}.AppStore|Any CPU.ActiveCfg = Release|x86
		{A8367065-FE19-446B-9727-24AC46ADE979}.AppStore|Any CPU.Build.0 = Release|x86
		{A8367065-FE19-446B-9727-24AC46ADE979}.AppStore|Any CPU.Deploy.0 = Release|x86
		{A8367065-FE19-446B-9727-24AC46ADE979}.AppStore|ARM.ActiveCfg = Release|ARM
		{A8367065-FE19-446B-9727-24AC46ADE979}.AppStore|ARM.Build.0 = Release|ARM
		{A8367065-FE19-446B-9727-24AC46ADE979}.AppStore|ARM.Deploy.0 = Release|ARM
		{A8367065-FE19-446B-9727-24AC46ADE979}.AppStore|iPhone.ActiveCfg = Release|x86
		{A8367065-FE19-446B-9727-24AC46ADE979}.AppStore|iPhone.Build.0 = Release|x86
		{A8367065-FE19-446B-9727-24AC46ADE979}.AppStore|iPhone.Deploy.0 = Release|x86
		{A8367065-FE19-446B-9727-24AC46ADE979}.AppStore|iPhoneSimulator.ActiveCfg = Release|x86
		{A8367065-FE19-446B-9727-24AC46ADE979}.AppStore|iPhoneSimulator.Build.0 = Release|x86
		{A8367065-FE19-446B-9727-24AC46ADE979}.AppStore|iPhoneSimulator.Deploy.0 = Release|x86
		{A8367065-FE19-446B-9727-24AC46ADE979}.AppStore|x64.ActiveCfg = Release|x64
		{A8367065-FE19-446B-9727-24AC46ADE979}.AppStore|x64.Build.0 = Release|x64
		{A8367065-FE19-446B-9727-24AC46ADE979}.AppStore|x64.Deploy.0 = Release|x64
		{A8367065-FE19-446B-9727-24AC46ADE979}.AppStore|x86.ActiveCfg = Release|x86
		{A8367065-FE19-446B-9727-24AC46ADE979}.AppStore|x86.Build.0 = Release|x86
		{A8367065-FE19-446B-9727-24AC46ADE979}.AppStore|x86.Deploy.0 = Release|x86
		{A8367065-FE19-446B-9727-24AC46ADE979}.Debug|Any CPU.ActiveCfg = Debug|x86
		{A8367065-FE19-446B-9727-24AC46ADE979}.Debug|Any CPU.Build.0 = Debug|x86
		{A8367065-FE19-446B-9727-24AC46ADE979}.Debug|Any CPU.Deploy.0 = Debug|x86
		{A8367065-FE19-446B-9727-24AC46ADE979}.Debug|ARM.ActiveCfg = Debug|ARM
		{A8367065-FE19-446B-9727-24AC46ADE979}.Debug|ARM.Build.0 = Debug|ARM
		{A8367065-FE19-446B-9727-24AC46ADE979}.Debug|ARM.Deploy.0 = Debug|ARM
		{A8367065-FE19-446B-9727-24AC46ADE979}.Debug|iPhone.ActiveCfg = Debug|x86
		{A8367065-FE19-446B-9727-24AC46ADE979}.Debug|iPhone.Build.0 = Debug|x86
		{A8367065-FE19-446B-9727-24AC46ADE979}.Debug|iPhone.Deploy.0 = Debug|x86
		{A8367065-FE19-446B-9727-24AC46ADE979}.Debug|iPhoneSimulator.ActiveCfg = Debug|x86
		{A8367065-FE19-446B-9727-24AC46ADE979}.Debug|iPhoneSimulator.Build.0 = Debug|x86
		{A8367065-FE19-446B-9727-24AC46ADE979}.Debug|iPhoneSimulator.Deploy.0 = Debug|x86
		{A8367065-FE19-446B-9727-24AC46ADE979}.Debug|x64.ActiveCfg = Debug|x64
		{A8367065-FE19-446B-9727-24AC46ADE979}.Debug|x64.Build.0 = Debug|x64
		{A8367065-FE19-446B-9727-24AC46ADE979}.Debug|x64.Deploy.0 = Debug|x64
		{A8367065-FE19-446B-9727-24AC46ADE979}.Debug|x86.ActiveCfg = Debug|x86
		{A8367065-FE19-446B-9727-24AC46ADE979}.Debug|x86.Build.0 = Debug|x86
		{A8367065-FE19-446B-9727-24AC46ADE979}.Debug|x86.Deploy.0 = Debug|x86
		{A8367065-FE19-446B-9727-24AC46ADE979}.Release|Any CPU.ActiveCfg = Release|x86
		{A8367065-FE19-446B-9727-24AC46ADE979}.Release|Any CPU.Build.0 = Release|x86
		{A8367065-FE19-446B-9727-24AC46ADE979}.Release|Any CPU.Deploy.0 = Release|x86
		{A8367065-FE19-446B-9727-24AC46ADE979}.Release|ARM.ActiveCfg = Release|ARM
		{A8367065-FE19-446B-9727-24AC46ADE979}.Release|ARM.Build.0 = Release|ARM
		{A8367065-FE19-446B-9727-24AC46ADE979}.Release|ARM.Deploy.0 = Release|ARM
		{A8367065-FE19-446B-9727-24AC46ADE979}.Release|iPhone.ActiveCfg = Release|x86
		{A8367065-FE19-446B-9727-24AC46ADE979}.Release|iPhone.Build.0 = Release|x86
		{A8367065-FE19-446B-9727-24AC46ADE979}.Release|iPhone.Deploy.0 = Release|x86
		{A8367065-FE19-446B-9727-24AC46ADE979}.Release|iPhoneSimulator.ActiveCfg = Release|x86
		{A8367065-FE19-446B-9727-24AC46ADE979}.Release|iPhoneSimulator.Build.0 = Release|x86
		{A8367065-FE19-446B-9727-24AC46ADE979}.Release|iPhoneSimulator.Deploy.0 = Release|x86
		{A8367065-FE19-446B-9727-24AC46ADE979}.Release|x64.ActiveCfg = Release|x64
		{A8367065-FE19-446B-9727-24AC46ADE979}.Release|x64.Build.0 = Release|x64
		{A8367065-FE19-446B-9727-24AC46ADE979}.Release|x64.Deploy.0 = Release|x64
		{A8367065-FE19-446B-9727-24AC46ADE979}.Release|x86.ActiveCfg = Release|x86
		{A8367065-FE19-446B-9727-24AC46ADE979}.Release|x86.Build.0 = Release|x86
		{A8367065-FE19-446B-9727-24AC46ADE979}.Release|x86.Deploy.0 = Release|x86
		{AAAB8C6A-54BD-459E-8CE6-3B5DC4C58EE8}.Ad-Hoc|Any CPU.ActiveCfg = Debug|Any CPU
		{AAAB8C6A-54BD-459E-8CE6-3B5DC4C58EE8}.Ad-Hoc|Any CPU.Build.0 = Debug|Any CPU
		{AAAB8C6A-54BD-459E-8CE6-3B5DC4C58EE8}.Ad-Hoc|Any CPU.Deploy.0 = Debug|Any CPU
		{AAAB8C6A-54BD-459E-8CE6-3B5DC4C58EE8}.Ad-Hoc|ARM.ActiveCfg = Debug|Any CPU
		{AAAB8C6A-54BD-459E-8CE6-3B5DC4C58EE8}.Ad-Hoc|ARM.Build.0 = Debug|Any CPU
		{AAAB8C6A-54BD-459E-8CE6-3B5DC4C58EE8}.Ad-Hoc|ARM.Deploy.0 = Debug|Any CPU
		{AAAB8C6A-54BD-459E-8CE6-3B5DC4C58EE8}.Ad-Hoc|iPhone.ActiveCfg = Debug|Any CPU
		{AAAB8C6A-54BD-459E-8CE6-3B5DC4C58EE8}.Ad-Hoc|iPhone.Build.0 = Debug|Any CPU
		{AAAB8C6A-54BD-459E-8CE6-3B5DC4C58EE8}.Ad-Hoc|iPhone.Deploy.0 = Debug|Any CPU
		{AAAB8C6A-54BD-459E-8CE6-3B5DC4C58EE8}.Ad-Hoc|iPhoneSimulator.ActiveCfg = Debug|Any CPU
		{AAAB8C6A-54BD-459E-8CE6-3B5DC4C58EE8}.Ad-Hoc|iPhoneSimulator.Build.0 = Debug|Any CPU
		{AAAB8C6A-54BD-459E-8CE6-3B5DC4C58EE8}.Ad-Hoc|iPhoneSimulator.Deploy.0 = Debug|Any CPU
		{AAAB8C6A-54BD-459E-8CE6-3B5DC4C58EE8}.Ad-Hoc|x64.ActiveCfg = Debug|Any CPU
		{AAAB8C6A-54BD-459E-8CE6-3B5DC4C58EE8}.Ad-Hoc|x64.Build.0 = Debug|Any CPU
		{AAAB8C6A-54BD-459E-8CE6-3B5DC4C58EE8}.Ad-Hoc|x64.Deploy.0 = Debug|Any CPU
		{AAAB8C6A-54BD-459E-8CE6-3B5DC4C58EE8}.Ad-Hoc|x86.ActiveCfg = Debug|Any CPU
		{AAAB8C6A-54BD-459E-8CE6-3B5DC4C58EE8}.Ad-Hoc|x86.Build.0 = Debug|Any CPU
		{AAAB8C6A-54BD-459E-8CE6-3B5DC4C58EE8}.Ad-Hoc|x86.Deploy.0 = Debug|Any CPU
		{AAAB8C6A-54BD-459E-8CE6-3B5DC4C58EE8}.AppStore|Any CPU.ActiveCfg = Debug|Any CPU
		{AAAB8C6A-54BD-459E-8CE6-3B5DC4C58EE8}.AppStore|Any CPU.Build.0 = Debug|Any CPU
		{AAAB8C6A-54BD-459E-8CE6-3B5DC4C58EE8}.AppStore|Any CPU.Deploy.0 = Debug|Any CPU
		{AAAB8C6A-54BD-459E-8CE6-3B5DC4C58EE8}.AppStore|ARM.ActiveCfg = Debug|Any CPU
		{AAAB8C6A-54BD-459E-8CE6-3B5DC4C58EE8}.AppStore|ARM.Build.0 = Debug|Any CPU
		{AAAB8C6A-54BD-459E-8CE6-3B5DC4C58EE8}.AppStore|ARM.Deploy.0 = Debug|Any CPU
		{AAAB8C6A-54BD-459E-8CE6-3B5DC4C58EE8}.AppStore|iPhone.ActiveCfg = Debug|Any CPU
		{AAAB8C6A-54BD-459E-8CE6-3B5DC4C58EE8}.AppStore|iPhone.Build.0 = Debug|Any CPU
		{AAAB8C6A-54BD-459E-8CE6-3B5DC4C58EE8}.AppStore|iPhone.Deploy.0 = Debug|Any CPU
		{AAAB8C6A-54BD-459E-8CE6-3B5DC4C58EE8}.AppStore|iPhoneSimulator.ActiveCfg = Debug|Any CPU
		{AAAB8C6A-54BD-459E-8CE6-3B5DC4C58EE8}.AppStore|iPhoneSimulator.Build.0 = Debug|Any CPU
		{AAAB8C6A-54BD-459E-8CE6-3B5DC4C58EE8}.AppStore|iPhoneSimulator.Deploy.0 = Debug|Any CPU
		{AAAB8C6A-54BD-459E-8CE6-3B5DC4C58EE8}.AppStore|x64.ActiveCfg = Debug|Any CPU
		{AAAB8C6A-54BD-459E-8CE6-3B5DC4C58EE8}.AppStore|x64.Build.0 = Debug|Any CPU
		{AAAB8C6A-54BD-459E-8CE6-3B5DC4C58EE8}.AppStore|x64.Deploy.0 = Debug|Any CPU
		{AAAB8C6A-54BD-459E-8CE6-3B5DC4C58EE8}.AppStore|x86.ActiveCfg = Debug|Any CPU
		{AAAB8C6A-54BD-459E-8CE6-3B5DC4C58EE8}.AppStore|x86.Build.0 = Debug|Any CPU
		{AAAB8C6A-54BD-459E-8CE6-3B5DC4C58EE8}.AppStore|x86.Deploy.0 = Debug|Any CPU
		{AAAB8C6A-54BD-459E-8CE6-3B5DC4C58EE8}.Debug|Any CPU.ActiveCfg = Debug|Any CPU
		{AAAB8C6A-54BD-459E-8CE6-3B5DC4C58EE8}.Debug|Any CPU.Build.0 = Debug|Any CPU
		{AAAB8C6A-54BD-459E-8CE6-3B5DC4C58EE8}.Debug|Any CPU.Deploy.0 = Debug|Any CPU
		{AAAB8C6A-54BD-459E-8CE6-3B5DC4C58EE8}.Debug|ARM.ActiveCfg = Debug|Any CPU
		{AAAB8C6A-54BD-459E-8CE6-3B5DC4C58EE8}.Debug|ARM.Build.0 = Debug|Any CPU
		{AAAB8C6A-54BD-459E-8CE6-3B5DC4C58EE8}.Debug|ARM.Deploy.0 = Debug|Any CPU
		{AAAB8C6A-54BD-459E-8CE6-3B5DC4C58EE8}.Debug|iPhone.ActiveCfg = Debug|Any CPU
		{AAAB8C6A-54BD-459E-8CE6-3B5DC4C58EE8}.Debug|iPhone.Build.0 = Debug|Any CPU
		{AAAB8C6A-54BD-459E-8CE6-3B5DC4C58EE8}.Debug|iPhone.Deploy.0 = Debug|Any CPU
		{AAAB8C6A-54BD-459E-8CE6-3B5DC4C58EE8}.Debug|iPhoneSimulator.ActiveCfg = Debug|Any CPU
		{AAAB8C6A-54BD-459E-8CE6-3B5DC4C58EE8}.Debug|iPhoneSimulator.Build.0 = Debug|Any CPU
		{AAAB8C6A-54BD-459E-8CE6-3B5DC4C58EE8}.Debug|iPhoneSimulator.Deploy.0 = Debug|Any CPU
		{AAAB8C6A-54BD-459E-8CE6-3B5DC4C58EE8}.Debug|x64.ActiveCfg = Debug|Any CPU
		{AAAB8C6A-54BD-459E-8CE6-3B5DC4C58EE8}.Debug|x64.Build.0 = Debug|Any CPU
		{AAAB8C6A-54BD-459E-8CE6-3B5DC4C58EE8}.Debug|x64.Deploy.0 = Debug|Any CPU
		{AAAB8C6A-54BD-459E-8CE6-3B5DC4C58EE8}.Debug|x86.ActiveCfg = Debug|Any CPU
		{AAAB8C6A-54BD-459E-8CE6-3B5DC4C58EE8}.Debug|x86.Build.0 = Debug|Any CPU
		{AAAB8C6A-54BD-459E-8CE6-3B5DC4C58EE8}.Debug|x86.Deploy.0 = Debug|Any CPU
		{AAAB8C6A-54BD-459E-8CE6-3B5DC4C58EE8}.Release|Any CPU.ActiveCfg = Release|Any CPU
		{AAAB8C6A-54BD-459E-8CE6-3B5DC4C58EE8}.Release|Any CPU.Build.0 = Release|Any CPU
		{AAAB8C6A-54BD-459E-8CE6-3B5DC4C58EE8}.Release|Any CPU.Deploy.0 = Release|Any CPU
		{AAAB8C6A-54BD-459E-8CE6-3B5DC4C58EE8}.Release|ARM.ActiveCfg = Release|Any CPU
		{AAAB8C6A-54BD-459E-8CE6-3B5DC4C58EE8}.Release|ARM.Build.0 = Release|Any CPU
		{AAAB8C6A-54BD-459E-8CE6-3B5DC4C58EE8}.Release|ARM.Deploy.0 = Release|Any CPU
		{AAAB8C6A-54BD-459E-8CE6-3B5DC4C58EE8}.Release|iPhone.ActiveCfg = Release|Any CPU
		{AAAB8C6A-54BD-459E-8CE6-3B5DC4C58EE8}.Release|iPhone.Build.0 = Release|Any CPU
		{AAAB8C6A-54BD-459E-8CE6-3B5DC4C58EE8}.Release|iPhone.Deploy.0 = Release|Any CPU
		{AAAB8C6A-54BD-459E-8CE6-3B5DC4C58EE8}.Release|iPhoneSimulator.ActiveCfg = Release|Any CPU
		{AAAB8C6A-54BD-459E-8CE6-3B5DC4C58EE8}.Release|iPhoneSimulator.Build.0 = Release|Any CPU
		{AAAB8C6A-54BD-459E-8CE6-3B5DC4C58EE8}.Release|iPhoneSimulator.Deploy.0 = Release|Any CPU
		{AAAB8C6A-54BD-459E-8CE6-3B5DC4C58EE8}.Release|x64.ActiveCfg = Release|Any CPU
		{AAAB8C6A-54BD-459E-8CE6-3B5DC4C58EE8}.Release|x64.Build.0 = Release|Any CPU
		{AAAB8C6A-54BD-459E-8CE6-3B5DC4C58EE8}.Release|x64.Deploy.0 = Release|Any CPU
		{AAAB8C6A-54BD-459E-8CE6-3B5DC4C58EE8}.Release|x86.ActiveCfg = Release|Any CPU
		{AAAB8C6A-54BD-459E-8CE6-3B5DC4C58EE8}.Release|x86.Build.0 = Release|Any CPU
		{AAAB8C6A-54BD-459E-8CE6-3B5DC4C58EE8}.Release|x86.Deploy.0 = Release|Any CPU
	EndGlobalSection
	GlobalSection(SolutionProperties) = preSolution
		HideSolutionNode = FALSE
	EndGlobalSection
	GlobalSection(ExtensibilityGlobals) = postSolution
		SolutionGuid = {8C3CC20E-028C-47B8-BD27-BD98C370CA82}
	EndGlobalSection
EndGlobal
