
Microsoft Visual Studio Solution File, Format Version 12.00
# Visual Studio 15
VisualStudioVersion = 15.0.28307.329
MinimumVisualStudioVersion = 10.0.40219.1
Project("{FAE04EC0-301F-11D3-BF4B-00C04F79EFBC}") = "ListViewUsingXAMLCsharp.Android", "ListViewUsingXAMLCsharp\ListViewUsingXAMLCsharp.Android\ListViewUsingXAMLCsharp.Android.csproj", "{D4583602-A7BB-4B89-8815-F32745FAD722}"
EndProject
Project("{FAE04EC0-301F-11D3-BF4B-00C04F79EFBC}") = "ListViewUsingXAMLCsharp.iOS", "ListViewUsingXAMLCsharp\ListViewUsingXAMLCsharp.iOS\ListViewUsingXAMLCsharp.iOS.csproj", "{E9C8FB49-A799-4D0F-87F7-B4A05365FAAA}"
EndProject
Project("{FAE04EC0-301F-11D3-BF4B-00C04F79EFBC}") = "ListViewUsingXAMLCsharp", "ListViewUsingXAMLCsharp\ListViewUsingXAMLCsharp\ListViewUsingXAMLCsharp.csproj", "{D032E5B6-7045-42E3-857A-CD08DA0B2428}"
EndProject
Global
	GlobalSection(SolutionConfigurationPlatforms) = preSolution
		Ad-Hoc|Any CPU = Ad-Hoc|Any CPU
		Ad-Hoc|iPhone = Ad-Hoc|iPhone
		Ad-Hoc|iPhoneSimulator = Ad-Hoc|iPhoneSimulator
		AppStore|Any CPU = AppStore|Any CPU
		AppStore|iPhone = AppStore|iPhone
		AppStore|iPhoneSimulator = AppStore|iPhoneSimulator
		Debug|Any CPU = Debug|Any CPU
		Debug|iPhone = Debug|iPhone
		Debug|iPhoneSimulator = Debug|iPhoneSimulator
		Release|Any CPU = Release|Any CPU
		Release|iPhone = Release|iPhone
		Release|iPhoneSimulator = Release|iPhoneSimulator
	EndGlobalSection
	GlobalSection(ProjectConfigurationPlatforms) = postSolution
		{D4583602-A7BB-4B89-8815-F32745FAD722}.Ad-Hoc|Any CPU.ActiveCfg = Release|Any CPU
		{D4583602-A7BB-4B89-8815-F32745FAD722}.Ad-Hoc|Any CPU.Build.0 = Release|Any CPU
		{D4583602-A7BB-4B89-8815-F32745FAD722}.Ad-Hoc|Any CPU.Deploy.0 = Release|Any CPU
		{D4583602-A7BB-4B89-8815-F32745FAD722}.Ad-Hoc|iPhone.ActiveCfg = Release|Any CPU
		{D4583602-A7BB-4B89-8815-F32745FAD722}.Ad-Hoc|iPhone.Build.0 = Release|Any CPU
		{D4583602-A7BB-4B89-8815-F32745FAD722}.Ad-Hoc|iPhone.Deploy.0 = Release|Any CPU
		{D4583602-A7BB-4B89-8815-F32745FAD722}.Ad-Hoc|iPhoneSimulator.ActiveCfg = Release|Any CPU
		{D4583602-A7BB-4B89-8815-F32745FAD722}.Ad-Hoc|iPhoneSimulator.Build.0 = Release|Any CPU
		{D4583602-A7BB-4B89-8815-F32745FAD722}.Ad-Hoc|iPhoneSimulator.Deploy.0 = Release|Any CPU
		{D4583602-A7BB-4B89-8815-F32745FAD722}.AppStore|Any CPU.ActiveCfg = Release|Any CPU
		{D4583602-A7BB-4B89-8815-F32745FAD722}.AppStore|Any CPU.Build.0 = Release|Any CPU
		{D4583602-A7BB-4B89-8815-F32745FAD722}.AppStore|Any CPU.Deploy.0 = Release|Any CPU
		{D4583602-A7BB-4B89-8815-F32745FAD722}.AppStore|iPhone.ActiveCfg = Release|Any CPU
		{D4583602-A7BB-4B89-8815-F32745FAD722}.AppStore|iPhone.Build.0 = Release|Any CPU
		{D4583602-A7BB-4B89-8815-F32745FAD722}.AppStore|iPhone.Deploy.0 = Release|Any CPU
		{D4583602-A7BB-4B89-8815-F32745FAD722}.AppStore|iPhoneSimulator.ActiveCfg = Release|Any CPU
		{D4583602-A7BB-4B89-8815-F32745FAD722}.AppStore|iPhoneSimulator.Build.0 = Release|Any CPU
		{D4583602-A7BB-4B89-8815-F32745FAD722}.AppStore|iPhoneSimulator.Deploy.0 = Release|Any CPU
		{D4583602-A7BB-4B89-8815-F32745FAD722}.Debug|Any CPU.ActiveCfg = Debug|Any CPU
		{D4583602-A7BB-4B89-8815-F32745FAD722}.Debug|Any CPU.Build.0 = Debug|Any CPU
		{D4583602-A7BB-4B89-8815-F32745FAD722}.Debug|Any CPU.Deploy.0 = Debug|Any CPU
		{D4583602-A7BB-4B89-8815-F32745FAD722}.Debug|iPhone.ActiveCfg = Debug|Any CPU
		{D4583602-A7BB-4B89-8815-F32745FAD722}.Debug|iPhone.Build.0 = Debug|Any CPU
		{D4583602-A7BB-4B89-8815-F32745FAD722}.Debug|iPhone.Deploy.0 = Debug|Any CPU
		{D4583602-A7BB-4B89-8815-F32745FAD722}.Debug|iPhoneSimulator.ActiveCfg = Debug|Any CPU
		{D4583602-A7BB-4B89-8815-F32745FAD722}.Debug|iPhoneSimulator.Build.0 = Debug|Any CPU
		{D4583602-A7BB-4B89-8815-F32745FAD722}.Debug|iPhoneSimulator.Deploy.0 = Debug|Any CPU
		{D4583602-A7BB-4B89-8815-F32745FAD722}.Release|Any CPU.ActiveCfg = Release|Any CPU
		{D4583602-A7BB-4B89-8815-F32745FAD722}.Release|Any CPU.Build.0 = Release|Any CPU
		{D4583602-A7BB-4B89-8815-F32745FAD722}.Release|Any CPU.Deploy.0 = Release|Any CPU
		{D4583602-A7BB-4B89-8815-F32745FAD722}.Release|iPhone.ActiveCfg = Release|Any CPU
		{D4583602-A7BB-4B89-8815-F32745FAD722}.Release|iPhone.Build.0 = Release|Any CPU
		{D4583602-A7BB-4B89-8815-F32745FAD722}.Release|iPhone.Deploy.0 = Release|Any CPU
		{D4583602-A7BB-4B89-8815-F32745FAD722}.Release|iPhoneSimulator.ActiveCfg = Release|Any CPU
		{D4583602-A7BB-4B89-8815-F32745FAD722}.Release|iPhoneSimulator.Build.0 = Release|Any CPU
		{D4583602-A7BB-4B89-8815-F32745FAD722}.Release|iPhoneSimulator.Deploy.0 = Release|Any CPU
		{E9C8FB49-A799-4D0F-87F7-B4A05365FAAA}.Ad-Hoc|Any CPU.ActiveCfg = Ad-Hoc|iPhone
		{E9C8FB49-A799-4D0F-87F7-B4A05365FAAA}.Ad-Hoc|Any CPU.Build.0 = Ad-Hoc|iPhone
		{E9C8FB49-A799-4D0F-87F7-B4A05365FAAA}.Ad-Hoc|Any CPU.Deploy.0 = Ad-Hoc|iPhone
		{E9C8FB49-A799-4D0F-87F7-B4A05365FAAA}.Ad-Hoc|iPhone.ActiveCfg = Ad-Hoc|iPhone
		{E9C8FB49-A799-4D0F-87F7-B4A05365FAAA}.Ad-Hoc|iPhone.Build.0 = Ad-Hoc|iPhone
		{E9C8FB49-A799-4D0F-87F7-B4A05365FAAA}.Ad-Hoc|iPhone.Deploy.0 = Ad-Hoc|iPhone
		{E9C8FB49-A799-4D0F-87F7-B4A05365FAAA}.Ad-Hoc|iPhoneSimulator.ActiveCfg = Ad-Hoc|iPhoneSimulator
		{E9C8FB49-A799-4D0F-87F7-B4A05365FAAA}.Ad-Hoc|iPhoneSimulator.Build.0 = Ad-Hoc|iPhoneSimulator
		{E9C8FB49-A799-4D0F-87F7-B4A05365FAAA}.Ad-Hoc|iPhoneSimulator.Deploy.0 = Ad-Hoc|iPhoneSimulator
		{E9C8FB49-A799-4D0F-87F7-B4A05365FAAA}.AppStore|Any CPU.ActiveCfg = AppStore|iPhone
		{E9C8FB49-A799-4D0F-87F7-B4A05365FAAA}.AppStore|Any CPU.Build.0 = AppStore|iPhone
		{E9C8FB49-A799-4D0F-87F7-B4A05365FAAA}.AppStore|Any CPU.Deploy.0 = AppStore|iPhone
		{E9C8FB49-A799-4D0F-87F7-B4A05365FAAA}.AppStore|iPhone.ActiveCfg = AppStore|iPhone
		{E9C8FB49-A799-4D0F-87F7-B4A05365FAAA}.AppStore|iPhone.Build.0 = AppStore|iPhone
		{E9C8FB49-A799-4D0F-87F7-B4A05365FAAA}.AppStore|iPhone.Deploy.0 = AppStore|iPhone
		{E9C8FB49-A799-4D0F-87F7-B4A05365FAAA}.AppStore|iPhoneSimulator.ActiveCfg = AppStore|iPhoneSimulator
		{E9C8FB49-A799-4D0F-87F7-B4A05365FAAA}.AppStore|iPhoneSimulator.Build.0 = AppStore|iPhoneSimulator
		{E9C8FB49-A799-4D0F-87F7-B4A05365FAAA}.AppStore|iPhoneSimulator.Deploy.0 = AppStore|iPhoneSimulator
		{E9C8FB49-A799-4D0F-87F7-B4A05365FAAA}.Debug|Any CPU.ActiveCfg = Debug|iPhoneSimulator
		{E9C8FB49-A799-4D0F-87F7-B4A05365FAAA}.Debug|Any CPU.Build.0 = Debug|iPhoneSimulator
		{E9C8FB49-A799-4D0F-87F7-B4A05365FAAA}.Debug|Any CPU.Deploy.0 = Debug|iPhoneSimulator
		{E9C8FB49-A799-4D0F-87F7-B4A05365FAAA}.Debug|iPhone.ActiveCfg = Debug|iPhone
		{E9C8FB49-A799-4D0F-87F7-B4A05365FAAA}.Debug|iPhone.Build.0 = Debug|iPhone
		{E9C8FB49-A799-4D0F-87F7-B4A05365FAAA}.Debug|iPhone.Deploy.0 = Debug|iPhone
		{E9C8FB49-A799-4D0F-87F7-B4A05365FAAA}.Debug|iPhoneSimulator.ActiveCfg = Debug|iPhoneSimulator
		{E9C8FB49-A799-4D0F-87F7-B4A05365FAAA}.Debug|iPhoneSimulator.Build.0 = Debug|iPhoneSimulator
		{E9C8FB49-A799-4D0F-87F7-B4A05365FAAA}.Debug|iPhoneSimulator.Deploy.0 = Debug|iPhoneSimulator
		{E9C8FB49-A799-4D0F-87F7-B4A05365FAAA}.Release|Any CPU.ActiveCfg = Release|iPhone
		{E9C8FB49-A799-4D0F-87F7-B4A05365FAAA}.Release|Any CPU.Build.0 = Release|iPhone
		{E9C8FB49-A799-4D0F-87F7-B4A05365FAAA}.Release|Any CPU.Deploy.0 = Release|iPhone
		{E9C8FB49-A799-4D0F-87F7-B4A05365FAAA}.Release|iPhone.ActiveCfg = Release|iPhone
		{E9C8FB49-A799-4D0F-87F7-B4A05365FAAA}.Release|iPhone.Build.0 = Release|iPhone
		{E9C8FB49-A799-4D0F-87F7-B4A05365FAAA}.Release|iPhone.Deploy.0 = Release|iPhone
		{E9C8FB49-A799-4D0F-87F7-B4A05365FAAA}.Release|iPhoneSimulator.ActiveCfg = Release|iPhoneSimulator
		{E9C8FB49-A799-4D0F-87F7-B4A05365FAAA}.Release|iPhoneSimulator.Build.0 = Release|iPhoneSimulator
		{E9C8FB49-A799-4D0F-87F7-B4A05365FAAA}.Release|iPhoneSimulator.Deploy.0 = Release|iPhoneSimulator
		{D032E5B6-7045-42E3-857A-CD08DA0B2428}.Ad-Hoc|Any CPU.ActiveCfg = Debug|Any CPU
		{D032E5B6-7045-42E3-857A-CD08DA0B2428}.Ad-Hoc|Any CPU.Build.0 = Debug|Any CPU
		{D032E5B6-7045-42E3-857A-CD08DA0B2428}.Ad-Hoc|Any CPU.Deploy.0 = Debug|Any CPU
		{D032E5B6-7045-42E3-857A-CD08DA0B2428}.Ad-Hoc|iPhone.ActiveCfg = Debug|Any CPU
		{D032E5B6-7045-42E3-857A-CD08DA0B2428}.Ad-Hoc|iPhone.Build.0 = Debug|Any CPU
		{D032E5B6-7045-42E3-857A-CD08DA0B2428}.Ad-Hoc|iPhone.Deploy.0 = Debug|Any CPU
		{D032E5B6-7045-42E3-857A-CD08DA0B2428}.Ad-Hoc|iPhoneSimulator.ActiveCfg = Debug|Any CPU
		{D032E5B6-7045-42E3-857A-CD08DA0B2428}.Ad-Hoc|iPhoneSimulator.Build.0 = Debug|Any CPU
		{D032E5B6-7045-42E3-857A-CD08DA0B2428}.Ad-Hoc|iPhoneSimulator.Deploy.0 = Debug|Any CPU
		{D032E5B6-7045-42E3-857A-CD08DA0B2428}.AppStore|Any CPU.ActiveCfg = Debug|Any CPU
		{D032E5B6-7045-42E3-857A-CD08DA0B2428}.AppStore|Any CPU.Build.0 = Debug|Any CPU
		{D032E5B6-7045-42E3-857A-CD08DA0B2428}.AppStore|Any CPU.Deploy.0 = Debug|Any CPU
		{D032E5B6-7045-42E3-857A-CD08DA0B2428}.AppStore|iPhone.ActiveCfg = Debug|Any CPU
		{D032E5B6-7045-42E3-857A-CD08DA0B2428}.AppStore|iPhone.Build.0 = Debug|Any CPU
		{D032E5B6-7045-42E3-857A-CD08DA0B2428}.AppStore|iPhone.Deploy.0 = Debug|Any CPU
		{D032E5B6-7045-42E3-857A-CD08DA0B2428}.AppStore|iPhoneSimulator.ActiveCfg = Debug|Any CPU
		{D032E5B6-7045-42E3-857A-CD08DA0B2428}.AppStore|iPhoneSimulator.Build.0 = Debug|Any CPU
		{D032E5B6-7045-42E3-857A-CD08DA0B2428}.AppStore|iPhoneSimulator.Deploy.0 = Debug|Any CPU
		{D032E5B6-7045-42E3-857A-CD08DA0B2428}.Debug|Any CPU.ActiveCfg = Debug|Any CPU
		{D032E5B6-7045-42E3-857A-CD08DA0B2428}.Debug|Any CPU.Build.0 = Debug|Any CPU
		{D032E5B6-7045-42E3-857A-CD08DA0B2428}.Debug|Any CPU.Deploy.0 = Debug|Any CPU
		{D032E5B6-7045-42E3-857A-CD08DA0B2428}.Debug|iPhone.ActiveCfg = Debug|Any CPU
		{D032E5B6-7045-42E3-857A-CD08DA0B2428}.Debug|iPhone.Build.0 = Debug|Any CPU
		{D032E5B6-7045-42E3-857A-CD08DA0B2428}.Debug|iPhone.Deploy.0 = Debug|Any CPU
		{D032E5B6-7045-42E3-857A-CD08DA0B2428}.Debug|iPhoneSimulator.ActiveCfg = Debug|Any CPU
		{D032E5B6-7045-42E3-857A-CD08DA0B2428}.Debug|iPhoneSimulator.Build.0 = Debug|Any CPU
		{D032E5B6-7045-42E3-857A-CD08DA0B2428}.Debug|iPhoneSimulator.Deploy.0 = Debug|Any CPU
		{D032E5B6-7045-42E3-857A-CD08DA0B2428}.Release|Any CPU.ActiveCfg = Release|Any CPU
		{D032E5B6-7045-42E3-857A-CD08DA0B2428}.Release|Any CPU.Build.0 = Release|Any CPU
		{D032E5B6-7045-42E3-857A-CD08DA0B2428}.Release|Any CPU.Deploy.0 = Release|Any CPU
		{D032E5B6-7045-42E3-857A-CD08DA0B2428}.Release|iPhone.ActiveCfg = Release|Any CPU
		{D032E5B6-7045-42E3-857A-CD08DA0B2428}.Release|iPhone.Build.0 = Release|Any CPU
		{D032E5B6-7045-42E3-857A-CD08DA0B2428}.Release|iPhone.Deploy.0 = Release|Any CPU
		{D032E5B6-7045-42E3-857A-CD08DA0B2428}.Release|iPhoneSimulator.ActiveCfg = Release|Any CPU
		{D032E5B6-7045-42E3-857A-CD08DA0B2428}.Release|iPhoneSimulator.Build.0 = Release|Any CPU
		{D032E5B6-7045-42E3-857A-CD08DA0B2428}.Release|iPhoneSimulator.Deploy.0 = Release|Any CPU
	EndGlobalSection
	GlobalSection(SolutionProperties) = preSolution
		HideSolutionNode = FALSE
	EndGlobalSection
	GlobalSection(ExtensibilityGlobals) = postSolution
		SolutionGuid = {EDAD2369-3C16-4BA7-8BD4-3529129C437D}
	EndGlobalSection
EndGlobal
