
Microsoft Visual Studio Solution File, Format Version 12.00
# Visual Studio 15
VisualStudioVersion = 15.0.28307.329
MinimumVisualStudioVersion = 10.0.40219.1
Project("{FAE04EC0-301F-11D3-BF4B-00C04F79EFBC}") = "Registration_Form.Android", "Registration_Form\Registration_Form.Android\Registration_Form.Android.csproj", "{27464EFA-9DA0-46C1-A3B8-B59A6EC5DB7B}"
EndProject
Project("{FAE04EC0-301F-11D3-BF4B-00C04F79EFBC}") = "Registration_Form.iOS", "Registration_Form\Registration_Form.iOS\Registration_Form.iOS.csproj", "{C544D82D-FCAB-4D05-9776-BADDBBDC21D1}"
EndProject
Project("{FAE04EC0-301F-11D3-BF4B-00C04F79EFBC}") = "Registration_Form", "Registration_Form\Registration_Form\Registration_Form.csproj", "{48A69134-C913-4CBB-B263-4823CBCCFA8E}"
EndProject
Global
	GlobalSection(SolutionConfigurationPlatforms) = preSolution
		Ad-Hoc|Any CPU = Ad-Hoc|Any CPU
		Ad-Hoc|iPhone = Ad-Hoc|iPhone
		Ad-Hoc|iPhoneSimulator = Ad-Hoc|iPhoneSimulator
		AppStore|Any CPU = AppStore|Any CPU
		AppStore|iPhone = AppStore|iPhone
		AppStore|iPhoneSimulator = AppStore|iPhoneSimulator
		Debug|Any CPU = Debug|Any CPU
		Debug|iPhone = Debug|iPhone
		Debug|iPhoneSimulator = Debug|iPhoneSimulator
		Release|Any CPU = Release|Any CPU
		Release|iPhone = Release|iPhone
		Release|iPhoneSimulator = Release|iPhoneSimulator
	EndGlobalSection
	GlobalSection(ProjectConfigurationPlatforms) = postSolution
		{27464EFA-9DA0-46C1-A3B8-B59A6EC5DB7B}.Ad-Hoc|Any CPU.ActiveCfg = Release|Any CPU
		{27464EFA-9DA0-46C1-A3B8-B59A6EC5DB7B}.Ad-Hoc|Any CPU.Build.0 = Release|Any CPU
		{27464EFA-9DA0-46C1-A3B8-B59A6EC5DB7B}.Ad-Hoc|Any CPU.Deploy.0 = Release|Any CPU
		{27464EFA-9DA0-46C1-A3B8-B59A6EC5DB7B}.Ad-Hoc|iPhone.ActiveCfg = Release|Any CPU
		{27464EFA-9DA0-46C1-A3B8-B59A6EC5DB7B}.Ad-Hoc|iPhone.Build.0 = Release|Any CPU
		{27464EFA-9DA0-46C1-A3B8-B59A6EC5DB7B}.Ad-Hoc|iPhone.Deploy.0 = Release|Any CPU
		{27464EFA-9DA0-46C1-A3B8-B59A6EC5DB7B}.Ad-Hoc|iPhoneSimulator.ActiveCfg = Release|Any CPU
		{27464EFA-9DA0-46C1-A3B8-B59A6EC5DB7B}.Ad-Hoc|iPhoneSimulator.Build.0 = Release|Any CPU
		{27464EFA-9DA0-46C1-A3B8-B59A6EC5DB7B}.Ad-Hoc|iPhoneSimulator.Deploy.0 = Release|Any CPU
		{27464EFA-9DA0-46C1-A3B8-B59A6EC5DB7B}.AppStore|Any CPU.ActiveCfg = Release|Any CPU
		{27464EFA-9DA0-46C1-A3B8-B59A6EC5DB7B}.AppStore|Any CPU.Build.0 = Release|Any CPU
		{27464EFA-9DA0-46C1-A3B8-B59A6EC5DB7B}.AppStore|Any CPU.Deploy.0 = Release|Any CPU
		{27464EFA-9DA0-46C1-A3B8-B59A6EC5DB7B}.AppStore|iPhone.ActiveCfg = Release|Any CPU
		{27464EFA-9DA0-46C1-A3B8-B59A6EC5DB7B}.AppStore|iPhone.Build.0 = Release|Any CPU
		{27464EFA-9DA0-46C1-A3B8-B59A6EC5DB7B}.AppStore|iPhone.Deploy.0 = Release|Any CPU
		{27464EFA-9DA0-46C1-A3B8-B59A6EC5DB7B}.AppStore|iPhoneSimulator.ActiveCfg = Release|Any CPU
		{27464EFA-9DA0-46C1-A3B8-B59A6EC5DB7B}.AppStore|iPhoneSimulator.Build.0 = Release|Any CPU
		{27464EFA-9DA0-46C1-A3B8-B59A6EC5DB7B}.AppStore|iPhoneSimulator.Deploy.0 = Release|Any CPU
		{27464EFA-9DA0-46C1-A3B8-B59A6EC5DB7B}.Debug|Any CPU.ActiveCfg = Debug|Any CPU
		{27464EFA-9DA0-46C1-A3B8-B59A6EC5DB7B}.Debug|Any CPU.Build.0 = Debug|Any CPU
		{27464EFA-9DA0-46C1-A3B8-B59A6EC5DB7B}.Debug|Any CPU.Deploy.0 = Debug|Any CPU
		{27464EFA-9DA0-46C1-A3B8-B59A6EC5DB7B}.Debug|iPhone.ActiveCfg = Debug|Any CPU
		{27464EFA-9DA0-46C1-A3B8-B59A6EC5DB7B}.Debug|iPhone.Build.0 = Debug|Any CPU
		{27464EFA-9DA0-46C1-A3B8-B59A6EC5DB7B}.Debug|iPhone.Deploy.0 = Debug|Any CPU
		{27464EFA-9DA0-46C1-A3B8-B59A6EC5DB7B}.Debug|iPhoneSimulator.ActiveCfg = Debug|Any CPU
		{27464EFA-9DA0-46C1-A3B8-B59A6EC5DB7B}.Debug|iPhoneSimulator.Build.0 = Debug|Any CPU
		{27464EFA-9DA0-46C1-A3B8-B59A6EC5DB7B}.Debug|iPhoneSimulator.Deploy.0 = Debug|Any CPU
		{27464EFA-9DA0-46C1-A3B8-B59A6EC5DB7B}.Release|Any CPU.ActiveCfg = Release|Any CPU
		{27464EFA-9DA0-46C1-A3B8-B59A6EC5DB7B}.Release|Any CPU.Build.0 = Release|Any CPU
		{27464EFA-9DA0-46C1-A3B8-B59A6EC5DB7B}.Release|Any CPU.Deploy.0 = Release|Any CPU
		{27464EFA-9DA0-46C1-A3B8-B59A6EC5DB7B}.Release|iPhone.ActiveCfg = Release|Any CPU
		{27464EFA-9DA0-46C1-A3B8-B59A6EC5DB7B}.Release|iPhone.Build.0 = Release|Any CPU
		{27464EFA-9DA0-46C1-A3B8-B59A6EC5DB7B}.Release|iPhone.Deploy.0 = Release|Any CPU
		{27464EFA-9DA0-46C1-A3B8-B59A6EC5DB7B}.Release|iPhoneSimulator.ActiveCfg = Release|Any CPU
		{27464EFA-9DA0-46C1-A3B8-B59A6EC5DB7B}.Release|iPhoneSimulator.Build.0 = Release|Any CPU
		{27464EFA-9DA0-46C1-A3B8-B59A6EC5DB7B}.Release|iPhoneSimulator.Deploy.0 = Release|Any CPU
		{C544D82D-FCAB-4D05-9776-BADDBBDC21D1}.Ad-Hoc|Any CPU.ActiveCfg = Ad-Hoc|iPhone
		{C544D82D-FCAB-4D05-9776-BADDBBDC21D1}.Ad-Hoc|Any CPU.Build.0 = Ad-Hoc|iPhone
		{C544D82D-FCAB-4D05-9776-BADDBBDC21D1}.Ad-Hoc|Any CPU.Deploy.0 = Ad-Hoc|iPhone
		{C544D82D-FCAB-4D05-9776-BADDBBDC21D1}.Ad-Hoc|iPhone.ActiveCfg = Ad-Hoc|iPhone
		{C544D82D-FCAB-4D05-9776-BADDBBDC21D1}.Ad-Hoc|iPhone.Build.0 = Ad-Hoc|iPhone
		{C544D82D-FCAB-4D05-9776-BADDBBDC21D1}.Ad-Hoc|iPhone.Deploy.0 = Ad-Hoc|iPhone
		{C544D82D-FCAB-4D05-9776-BADDBBDC21D1}.Ad-Hoc|iPhoneSimulator.ActiveCfg = Ad-Hoc|iPhoneSimulator
		{C544D82D-FCAB-4D05-9776-BADDBBDC21D1}.Ad-Hoc|iPhoneSimulator.Build.0 = Ad-Hoc|iPhoneSimulator
		{C544D82D-FCAB-4D05-9776-BADDBBDC21D1}.Ad-Hoc|iPhoneSimulator.Deploy.0 = Ad-Hoc|iPhoneSimulator
		{C544D82D-FCAB-4D05-9776-BADDBBDC21D1}.AppStore|Any CPU.ActiveCfg = AppStore|iPhone
		{C544D82D-FCAB-4D05-9776-BADDBBDC21D1}.AppStore|Any CPU.Build.0 = AppStore|iPhone
		{C544D82D-FCAB-4D05-9776-BADDBBDC21D1}.AppStore|Any CPU.Deploy.0 = AppStore|iPhone
		{C544D82D-FCAB-4D05-9776-BADDBBDC21D1}.AppStore|iPhone.ActiveCfg = AppStore|iPhone
		{C544D82D-FCAB-4D05-9776-BADDBBDC21D1}.AppStore|iPhone.Build.0 = AppStore|iPhone
		{C544D82D-FCAB-4D05-9776-BADDBBDC21D1}.AppStore|iPhone.Deploy.0 = AppStore|iPhone
		{C544D82D-FCAB-4D05-9776-BADDBBDC21D1}.AppStore|iPhoneSimulator.ActiveCfg = AppStore|iPhoneSimulator
		{C544D82D-FCAB-4D05-9776-BADDBBDC21D1}.AppStore|iPhoneSimulator.Build.0 = AppStore|iPhoneSimulator
		{C544D82D-FCAB-4D05-9776-BADDBBDC21D1}.AppStore|iPhoneSimulator.Deploy.0 = AppStore|iPhoneSimulator
		{C544D82D-FCAB-4D05-9776-BADDBBDC21D1}.Debug|Any CPU.ActiveCfg = Debug|iPhoneSimulator
		{C544D82D-FCAB-4D05-9776-BADDBBDC21D1}.Debug|Any CPU.Build.0 = Debug|iPhoneSimulator
		{C544D82D-FCAB-4D05-9776-BADDBBDC21D1}.Debug|Any CPU.Deploy.0 = Debug|iPhoneSimulator
		{C544D82D-FCAB-4D05-9776-BADDBBDC21D1}.Debug|iPhone.ActiveCfg = Debug|iPhone
		{C544D82D-FCAB-4D05-9776-BADDBBDC21D1}.Debug|iPhone.Build.0 = Debug|iPhone
		{C544D82D-FCAB-4D05-9776-BADDBBDC21D1}.Debug|iPhone.Deploy.0 = Debug|iPhone
		{C544D82D-FCAB-4D05-9776-BADDBBDC21D1}.Debug|iPhoneSimulator.ActiveCfg = Debug|iPhoneSimulator
		{C544D82D-FCAB-4D05-9776-BADDBBDC21D1}.Debug|iPhoneSimulator.Build.0 = Debug|iPhoneSimulator
		{C544D82D-FCAB-4D05-9776-BADDBBDC21D1}.Debug|iPhoneSimulator.Deploy.0 = Debug|iPhoneSimulator
		{C544D82D-FCAB-4D05-9776-BADDBBDC21D1}.Release|Any CPU.ActiveCfg = Release|iPhone
		{C544D82D-FCAB-4D05-9776-BADDBBDC21D1}.Release|Any CPU.Build.0 = Release|iPhone
		{C544D82D-FCAB-4D05-9776-BADDBBDC21D1}.Release|Any CPU.Deploy.0 = Release|iPhone
		{C544D82D-FCAB-4D05-9776-BADDBBDC21D1}.Release|iPhone.ActiveCfg = Release|iPhone
		{C544D82D-FCAB-4D05-9776-BADDBBDC21D1}.Release|iPhone.Build.0 = Release|iPhone
		{C544D82D-FCAB-4D05-9776-BADDBBDC21D1}.Release|iPhone.Deploy.0 = Release|iPhone
		{C544D82D-FCAB-4D05-9776-BADDBBDC21D1}.Release|iPhoneSimulator.ActiveCfg = Release|iPhoneSimulator
		{C544D82D-FCAB-4D05-9776-BADDBBDC21D1}.Release|iPhoneSimulator.Build.0 = Release|iPhoneSimulator
		{C544D82D-FCAB-4D05-9776-BADDBBDC21D1}.Release|iPhoneSimulator.Deploy.0 = Release|iPhoneSimulator
		{48A69134-C913-4CBB-B263-4823CBCCFA8E}.Ad-Hoc|Any CPU.ActiveCfg = Debug|Any CPU
		{48A69134-C913-4CBB-B263-4823CBCCFA8E}.Ad-Hoc|Any CPU.Build.0 = Debug|Any CPU
		{48A69134-C913-4CBB-B263-4823CBCCFA8E}.Ad-Hoc|Any CPU.Deploy.0 = Debug|Any CPU
		{48A69134-C913-4CBB-B263-4823CBCCFA8E}.Ad-Hoc|iPhone.ActiveCfg = Debug|Any CPU
		{48A69134-C913-4CBB-B263-4823CBCCFA8E}.Ad-Hoc|iPhone.Build.0 = Debug|Any CPU
		{48A69134-C913-4CBB-B263-4823CBCCFA8E}.Ad-Hoc|iPhone.Deploy.0 = Debug|Any CPU
		{48A69134-C913-4CBB-B263-4823CBCCFA8E}.Ad-Hoc|iPhoneSimulator.ActiveCfg = Debug|Any CPU
		{48A69134-C913-4CBB-B263-4823CBCCFA8E}.Ad-Hoc|iPhoneSimulator.Build.0 = Debug|Any CPU
		{48A69134-C913-4CBB-B263-4823CBCCFA8E}.Ad-Hoc|iPhoneSimulator.Deploy.0 = Debug|Any CPU
		{48A69134-C913-4CBB-B263-4823CBCCFA8E}.AppStore|Any CPU.ActiveCfg = Debug|Any CPU
		{48A69134-C913-4CBB-B263-4823CBCCFA8E}.AppStore|Any CPU.Build.0 = Debug|Any CPU
		{48A69134-C913-4CBB-B263-4823CBCCFA8E}.AppStore|Any CPU.Deploy.0 = Debug|Any CPU
		{48A69134-C913-4CBB-B263-4823CBCCFA8E}.AppStore|iPhone.ActiveCfg = Debug|Any CPU
		{48A69134-C913-4CBB-B263-4823CBCCFA8E}.AppStore|iPhone.Build.0 = Debug|Any CPU
		{48A69134-C913-4CBB-B263-4823CBCCFA8E}.AppStore|iPhone.Deploy.0 = Debug|Any CPU
		{48A69134-C913-4CBB-B263-4823CBCCFA8E}.AppStore|iPhoneSimulator.ActiveCfg = Debug|Any CPU
		{48A69134-C913-4CBB-B263-4823CBCCFA8E}.AppStore|iPhoneSimulator.Build.0 = Debug|Any CPU
		{48A69134-C913-4CBB-B263-4823CBCCFA8E}.AppStore|iPhoneSimulator.Deploy.0 = Debug|Any CPU
		{48A69134-C913-4CBB-B263-4823CBCCFA8E}.Debug|Any CPU.ActiveCfg = Debug|Any CPU
		{48A69134-C913-4CBB-B263-4823CBCCFA8E}.Debug|Any CPU.Build.0 = Debug|Any CPU
		{48A69134-C913-4CBB-B263-4823CBCCFA8E}.Debug|Any CPU.Deploy.0 = Debug|Any CPU
		{48A69134-C913-4CBB-B263-4823CBCCFA8E}.Debug|iPhone.ActiveCfg = Debug|Any CPU
		{48A69134-C913-4CBB-B263-4823CBCCFA8E}.Debug|iPhone.Build.0 = Debug|Any CPU
		{48A69134-C913-4CBB-B263-4823CBCCFA8E}.Debug|iPhone.Deploy.0 = Debug|Any CPU
		{48A69134-C913-4CBB-B263-4823CBCCFA8E}.Debug|iPhoneSimulator.ActiveCfg = Debug|Any CPU
		{48A69134-C913-4CBB-B263-4823CBCCFA8E}.Debug|iPhoneSimulator.Build.0 = Debug|Any CPU
		{48A69134-C913-4CBB-B263-4823CBCCFA8E}.Debug|iPhoneSimulator.Deploy.0 = Debug|Any CPU
		{48A69134-C913-4CBB-B263-4823CBCCFA8E}.Release|Any CPU.ActiveCfg = Release|Any CPU
		{48A69134-C913-4CBB-B263-4823CBCCFA8E}.Release|Any CPU.Build.0 = Release|Any CPU
		{48A69134-C913-4CBB-B263-4823CBCCFA8E}.Release|Any CPU.Deploy.0 = Release|Any CPU
		{48A69134-C913-4CBB-B263-4823CBCCFA8E}.Release|iPhone.ActiveCfg = Release|Any CPU
		{48A69134-C913-4CBB-B263-4823CBCCFA8E}.Release|iPhone.Build.0 = Release|Any CPU
		{48A69134-C913-4CBB-B263-4823CBCCFA8E}.Release|iPhone.Deploy.0 = Release|Any CPU
		{48A69134-C913-4CBB-B263-4823CBCCFA8E}.Release|iPhoneSimulator.ActiveCfg = Release|Any CPU
		{48A69134-C913-4CBB-B263-4823CBCCFA8E}.Release|iPhoneSimulator.Build.0 = Release|Any CPU
		{48A69134-C913-4CBB-B263-4823CBCCFA8E}.Release|iPhoneSimulator.Deploy.0 = Release|Any CPU
	EndGlobalSection
	GlobalSection(SolutionProperties) = preSolution
		HideSolutionNode = FALSE
	EndGlobalSection
	GlobalSection(ExtensibilityGlobals) = postSolution
		SolutionGuid = {298417BC-7863-49B0-9060-285D83066118}
	EndGlobalSection
EndGlobal
