
Microsoft Visual Studio Solution File, Format Version 12.00
# Visual Studio 15
VisualStudioVersion = 15.0.28307.421
MinimumVisualStudioVersion = 10.0.40219.1
Project("{FAE04EC0-301F-11D3-BF4B-00C04F79EFBC}") = "AbsoluteLout2.Android", "AbsoluteLout2\AbsoluteLout2.Android\AbsoluteLout2.Android.csproj", "{B817EAEC-3612-45EC-8C76-66601E5048A2}"
EndProject
Project("{FAE04EC0-301F-11D3-BF4B-00C04F79EFBC}") = "AbsoluteLout2.iOS", "AbsoluteLout2\AbsoluteLout2.iOS\AbsoluteLout2.iOS.csproj", "{129CD99B-814A-44FE-8C51-66B35A3FEFC7}"
EndProject
Project("{FAE04EC0-301F-11D3-BF4B-00C04F79EFBC}") = "AbsoluteLout2.UWP", "AbsoluteLout2\AbsoluteLout2.UWP\AbsoluteLout2.UWP.csproj", "{9ED48056-729D-482E-8270-6CAA2D4617CB}"
EndProject
Project("{FAE04EC0-301F-11D3-BF4B-00C04F79EFBC}") = "AbsoluteLout2", "AbsoluteLout2\AbsoluteLout2\AbsoluteLout2.csproj", "{9D3F8AD4-A74A-486B-A328-0A72C7B4B0D4}"
EndProject
Global
	GlobalSection(SolutionConfigurationPlatforms) = preSolution
		Ad-Hoc|Any CPU = Ad-Hoc|Any CPU
		Ad-Hoc|ARM = Ad-Hoc|ARM
		Ad-Hoc|iPhone = Ad-Hoc|iPhone
		Ad-Hoc|iPhoneSimulator = Ad-Hoc|iPhoneSimulator
		Ad-Hoc|x64 = Ad-Hoc|x64
		Ad-Hoc|x86 = Ad-Hoc|x86
		AppStore|Any CPU = AppStore|Any CPU
		AppStore|ARM = AppStore|ARM
		AppStore|iPhone = AppStore|iPhone
		AppStore|iPhoneSimulator = AppStore|iPhoneSimulator
		AppStore|x64 = AppStore|x64
		AppStore|x86 = AppStore|x86
		Debug|Any CPU = Debug|Any CPU
		Debug|ARM = Debug|ARM
		Debug|iPhone = Debug|iPhone
		Debug|iPhoneSimulator = Debug|iPhoneSimulator
		Debug|x64 = Debug|x64
		Debug|x86 = Debug|x86
		Release|Any CPU = Release|Any CPU
		Release|ARM = Release|ARM
		Release|iPhone = Release|iPhone
		Release|iPhoneSimulator = Release|iPhoneSimulator
		Release|x64 = Release|x64
		Release|x86 = Release|x86
	EndGlobalSection
	GlobalSection(ProjectConfigurationPlatforms) = postSolution
		{B817EAEC-3612-45EC-8C76-66601E5048A2}.Ad-Hoc|Any CPU.ActiveCfg = Release|Any CPU
		{B817EAEC-3612-45EC-8C76-66601E5048A2}.Ad-Hoc|Any CPU.Build.0 = Release|Any CPU
		{B817EAEC-3612-45EC-8C76-66601E5048A2}.Ad-Hoc|Any CPU.Deploy.0 = Release|Any CPU
		{B817EAEC-3612-45EC-8C76-66601E5048A2}.Ad-Hoc|ARM.ActiveCfg = Release|Any CPU
		{B817EAEC-3612-45EC-8C76-66601E5048A2}.Ad-Hoc|ARM.Build.0 = Release|Any CPU
		{B817EAEC-3612-45EC-8C76-66601E5048A2}.Ad-Hoc|ARM.Deploy.0 = Release|Any CPU
		{B817EAEC-3612-45EC-8C76-66601E5048A2}.Ad-Hoc|iPhone.ActiveCfg = Release|Any CPU
		{B817EAEC-3612-45EC-8C76-66601E5048A2}.Ad-Hoc|iPhone.Build.0 = Release|Any CPU
		{B817EAEC-3612-45EC-8C76-66601E5048A2}.Ad-Hoc|iPhone.Deploy.0 = Release|Any CPU
		{B817EAEC-3612-45EC-8C76-66601E5048A2}.Ad-Hoc|iPhoneSimulator.ActiveCfg = Release|Any CPU
		{B817EAEC-3612-45EC-8C76-66601E5048A2}.Ad-Hoc|iPhoneSimulator.Build.0 = Release|Any CPU
		{B817EAEC-3612-45EC-8C76-66601E5048A2}.Ad-Hoc|iPhoneSimulator.Deploy.0 = Release|Any CPU
		{B817EAEC-3612-45EC-8C76-66601E5048A2}.Ad-Hoc|x64.ActiveCfg = Release|Any CPU
		{B817EAEC-3612-45EC-8C76-66601E5048A2}.Ad-Hoc|x64.Build.0 = Release|Any CPU
		{B817EAEC-3612-45EC-8C76-66601E5048A2}.Ad-Hoc|x64.Deploy.0 = Release|Any CPU
		{B817EAEC-3612-45EC-8C76-66601E5048A2}.Ad-Hoc|x86.ActiveCfg = Release|Any CPU
		{B817EAEC-3612-45EC-8C76-66601E5048A2}.Ad-Hoc|x86.Build.0 = Release|Any CPU
		{B817EAEC-3612-45EC-8C76-66601E5048A2}.Ad-Hoc|x86.Deploy.0 = Release|Any CPU
		{B817EAEC-3612-45EC-8C76-66601E5048A2}.AppStore|Any CPU.ActiveCfg = Release|Any CPU
		{B817EAEC-3612-45EC-8C76-66601E5048A2}.AppStore|Any CPU.Build.0 = Release|Any CPU
		{B817EAEC-3612-45EC-8C76-66601E5048A2}.AppStore|Any CPU.Deploy.0 = Release|Any CPU
		{B817EAEC-3612-45EC-8C76-66601E5048A2}.AppStore|ARM.ActiveCfg = Release|Any CPU
		{B817EAEC-3612-45EC-8C76-66601E5048A2}.AppStore|ARM.Build.0 = Release|Any CPU
		{B817EAEC-3612-45EC-8C76-66601E5048A2}.AppStore|ARM.Deploy.0 = Release|Any CPU
		{B817EAEC-3612-45EC-8C76-66601E5048A2}.AppStore|iPhone.ActiveCfg = Release|Any CPU
		{B817EAEC-3612-45EC-8C76-66601E5048A2}.AppStore|iPhone.Build.0 = Release|Any CPU
		{B817EAEC-3612-45EC-8C76-66601E5048A2}.AppStore|iPhone.Deploy.0 = Release|Any CPU
		{B817EAEC-3612-45EC-8C76-66601E5048A2}.AppStore|iPhoneSimulator.ActiveCfg = Release|Any CPU
		{B817EAEC-3612-45EC-8C76-66601E5048A2}.AppStore|iPhoneSimulator.Build.0 = Release|Any CPU
		{B817EAEC-3612-45EC-8C76-66601E5048A2}.AppStore|iPhoneSimulator.Deploy.0 = Release|Any CPU
		{B817EAEC-3612-45EC-8C76-66601E5048A2}.AppStore|x64.ActiveCfg = Release|Any CPU
		{B817EAEC-3612-45EC-8C76-66601E5048A2}.AppStore|x64.Build.0 = Release|Any CPU
		{B817EAEC-3612-45EC-8C76-66601E5048A2}.AppStore|x64.Deploy.0 = Release|Any CPU
		{B817EAEC-3612-45EC-8C76-66601E5048A2}.AppStore|x86.ActiveCfg = Release|Any CPU
		{B817EAEC-3612-45EC-8C76-66601E5048A2}.AppStore|x86.Build.0 = Release|Any CPU
		{B817EAEC-3612-45EC-8C76-66601E5048A2}.AppStore|x86.Deploy.0 = Release|Any CPU
		{B817EAEC-3612-45EC-8C76-66601E5048A2}.Debug|Any CPU.ActiveCfg = Debug|Any CPU
		{B817EAEC-3612-45EC-8C76-66601E5048A2}.Debug|Any CPU.Build.0 = Debug|Any CPU
		{B817EAEC-3612-45EC-8C76-66601E5048A2}.Debug|Any CPU.Deploy.0 = Debug|Any CPU
		{B817EAEC-3612-45EC-8C76-66601E5048A2}.Debug|ARM.ActiveCfg = Debug|Any CPU
		{B817EAEC-3612-45EC-8C76-66601E5048A2}.Debug|ARM.Build.0 = Debug|Any CPU
		{B817EAEC-3612-45EC-8C76-66601E5048A2}.Debug|ARM.Deploy.0 = Debug|Any CPU
		{B817EAEC-3612-45EC-8C76-66601E5048A2}.Debug|iPhone.ActiveCfg = Debug|Any CPU
		{B817EAEC-3612-45EC-8C76-66601E5048A2}.Debug|iPhone.Build.0 = Debug|Any CPU
		{B817EAEC-3612-45EC-8C76-66601E5048A2}.Debug|iPhone.Deploy.0 = Debug|Any CPU
		{B817EAEC-3612-45EC-8C76-66601E5048A2}.Debug|iPhoneSimulator.ActiveCfg = Debug|Any CPU
		{B817EAEC-3612-45EC-8C76-66601E5048A2}.Debug|iPhoneSimulator.Build.0 = Debug|Any CPU
		{B817EAEC-3612-45EC-8C76-66601E5048A2}.Debug|iPhoneSimulator.Deploy.0 = Debug|Any CPU
		{B817EAEC-3612-45EC-8C76-66601E5048A2}.Debug|x64.ActiveCfg = Debug|Any CPU
		{B817EAEC-3612-45EC-8C76-66601E5048A2}.Debug|x64.Build.0 = Debug|Any CPU
		{B817EAEC-3612-45EC-8C76-66601E5048A2}.Debug|x64.Deploy.0 = Debug|Any CPU
		{B817EAEC-3612-45EC-8C76-66601E5048A2}.Debug|x86.ActiveCfg = Debug|Any CPU
		{B817EAEC-3612-45EC-8C76-66601E5048A2}.Debug|x86.Build.0 = Debug|Any CPU
		{B817EAEC-3612-45EC-8C76-66601E5048A2}.Debug|x86.Deploy.0 = Debug|Any CPU
		{B817EAEC-3612-45EC-8C76-66601E5048A2}.Release|Any CPU.ActiveCfg = Release|Any CPU
		{B817EAEC-3612-45EC-8C76-66601E5048A2}.Release|Any CPU.Build.0 = Release|Any CPU
		{B817EAEC-3612-45EC-8C76-66601E5048A2}.Release|Any CPU.Deploy.0 = Release|Any CPU
		{B817EAEC-3612-45EC-8C76-66601E5048A2}.Release|ARM.ActiveCfg = Release|Any CPU
		{B817EAEC-3612-45EC-8C76-66601E5048A2}.Release|ARM.Build.0 = Release|Any CPU
		{B817EAEC-3612-45EC-8C76-66601E5048A2}.Release|ARM.Deploy.0 = Release|Any CPU
		{B817EAEC-3612-45EC-8C76-66601E5048A2}.Release|iPhone.ActiveCfg = Release|Any CPU
		{B817EAEC-3612-45EC-8C76-66601E5048A2}.Release|iPhone.Build.0 = Release|Any CPU
		{B817EAEC-3612-45EC-8C76-66601E5048A2}.Release|iPhone.Deploy.0 = Release|Any CPU
		{B817EAEC-3612-45EC-8C76-66601E5048A2}.Release|iPhoneSimulator.ActiveCfg = Release|Any CPU
		{B817EAEC-3612-45EC-8C76-66601E5048A2}.Release|iPhoneSimulator.Build.0 = Release|Any CPU
		{B817EAEC-3612-45EC-8C76-66601E5048A2}.Release|iPhoneSimulator.Deploy.0 = Release|Any CPU
		{B817EAEC-3612-45EC-8C76-66601E5048A2}.Release|x64.ActiveCfg = Release|Any CPU
		{B817EAEC-3612-45EC-8C76-66601E5048A2}.Release|x64.Build.0 = Release|Any CPU
		{B817EAEC-3612-45EC-8C76-66601E5048A2}.Release|x64.Deploy.0 = Release|Any CPU
		{B817EAEC-3612-45EC-8C76-66601E5048A2}.Release|x86.ActiveCfg = Release|Any CPU
		{B817EAEC-3612-45EC-8C76-66601E5048A2}.Release|x86.Build.0 = Release|Any CPU
		{B817EAEC-3612-45EC-8C76-66601E5048A2}.Release|x86.Deploy.0 = Release|Any CPU
		{129CD99B-814A-44FE-8C51-66B35A3FEFC7}.Ad-Hoc|Any CPU.ActiveCfg = Ad-Hoc|iPhone
		{129CD99B-814A-44FE-8C51-66B35A3FEFC7}.Ad-Hoc|Any CPU.Build.0 = Ad-Hoc|iPhone
		{129CD99B-814A-44FE-8C51-66B35A3FEFC7}.Ad-Hoc|Any CPU.Deploy.0 = Ad-Hoc|iPhone
		{129CD99B-814A-44FE-8C51-66B35A3FEFC7}.Ad-Hoc|ARM.ActiveCfg = Ad-Hoc|iPhone
		{129CD99B-814A-44FE-8C51-66B35A3FEFC7}.Ad-Hoc|ARM.Build.0 = Ad-Hoc|iPhone
		{129CD99B-814A-44FE-8C51-66B35A3FEFC7}.Ad-Hoc|ARM.Deploy.0 = Ad-Hoc|iPhone
		{129CD99B-814A-44FE-8C51-66B35A3FEFC7}.Ad-Hoc|iPhone.ActiveCfg = Ad-Hoc|iPhone
		{129CD99B-814A-44FE-8C51-66B35A3FEFC7}.Ad-Hoc|iPhone.Build.0 = Ad-Hoc|iPhone
		{129CD99B-814A-44FE-8C51-66B35A3FEFC7}.Ad-Hoc|iPhone.Deploy.0 = Ad-Hoc|iPhone
		{129CD99B-814A-44FE-8C51-66B35A3FEFC7}.Ad-Hoc|iPhoneSimulator.ActiveCfg = Ad-Hoc|iPhoneSimulator
		{129CD99B-814A-44FE-8C51-66B35A3FEFC7}.Ad-Hoc|iPhoneSimulator.Build.0 = Ad-Hoc|iPhoneSimulator
		{129CD99B-814A-44FE-8C51-66B35A3FEFC7}.Ad-Hoc|iPhoneSimulator.Deploy.0 = Ad-Hoc|iPhoneSimulator
		{129CD99B-814A-44FE-8C51-66B35A3FEFC7}.Ad-Hoc|x64.ActiveCfg = Ad-Hoc|iPhone
		{129CD99B-814A-44FE-8C51-66B35A3FEFC7}.Ad-Hoc|x64.Build.0 = Ad-Hoc|iPhone
		{129CD99B-814A-44FE-8C51-66B35A3FEFC7}.Ad-Hoc|x64.Deploy.0 = Ad-Hoc|iPhone
		{129CD99B-814A-44FE-8C51-66B35A3FEFC7}.Ad-Hoc|x86.ActiveCfg = Ad-Hoc|iPhone
		{129CD99B-814A-44FE-8C51-66B35A3FEFC7}.Ad-Hoc|x86.Build.0 = Ad-Hoc|iPhone
		{129CD99B-814A-44FE-8C51-66B35A3FEFC7}.Ad-Hoc|x86.Deploy.0 = Ad-Hoc|iPhone
		{129CD99B-814A-44FE-8C51-66B35A3FEFC7}.AppStore|Any CPU.ActiveCfg = AppStore|iPhone
		{129CD99B-814A-44FE-8C51-66B35A3FEFC7}.AppStore|Any CPU.Build.0 = AppStore|iPhone
		{129CD99B-814A-44FE-8C51-66B35A3FEFC7}.AppStore|Any CPU.Deploy.0 = AppStore|iPhone
		{129CD99B-814A-44FE-8C51-66B35A3FEFC7}.AppStore|ARM.ActiveCfg = AppStore|iPhone
		{129CD99B-814A-44FE-8C51-66B35A3FEFC7}.AppStore|ARM.Build.0 = AppStore|iPhone
		{129CD99B-814A-44FE-8C51-66B35A3FEFC7}.AppStore|ARM.Deploy.0 = AppStore|iPhone
		{129CD99B-814A-44FE-8C51-66B35A3FEFC7}.AppStore|iPhone.ActiveCfg = AppStore|iPhone
		{129CD99B-814A-44FE-8C51-66B35A3FEFC7}.AppStore|iPhone.Build.0 = AppStore|iPhone
		{129CD99B-814A-44FE-8C51-66B35A3FEFC7}.AppStore|iPhone.Deploy.0 = AppStore|iPhone
		{129CD99B-814A-44FE-8C51-66B35A3FEFC7}.AppStore|iPhoneSimulator.ActiveCfg = AppStore|iPhoneSimulator
		{129CD99B-814A-44FE-8C51-66B35A3FEFC7}.AppStore|iPhoneSimulator.Build.0 = AppStore|iPhoneSimulator
		{129CD99B-814A-44FE-8C51-66B35A3FEFC7}.AppStore|iPhoneSimulator.Deploy.0 = AppStore|iPhoneSimulator
		{129CD99B-814A-44FE-8C51-66B35A3FEFC7}.AppStore|x64.ActiveCfg = AppStore|iPhone
		{129CD99B-814A-44FE-8C51-66B35A3FEFC7}.AppStore|x64.Build.0 = AppStore|iPhone
		{129CD99B-814A-44FE-8C51-66B35A3FEFC7}.AppStore|x64.Deploy.0 = AppStore|iPhone
		{129CD99B-814A-44FE-8C51-66B35A3FEFC7}.AppStore|x86.ActiveCfg = AppStore|iPhone
		{129CD99B-814A-44FE-8C51-66B35A3FEFC7}.AppStore|x86.Build.0 = AppStore|iPhone
		{129CD99B-814A-44FE-8C51-66B35A3FEFC7}.AppStore|x86.Deploy.0 = AppStore|iPhone
		{129CD99B-814A-44FE-8C51-66B35A3FEFC7}.Debug|Any CPU.ActiveCfg = Debug|iPhoneSimulator
		{129CD99B-814A-44FE-8C51-66B35A3FEFC7}.Debug|Any CPU.Build.0 = Debug|iPhoneSimulator
		{129CD99B-814A-44FE-8C51-66B35A3FEFC7}.Debug|Any CPU.Deploy.0 = Debug|iPhoneSimulator
		{129CD99B-814A-44FE-8C51-66B35A3FEFC7}.Debug|ARM.ActiveCfg = Debug|iPhone
		{129CD99B-814A-44FE-8C51-66B35A3FEFC7}.Debug|ARM.Build.0 = Debug|iPhone
		{129CD99B-814A-44FE-8C51-66B35A3FEFC7}.Debug|ARM.Deploy.0 = Debug|iPhone
		{129CD99B-814A-44FE-8C51-66B35A3FEFC7}.Debug|iPhone.ActiveCfg = Debug|iPhone
		{129CD99B-814A-44FE-8C51-66B35A3FEFC7}.Debug|iPhone.Build.0 = Debug|iPhone
		{129CD99B-814A-44FE-8C51-66B35A3FEFC7}.Debug|iPhone.Deploy.0 = Debug|iPhone
		{129CD99B-814A-44FE-8C51-66B35A3FEFC7}.Debug|iPhoneSimulator.ActiveCfg = Debug|iPhoneSimulator
		{129CD99B-814A-44FE-8C51-66B35A3FEFC7}.Debug|iPhoneSimulator.Build.0 = Debug|iPhoneSimulator
		{129CD99B-814A-44FE-8C51-66B35A3FEFC7}.Debug|iPhoneSimulator.Deploy.0 = Debug|iPhoneSimulator
		{129CD99B-814A-44FE-8C51-66B35A3FEFC7}.Debug|x64.ActiveCfg = Debug|iPhone
		{129CD99B-814A-44FE-8C51-66B35A3FEFC7}.Debug|x64.Build.0 = Debug|iPhone
		{129CD99B-814A-44FE-8C51-66B35A3FEFC7}.Debug|x64.Deploy.0 = Debug|iPhone
		{129CD99B-814A-44FE-8C51-66B35A3FEFC7}.Debug|x86.ActiveCfg = Debug|iPhone
		{129CD99B-814A-44FE-8C51-66B35A3FEFC7}.Debug|x86.Build.0 = Debug|iPhone
		{129CD99B-814A-44FE-8C51-66B35A3FEFC7}.Debug|x86.Deploy.0 = Debug|iPhone
		{129CD99B-814A-44FE-8C51-66B35A3FEFC7}.Release|Any CPU.ActiveCfg = Release|iPhone
		{129CD99B-814A-44FE-8C51-66B35A3FEFC7}.Release|Any CPU.Build.0 = Release|iPhone
		{129CD99B-814A-44FE-8C51-66B35A3FEFC7}.Release|Any CPU.Deploy.0 = Release|iPhone
		{129CD99B-814A-44FE-8C51-66B35A3FEFC7}.Release|ARM.ActiveCfg = Release|iPhone
		{129CD99B-814A-44FE-8C51-66B35A3FEFC7}.Release|ARM.Build.0 = Release|iPhone
		{129CD99B-814A-44FE-8C51-66B35A3FEFC7}.Release|ARM.Deploy.0 = Release|iPhone
		{129CD99B-814A-44FE-8C51-66B35A3FEFC7}.Release|iPhone.ActiveCfg = Release|iPhone
		{129CD99B-814A-44FE-8C51-66B35A3FEFC7}.Release|iPhone.Build.0 = Release|iPhone
		{129CD99B-814A-44FE-8C51-66B35A3FEFC7}.Release|iPhone.Deploy.0 = Release|iPhone
		{129CD99B-814A-44FE-8C51-66B35A3FEFC7}.Release|iPhoneSimulator.ActiveCfg = Release|iPhoneSimulator
		{129CD99B-814A-44FE-8C51-66B35A3FEFC7}.Release|iPhoneSimulator.Build.0 = Release|iPhoneSimulator
		{129CD99B-814A-44FE-8C51-66B35A3FEFC7}.Release|iPhoneSimulator.Deploy.0 = Release|iPhoneSimulator
		{129CD99B-814A-44FE-8C51-66B35A3FEFC7}.Release|x64.ActiveCfg = Release|iPhone
		{129CD99B-814A-44FE-8C51-66B35A3FEFC7}.Release|x64.Build.0 = Release|iPhone
		{129CD99B-814A-44FE-8C51-66B35A3FEFC7}.Release|x64.Deploy.0 = Release|iPhone
		{129CD99B-814A-44FE-8C51-66B35A3FEFC7}.Release|x86.ActiveCfg = Release|iPhone
		{129CD99B-814A-44FE-8C51-66B35A3FEFC7}.Release|x86.Build.0 = Release|iPhone
		{129CD99B-814A-44FE-8C51-66B35A3FEFC7}.Release|x86.Deploy.0 = Release|iPhone
		{9ED48056-729D-482E-8270-6CAA2D4617CB}.Ad-Hoc|Any CPU.ActiveCfg = Release|x86
		{9ED48056-729D-482E-8270-6CAA2D4617CB}.Ad-Hoc|Any CPU.Build.0 = Release|x86
		{9ED48056-729D-482E-8270-6CAA2D4617CB}.Ad-Hoc|Any CPU.Deploy.0 = Release|x86
		{9ED48056-729D-482E-8270-6CAA2D4617CB}.Ad-Hoc|ARM.ActiveCfg = Release|ARM
		{9ED48056-729D-482E-8270-6CAA2D4617CB}.Ad-Hoc|ARM.Build.0 = Release|ARM
		{9ED48056-729D-482E-8270-6CAA2D4617CB}.Ad-Hoc|ARM.Deploy.0 = Release|ARM
		{9ED48056-729D-482E-8270-6CAA2D4617CB}.Ad-Hoc|iPhone.ActiveCfg = Release|x86
		{9ED48056-729D-482E-8270-6CAA2D4617CB}.Ad-Hoc|iPhone.Build.0 = Release|x86
		{9ED48056-729D-482E-8270-6CAA2D4617CB}.Ad-Hoc|iPhone.Deploy.0 = Release|x86
		{9ED48056-729D-482E-8270-6CAA2D4617CB}.Ad-Hoc|iPhoneSimulator.ActiveCfg = Release|x86
		{9ED48056-729D-482E-8270-6CAA2D4617CB}.Ad-Hoc|iPhoneSimulator.Build.0 = Release|x86
		{9ED48056-729D-482E-8270-6CAA2D4617CB}.Ad-Hoc|iPhoneSimulator.Deploy.0 = Release|x86
		{9ED48056-729D-482E-8270-6CAA2D4617CB}.Ad-Hoc|x64.ActiveCfg = Release|x64
		{9ED48056-729D-482E-8270-6CAA2D4617CB}.Ad-Hoc|x64.Build.0 = Release|x64
		{9ED48056-729D-482E-8270-6CAA2D4617CB}.Ad-Hoc|x64.Deploy.0 = Release|x64
		{9ED48056-729D-482E-8270-6CAA2D4617CB}.Ad-Hoc|x86.ActiveCfg = Release|x86
		{9ED48056-729D-482E-8270-6CAA2D4617CB}.Ad-Hoc|x86.Build.0 = Release|x86
		{9ED48056-729D-482E-8270-6CAA2D4617CB}.Ad-Hoc|x86.Deploy.0 = Release|x86
		{9ED48056-729D-482E-8270-6CAA2D4617CB}.AppStore|Any CPU.ActiveCfg = Release|x86
		{9ED48056-729D-482E-8270-6CAA2D4617CB}.AppStore|Any CPU.Build.0 = Release|x86
		{9ED48056-729D-482E-8270-6CAA2D4617CB}.AppStore|Any CPU.Deploy.0 = Release|x86
		{9ED48056-729D-482E-8270-6CAA2D4617CB}.AppStore|ARM.ActiveCfg = Release|ARM
		{9ED48056-729D-482E-8270-6CAA2D4617CB}.AppStore|ARM.Build.0 = Release|ARM
		{9ED48056-729D-482E-8270-6CAA2D4617CB}.AppStore|ARM.Deploy.0 = Release|ARM
		{9ED48056-729D-482E-8270-6CAA2D4617CB}.AppStore|iPhone.ActiveCfg = Release|x86
		{9ED48056-729D-482E-8270-6CAA2D4617CB}.AppStore|iPhone.Build.0 = Release|x86
		{9ED48056-729D-482E-8270-6CAA2D4617CB}.AppStore|iPhone.Deploy.0 = Release|x86
		{9ED48056-729D-482E-8270-6CAA2D4617CB}.AppStore|iPhoneSimulator.ActiveCfg = Release|x86
		{9ED48056-729D-482E-8270-6CAA2D4617CB}.AppStore|iPhoneSimulator.Build.0 = Release|x86
		{9ED48056-729D-482E-8270-6CAA2D4617CB}.AppStore|iPhoneSimulator.Deploy.0 = Release|x86
		{9ED48056-729D-482E-8270-6CAA2D4617CB}.AppStore|x64.ActiveCfg = Release|x64
		{9ED48056-729D-482E-8270-6CAA2D4617CB}.AppStore|x64.Build.0 = Release|x64
		{9ED48056-729D-482E-8270-6CAA2D4617CB}.AppStore|x64.Deploy.0 = Release|x64
		{9ED48056-729D-482E-8270-6CAA2D4617CB}.AppStore|x86.ActiveCfg = Release|x86
		{9ED48056-729D-482E-8270-6CAA2D4617CB}.AppStore|x86.Build.0 = Release|x86
		{9ED48056-729D-482E-8270-6CAA2D4617CB}.AppStore|x86.Deploy.0 = Release|x86
		{9ED48056-729D-482E-8270-6CAA2D4617CB}.Debug|Any CPU.ActiveCfg = Debug|x86
		{9ED48056-729D-482E-8270-6CAA2D4617CB}.Debug|Any CPU.Build.0 = Debug|x86
		{9ED48056-729D-482E-8270-6CAA2D4617CB}.Debug|Any CPU.Deploy.0 = Debug|x86
		{9ED48056-729D-482E-8270-6CAA2D4617CB}.Debug|ARM.ActiveCfg = Debug|ARM
		{9ED48056-729D-482E-8270-6CAA2D4617CB}.Debug|ARM.Build.0 = Debug|ARM
		{9ED48056-729D-482E-8270-6CAA2D4617CB}.Debug|ARM.Deploy.0 = Debug|ARM
		{9ED48056-729D-482E-8270-6CAA2D4617CB}.Debug|iPhone.ActiveCfg = Debug|x86
		{9ED48056-729D-482E-8270-6CAA2D4617CB}.Debug|iPhone.Build.0 = Debug|x86
		{9ED48056-729D-482E-8270-6CAA2D4617CB}.Debug|iPhone.Deploy.0 = Debug|x86
		{9ED48056-729D-482E-8270-6CAA2D4617CB}.Debug|iPhoneSimulator.ActiveCfg = Debug|x86
		{9ED48056-729D-482E-8270-6CAA2D4617CB}.Debug|iPhoneSimulator.Build.0 = Debug|x86
		{9ED48056-729D-482E-8270-6CAA2D4617CB}.Debug|iPhoneSimulator.Deploy.0 = Debug|x86
		{9ED48056-729D-482E-8270-6CAA2D4617CB}.Debug|x64.ActiveCfg = Debug|x64
		{9ED48056-729D-482E-8270-6CAA2D4617CB}.Debug|x64.Build.0 = Debug|x64
		{9ED48056-729D-482E-8270-6CAA2D4617CB}.Debug|x64.Deploy.0 = Debug|x64
		{9ED48056-729D-482E-8270-6CAA2D4617CB}.Debug|x86.ActiveCfg = Debug|x86
		{9ED48056-729D-482E-8270-6CAA2D4617CB}.Debug|x86.Build.0 = Debug|x86
		{9ED48056-729D-482E-8270-6CAA2D4617CB}.Debug|x86.Deploy.0 = Debug|x86
		{9ED48056-729D-482E-8270-6CAA2D4617CB}.Release|Any CPU.ActiveCfg = Release|x86
		{9ED48056-729D-482E-8270-6CAA2D4617CB}.Release|Any CPU.Build.0 = Release|x86
		{9ED48056-729D-482E-8270-6CAA2D4617CB}.Release|Any CPU.Deploy.0 = Release|x86
		{9ED48056-729D-482E-8270-6CAA2D4617CB}.Release|ARM.ActiveCfg = Release|ARM
		{9ED48056-729D-482E-8270-6CAA2D4617CB}.Release|ARM.Build.0 = Release|ARM
		{9ED48056-729D-482E-8270-6CAA2D4617CB}.Release|ARM.Deploy.0 = Release|ARM
		{9ED48056-729D-482E-8270-6CAA2D4617CB}.Release|iPhone.ActiveCfg = Release|x86
		{9ED48056-729D-482E-8270-6CAA2D4617CB}.Release|iPhone.Build.0 = Release|x86
		{9ED48056-729D-482E-8270-6CAA2D4617CB}.Release|iPhone.Deploy.0 = Release|x86
		{9ED48056-729D-482E-8270-6CAA2D4617CB}.Release|iPhoneSimulator.ActiveCfg = Release|x86
		{9ED48056-729D-482E-8270-6CAA2D4617CB}.Release|iPhoneSimulator.Build.0 = Release|x86
		{9ED48056-729D-482E-8270-6CAA2D4617CB}.Release|iPhoneSimulator.Deploy.0 = Release|x86
		{9ED48056-729D-482E-8270-6CAA2D4617CB}.Release|x64.ActiveCfg = Release|x64
		{9ED48056-729D-482E-8270-6CAA2D4617CB}.Release|x64.Build.0 = Release|x64
		{9ED48056-729D-482E-8270-6CAA2D4617CB}.Release|x64.Deploy.0 = Release|x64
		{9ED48056-729D-482E-8270-6CAA2D4617CB}.Release|x86.ActiveCfg = Release|x86
		{9ED48056-729D-482E-8270-6CAA2D4617CB}.Release|x86.Build.0 = Release|x86
		{9ED48056-729D-482E-8270-6CAA2D4617CB}.Release|x86.Deploy.0 = Release|x86
		{9D3F8AD4-A74A-486B-A328-0A72C7B4B0D4}.Ad-Hoc|Any CPU.ActiveCfg = Debug|Any CPU
		{9D3F8AD4-A74A-486B-A328-0A72C7B4B0D4}.Ad-Hoc|Any CPU.Build.0 = Debug|Any CPU
		{9D3F8AD4-A74A-486B-A328-0A72C7B4B0D4}.Ad-Hoc|Any CPU.Deploy.0 = Debug|Any CPU
		{9D3F8AD4-A74A-486B-A328-0A72C7B4B0D4}.Ad-Hoc|ARM.ActiveCfg = Debug|Any CPU
		{9D3F8AD4-A74A-486B-A328-0A72C7B4B0D4}.Ad-Hoc|ARM.Build.0 = Debug|Any CPU
		{9D3F8AD4-A74A-486B-A328-0A72C7B4B0D4}.Ad-Hoc|ARM.Deploy.0 = Debug|Any CPU
		{9D3F8AD4-A74A-486B-A328-0A72C7B4B0D4}.Ad-Hoc|iPhone.ActiveCfg = Debug|Any CPU
		{9D3F8AD4-A74A-486B-A328-0A72C7B4B0D4}.Ad-Hoc|iPhone.Build.0 = Debug|Any CPU
		{9D3F8AD4-A74A-486B-A328-0A72C7B4B0D4}.Ad-Hoc|iPhone.Deploy.0 = Debug|Any CPU
		{9D3F8AD4-A74A-486B-A328-0A72C7B4B0D4}.Ad-Hoc|iPhoneSimulator.ActiveCfg = Debug|Any CPU
		{9D3F8AD4-A74A-486B-A328-0A72C7B4B0D4}.Ad-Hoc|iPhoneSimulator.Build.0 = Debug|Any CPU
		{9D3F8AD4-A74A-486B-A328-0A72C7B4B0D4}.Ad-Hoc|iPhoneSimulator.Deploy.0 = Debug|Any CPU
		{9D3F8AD4-A74A-486B-A328-0A72C7B4B0D4}.Ad-Hoc|x64.ActiveCfg = Debug|Any CPU
		{9D3F8AD4-A74A-486B-A328-0A72C7B4B0D4}.Ad-Hoc|x64.Build.0 = Debug|Any CPU
		{9D3F8AD4-A74A-486B-A328-0A72C7B4B0D4}.Ad-Hoc|x64.Deploy.0 = Debug|Any CPU
		{9D3F8AD4-A74A-486B-A328-0A72C7B4B0D4}.Ad-Hoc|x86.ActiveCfg = Debug|Any CPU
		{9D3F8AD4-A74A-486B-A328-0A72C7B4B0D4}.Ad-Hoc|x86.Build.0 = Debug|Any CPU
		{9D3F8AD4-A74A-486B-A328-0A72C7B4B0D4}.Ad-Hoc|x86.Deploy.0 = Debug|Any CPU
		{9D3F8AD4-A74A-486B-A328-0A72C7B4B0D4}.AppStore|Any CPU.ActiveCfg = Debug|Any CPU
		{9D3F8AD4-A74A-486B-A328-0A72C7B4B0D4}.AppStore|Any CPU.Build.0 = Debug|Any CPU
		{9D3F8AD4-A74A-486B-A328-0A72C7B4B0D4}.AppStore|Any CPU.Deploy.0 = Debug|Any CPU
		{9D3F8AD4-A74A-486B-A328-0A72C7B4B0D4}.AppStore|ARM.ActiveCfg = Debug|Any CPU
		{9D3F8AD4-A74A-486B-A328-0A72C7B4B0D4}.AppStore|ARM.Build.0 = Debug|Any CPU
		{9D3F8AD4-A74A-486B-A328-0A72C7B4B0D4}.AppStore|ARM.Deploy.0 = Debug|Any CPU
		{9D3F8AD4-A74A-486B-A328-0A72C7B4B0D4}.AppStore|iPhone.ActiveCfg = Debug|Any CPU
		{9D3F8AD4-A74A-486B-A328-0A72C7B4B0D4}.AppStore|iPhone.Build.0 = Debug|Any CPU
		{9D3F8AD4-A74A-486B-A328-0A72C7B4B0D4}.AppStore|iPhone.Deploy.0 = Debug|Any CPU
		{9D3F8AD4-A74A-486B-A328-0A72C7B4B0D4}.AppStore|iPhoneSimulator.ActiveCfg = Debug|Any CPU
		{9D3F8AD4-A74A-486B-A328-0A72C7B4B0D4}.AppStore|iPhoneSimulator.Build.0 = Debug|Any CPU
		{9D3F8AD4-A74A-486B-A328-0A72C7B4B0D4}.AppStore|iPhoneSimulator.Deploy.0 = Debug|Any CPU
		{9D3F8AD4-A74A-486B-A328-0A72C7B4B0D4}.AppStore|x64.ActiveCfg = Debug|Any CPU
		{9D3F8AD4-A74A-486B-A328-0A72C7B4B0D4}.AppStore|x64.Build.0 = Debug|Any CPU
		{9D3F8AD4-A74A-486B-A328-0A72C7B4B0D4}.AppStore|x64.Deploy.0 = Debug|Any CPU
		{9D3F8AD4-A74A-486B-A328-0A72C7B4B0D4}.AppStore|x86.ActiveCfg = Debug|Any CPU
		{9D3F8AD4-A74A-486B-A328-0A72C7B4B0D4}.AppStore|x86.Build.0 = Debug|Any CPU
		{9D3F8AD4-A74A-486B-A328-0A72C7B4B0D4}.AppStore|x86.Deploy.0 = Debug|Any CPU
		{9D3F8AD4-A74A-486B-A328-0A72C7B4B0D4}.Debug|Any CPU.ActiveCfg = Debug|Any CPU
		{9D3F8AD4-A74A-486B-A328-0A72C7B4B0D4}.Debug|Any CPU.Build.0 = Debug|Any CPU
		{9D3F8AD4-A74A-486B-A328-0A72C7B4B0D4}.Debug|Any CPU.Deploy.0 = Debug|Any CPU
		{9D3F8AD4-A74A-486B-A328-0A72C7B4B0D4}.Debug|ARM.ActiveCfg = Debug|Any CPU
		{9D3F8AD4-A74A-486B-A328-0A72C7B4B0D4}.Debug|ARM.Build.0 = Debug|Any CPU
		{9D3F8AD4-A74A-486B-A328-0A72C7B4B0D4}.Debug|ARM.Deploy.0 = Debug|Any CPU
		{9D3F8AD4-A74A-486B-A328-0A72C7B4B0D4}.Debug|iPhone.ActiveCfg = Debug|Any CPU
		{9D3F8AD4-A74A-486B-A328-0A72C7B4B0D4}.Debug|iPhone.Build.0 = Debug|Any CPU
		{9D3F8AD4-A74A-486B-A328-0A72C7B4B0D4}.Debug|iPhone.Deploy.0 = Debug|Any CPU
		{9D3F8AD4-A74A-486B-A328-0A72C7B4B0D4}.Debug|iPhoneSimulator.ActiveCfg = Debug|Any CPU
		{9D3F8AD4-A74A-486B-A328-0A72C7B4B0D4}.Debug|iPhoneSimulator.Build.0 = Debug|Any CPU
		{9D3F8AD4-A74A-486B-A328-0A72C7B4B0D4}.Debug|iPhoneSimulator.Deploy.0 = Debug|Any CPU
		{9D3F8AD4-A74A-486B-A328-0A72C7B4B0D4}.Debug|x64.ActiveCfg = Debug|Any CPU
		{9D3F8AD4-A74A-486B-A328-0A72C7B4B0D4}.Debug|x64.Build.0 = Debug|Any CPU
		{9D3F8AD4-A74A-486B-A328-0A72C7B4B0D4}.Debug|x64.Deploy.0 = Debug|Any CPU
		{9D3F8AD4-A74A-486B-A328-0A72C7B4B0D4}.Debug|x86.ActiveCfg = Debug|Any CPU
		{9D3F8AD4-A74A-486B-A328-0A72C7B4B0D4}.Debug|x86.Build.0 = Debug|Any CPU
		{9D3F8AD4-A74A-486B-A328-0A72C7B4B0D4}.Debug|x86.Deploy.0 = Debug|Any CPU
		{9D3F8AD4-A74A-486B-A328-0A72C7B4B0D4}.Release|Any CPU.ActiveCfg = Release|Any CPU
		{9D3F8AD4-A74A-486B-A328-0A72C7B4B0D4}.Release|Any CPU.Build.0 = Release|Any CPU
		{9D3F8AD4-A74A-486B-A328-0A72C7B4B0D4}.Release|Any CPU.Deploy.0 = Release|Any CPU
		{9D3F8AD4-A74A-486B-A328-0A72C7B4B0D4}.Release|ARM.ActiveCfg = Release|Any CPU
		{9D3F8AD4-A74A-486B-A328-0A72C7B4B0D4}.Release|ARM.Build.0 = Release|Any CPU
		{9D3F8AD4-A74A-486B-A328-0A72C7B4B0D4}.Release|ARM.Deploy.0 = Release|Any CPU
		{9D3F8AD4-A74A-486B-A328-0A72C7B4B0D4}.Release|iPhone.ActiveCfg = Release|Any CPU
		{9D3F8AD4-A74A-486B-A328-0A72C7B4B0D4}.Release|iPhone.Build.0 = Release|Any CPU
		{9D3F8AD4-A74A-486B-A328-0A72C7B4B0D4}.Release|iPhone.Deploy.0 = Release|Any CPU
		{9D3F8AD4-A74A-486B-A328-0A72C7B4B0D4}.Release|iPhoneSimulator.ActiveCfg = Release|Any CPU
		{9D3F8AD4-A74A-486B-A328-0A72C7B4B0D4}.Release|iPhoneSimulator.Build.0 = Release|Any CPU
		{9D3F8AD4-A74A-486B-A328-0A72C7B4B0D4}.Release|iPhoneSimulator.Deploy.0 = Release|Any CPU
		{9D3F8AD4-A74A-486B-A328-0A72C7B4B0D4}.Release|x64.ActiveCfg = Release|Any CPU
		{9D3F8AD4-A74A-486B-A328-0A72C7B4B0D4}.Release|x64.Build.0 = Release|Any CPU
		{9D3F8AD4-A74A-486B-A328-0A72C7B4B0D4}.Release|x64.Deploy.0 = Release|Any CPU
		{9D3F8AD4-A74A-486B-A328-0A72C7B4B0D4}.Release|x86.ActiveCfg = Release|Any CPU
		{9D3F8AD4-A74A-486B-A328-0A72C7B4B0D4}.Release|x86.Build.0 = Release|Any CPU
		{9D3F8AD4-A74A-486B-A328-0A72C7B4B0D4}.Release|x86.Deploy.0 = Release|Any CPU
	EndGlobalSection
	GlobalSection(SolutionProperties) = preSolution
		HideSolutionNode = FALSE
	EndGlobalSection
	GlobalSection(ExtensibilityGlobals) = postSolution
		SolutionGuid = {DE381304-31D6-488C-A2EF-A50DC9A0DF02}
	EndGlobalSection
EndGlobal
