
Microsoft Visual Studio Solution File, Format Version 12.00
# Visual Studio 15
VisualStudioVersion = 15.0.28307.329
MinimumVisualStudioVersion = 10.0.40219.1
Project("{FAE04EC0-301F-11D3-BF4B-00C04F79EFBC}") = "LoginPage.Android", "LoginPage\LoginPage.Android\LoginPage.Android.csproj", "{8D54253E-50CE-46D0-808A-DB521AC95751}"
EndProject
Project("{FAE04EC0-301F-11D3-BF4B-00C04F79EFBC}") = "LoginPage.iOS", "LoginPage\LoginPage.iOS\LoginPage.iOS.csproj", "{56E731B0-99F7-4DB2-8C86-32EBC62EB8BF}"
EndProject
Project("{FAE04EC0-301F-11D3-BF4B-00C04F79EFBC}") = "LoginPage", "LoginPage\LoginPage\LoginPage.csproj", "{1CCE04D4-B937-409F-8B9C-140BEB7FA5ED}"
EndProject
Global
	GlobalSection(SolutionConfigurationPlatforms) = preSolution
		Ad-Hoc|Any CPU = Ad-Hoc|Any CPU
		Ad-Hoc|iPhone = Ad-Hoc|iPhone
		Ad-Hoc|iPhoneSimulator = Ad-Hoc|iPhoneSimulator
		AppStore|Any CPU = AppStore|Any CPU
		AppStore|iPhone = AppStore|iPhone
		AppStore|iPhoneSimulator = AppStore|iPhoneSimulator
		Debug|Any CPU = Debug|Any CPU
		Debug|iPhone = Debug|iPhone
		Debug|iPhoneSimulator = Debug|iPhoneSimulator
		Release|Any CPU = Release|Any CPU
		Release|iPhone = Release|iPhone
		Release|iPhoneSimulator = Release|iPhoneSimulator
	EndGlobalSection
	GlobalSection(ProjectConfigurationPlatforms) = postSolution
		{8D54253E-50CE-46D0-808A-DB521AC95751}.Ad-Hoc|Any CPU.ActiveCfg = Release|Any CPU
		{8D54253E-50CE-46D0-808A-DB521AC95751}.Ad-Hoc|Any CPU.Build.0 = Release|Any CPU
		{8D54253E-50CE-46D0-808A-DB521AC95751}.Ad-Hoc|Any CPU.Deploy.0 = Release|Any CPU
		{8D54253E-50CE-46D0-808A-DB521AC95751}.Ad-Hoc|iPhone.ActiveCfg = Release|Any CPU
		{8D54253E-50CE-46D0-808A-DB521AC95751}.Ad-Hoc|iPhone.Build.0 = Release|Any CPU
		{8D54253E-50CE-46D0-808A-DB521AC95751}.Ad-Hoc|iPhone.Deploy.0 = Release|Any CPU
		{8D54253E-50CE-46D0-808A-DB521AC95751}.Ad-Hoc|iPhoneSimulator.ActiveCfg = Release|Any CPU
		{8D54253E-50CE-46D0-808A-DB521AC95751}.Ad-Hoc|iPhoneSimulator.Build.0 = Release|Any CPU
		{8D54253E-50CE-46D0-808A-DB521AC95751}.Ad-Hoc|iPhoneSimulator.Deploy.0 = Release|Any CPU
		{8D54253E-50CE-46D0-808A-DB521AC95751}.AppStore|Any CPU.ActiveCfg = Release|Any CPU
		{8D54253E-50CE-46D0-808A-DB521AC95751}.AppStore|Any CPU.Build.0 = Release|Any CPU
		{8D54253E-50CE-46D0-808A-DB521AC95751}.AppStore|Any CPU.Deploy.0 = Release|Any CPU
		{8D54253E-50CE-46D0-808A-DB521AC95751}.AppStore|iPhone.ActiveCfg = Release|Any CPU
		{8D54253E-50CE-46D0-808A-DB521AC95751}.AppStore|iPhone.Build.0 = Release|Any CPU
		{8D54253E-50CE-46D0-808A-DB521AC95751}.AppStore|iPhone.Deploy.0 = Release|Any CPU
		{8D54253E-50CE-46D0-808A-DB521AC95751}.AppStore|iPhoneSimulator.ActiveCfg = Release|Any CPU
		{8D54253E-50CE-46D0-808A-DB521AC95751}.AppStore|iPhoneSimulator.Build.0 = Release|Any CPU
		{8D54253E-50CE-46D0-808A-DB521AC95751}.AppStore|iPhoneSimulator.Deploy.0 = Release|Any CPU
		{8D54253E-50CE-46D0-808A-DB521AC95751}.Debug|Any CPU.ActiveCfg = Debug|Any CPU
		{8D54253E-50CE-46D0-808A-DB521AC95751}.Debug|Any CPU.Build.0 = Debug|Any CPU
		{8D54253E-50CE-46D0-808A-DB521AC95751}.Debug|Any CPU.Deploy.0 = Debug|Any CPU
		{8D54253E-50CE-46D0-808A-DB521AC95751}.Debug|iPhone.ActiveCfg = Debug|Any CPU
		{8D54253E-50CE-46D0-808A-DB521AC95751}.Debug|iPhone.Build.0 = Debug|Any CPU
		{8D54253E-50CE-46D0-808A-DB521AC95751}.Debug|iPhone.Deploy.0 = Debug|Any CPU
		{8D54253E-50CE-46D0-808A-DB521AC95751}.Debug|iPhoneSimulator.ActiveCfg = Debug|Any CPU
		{8D54253E-50CE-46D0-808A-DB521AC95751}.Debug|iPhoneSimulator.Build.0 = Debug|Any CPU
		{8D54253E-50CE-46D0-808A-DB521AC95751}.Debug|iPhoneSimulator.Deploy.0 = Debug|Any CPU
		{8D54253E-50CE-46D0-808A-DB521AC95751}.Release|Any CPU.ActiveCfg = Release|Any CPU
		{8D54253E-50CE-46D0-808A-DB521AC95751}.Release|Any CPU.Build.0 = Release|Any CPU
		{8D54253E-50CE-46D0-808A-DB521AC95751}.Release|Any CPU.Deploy.0 = Release|Any CPU
		{8D54253E-50CE-46D0-808A-DB521AC95751}.Release|iPhone.ActiveCfg = Release|Any CPU
		{8D54253E-50CE-46D0-808A-DB521AC95751}.Release|iPhone.Build.0 = Release|Any CPU
		{8D54253E-50CE-46D0-808A-DB521AC95751}.Release|iPhone.Deploy.0 = Release|Any CPU
		{8D54253E-50CE-46D0-808A-DB521AC95751}.Release|iPhoneSimulator.ActiveCfg = Release|Any CPU
		{8D54253E-50CE-46D0-808A-DB521AC95751}.Release|iPhoneSimulator.Build.0 = Release|Any CPU
		{8D54253E-50CE-46D0-808A-DB521AC95751}.Release|iPhoneSimulator.Deploy.0 = Release|Any CPU
		{56E731B0-99F7-4DB2-8C86-32EBC62EB8BF}.Ad-Hoc|Any CPU.ActiveCfg = Ad-Hoc|iPhone
		{56E731B0-99F7-4DB2-8C86-32EBC62EB8BF}.Ad-Hoc|Any CPU.Build.0 = Ad-Hoc|iPhone
		{56E731B0-99F7-4DB2-8C86-32EBC62EB8BF}.Ad-Hoc|Any CPU.Deploy.0 = Ad-Hoc|iPhone
		{56E731B0-99F7-4DB2-8C86-32EBC62EB8BF}.Ad-Hoc|iPhone.ActiveCfg = Ad-Hoc|iPhone
		{56E731B0-99F7-4DB2-8C86-32EBC62EB8BF}.Ad-Hoc|iPhone.Build.0 = Ad-Hoc|iPhone
		{56E731B0-99F7-4DB2-8C86-32EBC62EB8BF}.Ad-Hoc|iPhone.Deploy.0 = Ad-Hoc|iPhone
		{56E731B0-99F7-4DB2-8C86-32EBC62EB8BF}.Ad-Hoc|iPhoneSimulator.ActiveCfg = Ad-Hoc|iPhoneSimulator
		{56E731B0-99F7-4DB2-8C86-32EBC62EB8BF}.Ad-Hoc|iPhoneSimulator.Build.0 = Ad-Hoc|iPhoneSimulator
		{56E731B0-99F7-4DB2-8C86-32EBC62EB8BF}.Ad-Hoc|iPhoneSimulator.Deploy.0 = Ad-Hoc|iPhoneSimulator
		{56E731B0-99F7-4DB2-8C86-32EBC62EB8BF}.AppStore|Any CPU.ActiveCfg = AppStore|iPhone
		{56E731B0-99F7-4DB2-8C86-32EBC62EB8BF}.AppStore|Any CPU.Build.0 = AppStore|iPhone
		{56E731B0-99F7-4DB2-8C86-32EBC62EB8BF}.AppStore|Any CPU.Deploy.0 = AppStore|iPhone
		{56E731B0-99F7-4DB2-8C86-32EBC62EB8BF}.AppStore|iPhone.ActiveCfg = AppStore|iPhone
		{56E731B0-99F7-4DB2-8C86-32EBC62EB8BF}.AppStore|iPhone.Build.0 = AppStore|iPhone
		{56E731B0-99F7-4DB2-8C86-32EBC62EB8BF}.AppStore|iPhone.Deploy.0 = AppStore|iPhone
		{56E731B0-99F7-4DB2-8C86-32EBC62EB8BF}.AppStore|iPhoneSimulator.ActiveCfg = AppStore|iPhoneSimulator
		{56E731B0-99F7-4DB2-8C86-32EBC62EB8BF}.AppStore|iPhoneSimulator.Build.0 = AppStore|iPhoneSimulator
		{56E731B0-99F7-4DB2-8C86-32EBC62EB8BF}.AppStore|iPhoneSimulator.Deploy.0 = AppStore|iPhoneSimulator
		{56E731B0-99F7-4DB2-8C86-32EBC62EB8BF}.Debug|Any CPU.ActiveCfg = Debug|iPhoneSimulator
		{56E731B0-99F7-4DB2-8C86-32EBC62EB8BF}.Debug|Any CPU.Build.0 = Debug|iPhoneSimulator
		{56E731B0-99F7-4DB2-8C86-32EBC62EB8BF}.Debug|Any CPU.Deploy.0 = Debug|iPhoneSimulator
		{56E731B0-99F7-4DB2-8C86-32EBC62EB8BF}.Debug|iPhone.ActiveCfg = Debug|iPhone
		{56E731B0-99F7-4DB2-8C86-32EBC62EB8BF}.Debug|iPhone.Build.0 = Debug|iPhone
		{56E731B0-99F7-4DB2-8C86-32EBC62EB8BF}.Debug|iPhone.Deploy.0 = Debug|iPhone
		{56E731B0-99F7-4DB2-8C86-32EBC62EB8BF}.Debug|iPhoneSimulator.ActiveCfg = Debug|iPhoneSimulator
		{56E731B0-99F7-4DB2-8C86-32EBC62EB8BF}.Debug|iPhoneSimulator.Build.0 = Debug|iPhoneSimulator
		{56E731B0-99F7-4DB2-8C86-32EBC62EB8BF}.Debug|iPhoneSimulator.Deploy.0 = Debug|iPhoneSimulator
		{56E731B0-99F7-4DB2-8C86-32EBC62EB8BF}.Release|Any CPU.ActiveCfg = Release|iPhone
		{56E731B0-99F7-4DB2-8C86-32EBC62EB8BF}.Release|Any CPU.Build.0 = Release|iPhone
		{56E731B0-99F7-4DB2-8C86-32EBC62EB8BF}.Release|Any CPU.Deploy.0 = Release|iPhone
		{56E731B0-99F7-4DB2-8C86-32EBC62EB8BF}.Release|iPhone.ActiveCfg = Release|iPhone
		{56E731B0-99F7-4DB2-8C86-32EBC62EB8BF}.Release|iPhone.Build.0 = Release|iPhone
		{56E731B0-99F7-4DB2-8C86-32EBC62EB8BF}.Release|iPhone.Deploy.0 = Release|iPhone
		{56E731B0-99F7-4DB2-8C86-32EBC62EB8BF}.Release|iPhoneSimulator.ActiveCfg = Release|iPhoneSimulator
		{56E731B0-99F7-4DB2-8C86-32EBC62EB8BF}.Release|iPhoneSimulator.Build.0 = Release|iPhoneSimulator
		{56E731B0-99F7-4DB2-8C86-32EBC62EB8BF}.Release|iPhoneSimulator.Deploy.0 = Release|iPhoneSimulator
		{1CCE04D4-B937-409F-8B9C-140BEB7FA5ED}.Ad-Hoc|Any CPU.ActiveCfg = Debug|Any CPU
		{1CCE04D4-B937-409F-8B9C-140BEB7FA5ED}.Ad-Hoc|Any CPU.Build.0 = Debug|Any CPU
		{1CCE04D4-B937-409F-8B9C-140BEB7FA5ED}.Ad-Hoc|Any CPU.Deploy.0 = Debug|Any CPU
		{1CCE04D4-B937-409F-8B9C-140BEB7FA5ED}.Ad-Hoc|iPhone.ActiveCfg = Debug|Any CPU
		{1CCE04D4-B937-409F-8B9C-140BEB7FA5ED}.Ad-Hoc|iPhone.Build.0 = Debug|Any CPU
		{1CCE04D4-B937-409F-8B9C-140BEB7FA5ED}.Ad-Hoc|iPhone.Deploy.0 = Debug|Any CPU
		{1CCE04D4-B937-409F-8B9C-140BEB7FA5ED}.Ad-Hoc|iPhoneSimulator.ActiveCfg = Debug|Any CPU
		{1CCE04D4-B937-409F-8B9C-140BEB7FA5ED}.Ad-Hoc|iPhoneSimulator.Build.0 = Debug|Any CPU
		{1CCE04D4-B937-409F-8B9C-140BEB7FA5ED}.Ad-Hoc|iPhoneSimulator.Deploy.0 = Debug|Any CPU
		{1CCE04D4-B937-409F-8B9C-140BEB7FA5ED}.AppStore|Any CPU.ActiveCfg = Debug|Any CPU
		{1CCE04D4-B937-409F-8B9C-140BEB7FA5ED}.AppStore|Any CPU.Build.0 = Debug|Any CPU
		{1CCE04D4-B937-409F-8B9C-140BEB7FA5ED}.AppStore|Any CPU.Deploy.0 = Debug|Any CPU
		{1CCE04D4-B937-409F-8B9C-140BEB7FA5ED}.AppStore|iPhone.ActiveCfg = Debug|Any CPU
		{1CCE04D4-B937-409F-8B9C-140BEB7FA5ED}.AppStore|iPhone.Build.0 = Debug|Any CPU
		{1CCE04D4-B937-409F-8B9C-140BEB7FA5ED}.AppStore|iPhone.Deploy.0 = Debug|Any CPU
		{1CCE04D4-B937-409F-8B9C-140BEB7FA5ED}.AppStore|iPhoneSimulator.ActiveCfg = Debug|Any CPU
		{1CCE04D4-B937-409F-8B9C-140BEB7FA5ED}.AppStore|iPhoneSimulator.Build.0 = Debug|Any CPU
		{1CCE04D4-B937-409F-8B9C-140BEB7FA5ED}.AppStore|iPhoneSimulator.Deploy.0 = Debug|Any CPU
		{1CCE04D4-B937-409F-8B9C-140BEB7FA5ED}.Debug|Any CPU.ActiveCfg = Debug|Any CPU
		{1CCE04D4-B937-409F-8B9C-140BEB7FA5ED}.Debug|Any CPU.Build.0 = Debug|Any CPU
		{1CCE04D4-B937-409F-8B9C-140BEB7FA5ED}.Debug|Any CPU.Deploy.0 = Debug|Any CPU
		{1CCE04D4-B937-409F-8B9C-140BEB7FA5ED}.Debug|iPhone.ActiveCfg = Debug|Any CPU
		{1CCE04D4-B937-409F-8B9C-140BEB7FA5ED}.Debug|iPhone.Build.0 = Debug|Any CPU
		{1CCE04D4-B937-409F-8B9C-140BEB7FA5ED}.Debug|iPhone.Deploy.0 = Debug|Any CPU
		{1CCE04D4-B937-409F-8B9C-140BEB7FA5ED}.Debug|iPhoneSimulator.ActiveCfg = Debug|Any CPU
		{1CCE04D4-B937-409F-8B9C-140BEB7FA5ED}.Debug|iPhoneSimulator.Build.0 = Debug|Any CPU
		{1CCE04D4-B937-409F-8B9C-140BEB7FA5ED}.Debug|iPhoneSimulator.Deploy.0 = Debug|Any CPU
		{1CCE04D4-B937-409F-8B9C-140BEB7FA5ED}.Release|Any CPU.ActiveCfg = Release|Any CPU
		{1CCE04D4-B937-409F-8B9C-140BEB7FA5ED}.Release|Any CPU.Build.0 = Release|Any CPU
		{1CCE04D4-B937-409F-8B9C-140BEB7FA5ED}.Release|Any CPU.Deploy.0 = Release|Any CPU
		{1CCE04D4-B937-409F-8B9C-140BEB7FA5ED}.Release|iPhone.ActiveCfg = Release|Any CPU
		{1CCE04D4-B937-409F-8B9C-140BEB7FA5ED}.Release|iPhone.Build.0 = Release|Any CPU
		{1CCE04D4-B937-409F-8B9C-140BEB7FA5ED}.Release|iPhone.Deploy.0 = Release|Any CPU
		{1CCE04D4-B937-409F-8B9C-140BEB7FA5ED}.Release|iPhoneSimulator.ActiveCfg = Release|Any CPU
		{1CCE04D4-B937-409F-8B9C-140BEB7FA5ED}.Release|iPhoneSimulator.Build.0 = Release|Any CPU
		{1CCE04D4-B937-409F-8B9C-140BEB7FA5ED}.Release|iPhoneSimulator.Deploy.0 = Release|Any CPU
	EndGlobalSection
	GlobalSection(SolutionProperties) = preSolution
		HideSolutionNode = FALSE
	EndGlobalSection
	GlobalSection(ExtensibilityGlobals) = postSolution
		SolutionGuid = {D52F8E53-4B24-4904-A52F-821CC5C9F8A4}
	EndGlobalSection
EndGlobal
